// !$*UTF8*$!
{
	archiveVersion = 1;
	classes = {
	};
	objectVersion = 54;
	objects = {

/* Begin PBXBuildFile section */
		2B399BBFC8139CAB6C67FE43 /* mutex.h in Headers */ = {isa = PBXBuildFile; fileRef = C285D8FF7219AEC65AECEDD8 /* mutex.h */; };
		650A3B168D8E88BCB808E0B5 /* mutex.h in Headers */ = {isa = PBXBuildFile; fileRef = C285D8FF7219AEC65AECEDD8 /* mutex.h */; };
		3D514D567149D8E66F83B598 /* mutex.cpp in Sources */ = {isa = PBXBuildFile; fileRef = 6106A9A84FDBA17F64EF68FD /* mutex.cpp */; };
		7801736F87B85CD76EB9B763 /* mutex.cpp in Sources */ = {isa = PBXBuildFile; fileRef = 6106A9A84FDBA17F64EF68FD /* mutex.cpp */; };
		BAD37E2CDB39F371B306D68F /* list_serial_ports.cpp in Sources */ = {isa = PBXBuildFile; fileRef = 0186FC5112C73336D4EEC6A7 /* list_serial_ports.cpp */; };
		D2626C39DF861D75DE19F7FB /* list_serial_ports.cpp in Sources */ = {isa = PBXBuildFile; fileRef = 0186FC5112C73336D4EEC6A7 /* list_serial_ports.cpp */; };
		408EDD96272CF01EC1388252 /* exclusive.cpp in Sources */ = {isa = PBXBuildFile; fileRef = E5BAA254B91F83C9079D2D4F /* exclusive.cpp */; };
		9FCC1495AC28F77448B1CA59 /* exclusive.cpp in Sources */ = {isa = PBXBuildFile; fileRef = E5BAA254B91F83C9079D2D4F /* exclusive.cpp */; };
		5B1FD9AC7111C283FCB2000B /* exclusive.h in Headers */ = {isa = PBXBuildFile; fileRef = D99199377EFC2C752D487F8C /* exclusive.h */; };
		4DA3EF944CACADD0102DFD30 /* exclusive.h in Headers */ = {isa = PBXBuildFile; fileRef = D99199377EFC2C752D487F8C /* exclusive.h */; };
		B03E9C248E3E92797CD0EFB2 /* file_lock.h in Headers */ = {isa = PBXBuildFile; fileRef = 95ADBD52E579A3A783B36833 /* file_lock.h */; };
		636ACEC2DE45C3CCC3D759AF /* file_lock.h in Headers */ = {isa = PBXBuildFile; fileRef = 95ADBD52E579A3A783B36833 /* file_lock.h */; };
		8D28944DB71BE6E9ADC7E636 /* pipe.cpp in Sources */ = {isa = PBXBuildFile; fileRef = C53C00F637A3664145043CF8 /* pipe.cpp */; };
		EA97DE2D94A7769A98A18DF2 /* file_memory_map.cpp in Sources */ = {isa = PBXBuildFile; fileRef = 545D82E7A18EB28666A9C679 /* file_memory_map.cpp */; };
		6AA780BB82B73D21E90CC444 /* framework.cpp in Sources */ = {isa = PBXBuildFile; fileRef = 4B0349DF952A9A585522AE17 /* framework.cpp */; };
		C2BE221ED1E4AC15611C8F4C /* node.cpp in Sources */ = {isa = PBXBuildFile; fileRef = 6267CA35A9E178CE41C6C8B4 /* node.cpp */; };
		F94CE7A96A6ED87F184C4750 /* node.h in Headers */ = {isa = PBXBuildFile; fileRef = 2760419F3E04B20538C16B02 /* node.h */; };
		5CB58A26144D75F07C4C00CC /* _.cpp in Sources */ = {isa = PBXBuildFile; fileRef = 034BAC93DD9D5BB00C07B9B0 /* _.cpp */; };
		2594D29D685D81CDF99C3B57 /* file_memory_map.h in Headers */ = {isa = PBXBuildFile; fileRef = E95AD0DC3A426A4E3D5B368F /* file_memory_map.h */; };
		23EFBAD1F8E43ACE47A1C052 /* pipe.h in Headers */ = {isa = PBXBuildFile; fileRef = 4E61B98B01D8C8255AC9484C /* pipe.h */; };
		5E8CC19DAA1461A12C05A891 /* _factory.cpp in Sources */ = {isa = PBXBuildFile; fileRef = 6CF87F70BD4D48DDB060664D /* _factory.cpp */; };
		B8CB83A2C0C18D99AC972631 /* framework.h in Headers */ = {isa = PBXBuildFile; fileRef = 16355679E3D37F3066CA5A2E /* framework.h */; };
		86872F5C1785E424DAB31D4D /* _.h in Headers */ = {isa = PBXBuildFile; fileRef = 33D5C4B153CE17EB9C5D5638 /* _.h */; };
		49C441C2EEDC7D97ED86D35E /* _posix.cpp in Sources */ = {isa = PBXBuildFile; fileRef = 51EC604FD2697A7915E92F55 /* _posix.cpp */; };
		51345F7306F10BBAD963A907 /* file.cpp in Sources */ = {isa = PBXBuildFile; fileRef = B46156DC2B7564155DF64FE0 /* file.cpp */; };
		1F043D496567BCE18E2FE89F /* file.cpp in Sources */ = {isa = PBXBuildFile; fileRef = B46156DC2B7564155DF64FE0 /* file.cpp */; };
		347356423FEC47297FC71E70 /* file.cpp in Sources */ = {isa = PBXBuildFile; fileRef = B46156DC2B7564155DF64FE0 /* file.cpp */; };
		AC8410E8F318E196770BD84A /* file.h in Headers */ = {isa = PBXBuildFile; fileRef = A579937B1F8B0D50748C75BC /* file.h */; };
		B6412A645E5CC261BBAE952B /* file.h in Headers */ = {isa = PBXBuildFile; fileRef = A579937B1F8B0D50748C75BC /* file.h */; };
		BA1C08295F71739046778525 /* file.h in Headers */ = {isa = PBXBuildFile; fileRef = A579937B1F8B0D50748C75BC /* file.h */; };
		4F2E5D1975EEB99418EA3364 /* _library.h in Headers */ = {isa = PBXBuildFile; fileRef = 3A0CEC9D0525345F471DDCFE /* _library.h */; };
		8D784E0EEB99417B6B28E1EB /* _library.h in Headers */ = {isa = PBXBuildFile; fileRef = 3A0CEC9D0525345F471DDCFE /* _library.h */; };
		D3B451462765C6462BDB546B /* _library.h in Headers */ = {isa = PBXBuildFile; fileRef = 3A0CEC9D0525345F471DDCFE /* _library.h */; };
		3B85F35436ED79DF79D6D030 /* libacme.dylib in Frameworks */ = {isa = PBXBuildFile; fileRef = 7C1CB3AF8F022BBB6703B64F /* libacme.dylib */; };
		1795B30EB85EB4155126E68E /* exception_translator.cpp in Sources */ = {isa = PBXBuildFile; fileRef = 3322B7F97E1484B83ACE4873 /* exception_translator.cpp */; };
		2AA40E990DC7EC596170DB29 /* exception_translator.cpp in Sources */ = {isa = PBXBuildFile; fileRef = 3322B7F97E1484B83ACE4873 /* exception_translator.cpp */; };
		019303C15C5737FF3EAB47D6 /* exception_translator.h in Headers */ = {isa = PBXBuildFile; fileRef = 2D90384CBDADE61511089568 /* exception_translator.h */; };
		4D304090D9CBA572F2522527 /* exception_translator.h in Headers */ = {isa = PBXBuildFile; fileRef = 2D90384CBDADE61511089568 /* exception_translator.h */; };
		783EA985786D2376FE3E8114 /* node_clang_callstack.cpp in Sources */ = {isa = PBXBuildFile; fileRef = 3E4AB8BA8751A7714BD927A9 /* node_clang_callstack.cpp */; };
		CCE86EF1E26DE858211266BB /* node_clang_callstack.cpp in Sources */ = {isa = PBXBuildFile; fileRef = 3E4AB8BA8751A7714BD927A9 /* node_clang_callstack.cpp */; };
		CEC9F888A803DD6D1741E605 /* directory_system.h in Headers */ = {isa = PBXBuildFile; fileRef = B1A5D8D8F599AC95AE5EA4EC /* directory_system.h */; };
		440F41BBDD59045E30349542 /* file_system.cpp in Sources */ = {isa = PBXBuildFile; fileRef = D28E31183D486665D086E878 /* file_system.cpp */; };
		98A1F4C7310E471275951C2E /* directory_system.cpp in Sources */ = {isa = PBXBuildFile; fileRef = DFF82DB9AD9DB9426CBACCB6 /* directory_system.cpp */; };
		D223C2C98EC5F8350F96FD62 /* file_system.h in Headers */ = {isa = PBXBuildFile; fileRef = 14856123D66A769A425DE75F /* file_system.h */; };
		BDC031D5E0CE44647D8FCF2A /* path_system.cpp in Sources */ = {isa = PBXBuildFile; fileRef = 4A7853282CFF6F52FAEAF9FF /* path_system.cpp */; };
		B92C43E39DC4F46B0A3592C5 /* path_system.h in Headers */ = {isa = PBXBuildFile; fileRef = 681EB43EA352934E6837E565 /* path_system.h */; };
		3F52A1974C2B6C892F77735F /* integration_context.h in Headers */ = {isa = PBXBuildFile; fileRef = 2964E977ADDD87602A79F7A9 /* integration_context.h */; };
		3BF1CADDAA18A2EC61E93E6B /* integration_context.h in Headers */ = {isa = PBXBuildFile; fileRef = 2964E977ADDD87602A79F7A9 /* integration_context.h */; };
		A0B3DEDACB986317F5B24981 /* integration_context.h in Headers */ = {isa = PBXBuildFile; fileRef = 2964E977ADDD87602A79F7A9 /* integration_context.h */; };
		2584F43A13492794ED9C75EC /* integration_context.cpp in Sources */ = {isa = PBXBuildFile; fileRef = 63007BEE2A74876D1B563ACA /* integration_context.cpp */; };
		8303645217ADB7ACBAE56EF7 /* integration_context.cpp in Sources */ = {isa = PBXBuildFile; fileRef = 63007BEE2A74876D1B563ACA /* integration_context.cpp */; };
		B69FA56695BA6BA84FE7E581 /* integration_context.cpp in Sources */ = {isa = PBXBuildFile; fileRef = 63007BEE2A74876D1B563ACA /* integration_context.cpp */; };
		8FA6091F5E8CA146271066B3 /* directory_context.cpp in Sources */ = {isa = PBXBuildFile; fileRef = 2F88BF6BFF51819C6D17A26A /* directory_context.cpp */; };
		FFF25856F50DF50480023537 /* directory_context.cpp in Sources */ = {isa = PBXBuildFile; fileRef = 2F88BF6BFF51819C6D17A26A /* directory_context.cpp */; };
		182447772A03C568A29C6620 /* directory_context.cpp in Sources */ = {isa = PBXBuildFile; fileRef = 2F88BF6BFF51819C6D17A26A /* directory_context.cpp */; };
		E8AE63E00399B7CA84C58572 /* directory_context.h in Headers */ = {isa = PBXBuildFile; fileRef = 84DC78AA18A4A50E50F532D2 /* directory_context.h */; };
		DE83C9D7B66C3F68A68E8A3B /* directory_context.h in Headers */ = {isa = PBXBuildFile; fileRef = 84DC78AA18A4A50E50F532D2 /* directory_context.h */; };
		839432DAD174C6D857BF99ED /* directory_context.h in Headers */ = {isa = PBXBuildFile; fileRef = 84DC78AA18A4A50E50F532D2 /* directory_context.h */; };
		6099FFFF069DCD9847999386 /* _.h in Headers */ = {isa = PBXBuildFile; fileRef = 33D5C4B153CE17EB9C5D5638 /* _.h */; };
		8F4C31D43F6ED45F97A3689E /* pipe.h in Headers */ = {isa = PBXBuildFile; fileRef = 4E61B98B01D8C8255AC9484C /* pipe.h */; };
		C2ADC9694614F5FBE5CBF07F /* file_memory_map.h in Headers */ = {isa = PBXBuildFile; fileRef = E95AD0DC3A426A4E3D5B368F /* file_memory_map.h */; };
		A9EB6073297C8512CCFBCBE3 /* path_system.h in Headers */ = {isa = PBXBuildFile; fileRef = 681EB43EA352934E6837E565 /* path_system.h */; };
		1473E8F47871ECF84046B3E7 /* node.h in Headers */ = {isa = PBXBuildFile; fileRef = 2760419F3E04B20538C16B02 /* node.h */; };
		8452D5EFAEBAE050AE315E58 /* directory_system.h in Headers */ = {isa = PBXBuildFile; fileRef = B1A5D8D8F599AC95AE5EA4EC /* directory_system.h */; };
		EC5365D7CF6EB32F25788E43 /* file_system.h in Headers */ = {isa = PBXBuildFile; fileRef = 14856123D66A769A425DE75F /* file_system.h */; };
		32D372CAC080E07D8A5D7AC4 /* framework.h in Headers */ = {isa = PBXBuildFile; fileRef = 16355679E3D37F3066CA5A2E /* framework.h */; };
		2BA1D8B364294982E809173A /* path_system.cpp in Sources */ = {isa = PBXBuildFile; fileRef = 4A7853282CFF6F52FAEAF9FF /* path_system.cpp */; };
		6FF4EED7C05309EE3C590802 /* _.cpp in Sources */ = {isa = PBXBuildFile; fileRef = 034BAC93DD9D5BB00C07B9B0 /* _.cpp */; };
		56266DDD7F93A29242AD99F5 /* framework.cpp in Sources */ = {isa = PBXBuildFile; fileRef = 4B0349DF952A9A585522AE17 /* framework.cpp */; };
		05F2654704E8A9A24FD90132 /* directory_system.cpp in Sources */ = {isa = PBXBuildFile; fileRef = DFF82DB9AD9DB9426CBACCB6 /* directory_system.cpp */; };
		416106BC6511F7C442EC780D /* _factory.cpp in Sources */ = {isa = PBXBuildFile; fileRef = 6CF87F70BD4D48DDB060664D /* _factory.cpp */; };
		44B3D97B5276F77A3F346B2A /* pipe.cpp in Sources */ = {isa = PBXBuildFile; fileRef = C53C00F637A3664145043CF8 /* pipe.cpp */; };
		0F7FDD0FD2999DC2BCB9807D /* file_system.cpp in Sources */ = {isa = PBXBuildFile; fileRef = D28E31183D486665D086E878 /* file_system.cpp */; };
		79B994EA7BB033F2DE69EC10 /* file_memory_map.cpp in Sources */ = {isa = PBXBuildFile; fileRef = 545D82E7A18EB28666A9C679 /* file_memory_map.cpp */; };
		3FCE4744A6D7A01C03683CA6 /* node.cpp in Sources */ = {isa = PBXBuildFile; fileRef = 6267CA35A9E178CE41C6C8B4 /* node.cpp */; };
		74DB6B447869BE783A53F70B /* _posix.cpp in Headers */ = {isa = PBXBuildFile; fileRef = 51EC604FD2697A7915E92F55 /* _posix.cpp */; };
		989286A7B7AAA53E773D4423 /* _posix.cpp in Headers */ = {isa = PBXBuildFile; fileRef = 51EC604FD2697A7915E92F55 /* _posix.cpp */; };
		949EE507692D5A80C0A86DEF /* _posix.cpp in Headers */ = {isa = PBXBuildFile; fileRef = 51EC604FD2697A7915E92F55 /* _posix.cpp */; };
		82A4110AD8AA7C370BD01D93 /* _posix.cpp in Sources */ = {isa = PBXBuildFile; fileRef = 51EC604FD2697A7915E92F55 /* _posix.cpp */; };
		3923494F1ACBD717408F58AF /* file_context.cpp in Sources */ = {isa = PBXBuildFile; fileRef = 40DCACA758FC23F5620AAFAA /* file_context.cpp */; };
		BC430014909AA3D814AAA9CE /* file_context.cpp in Sources */ = {isa = PBXBuildFile; fileRef = 40DCACA758FC23F5620AAFAA /* file_context.cpp */; };
		EBAD2F93537C406F555F7510 /* file_context.cpp in Sources */ = {isa = PBXBuildFile; fileRef = 40DCACA758FC23F5620AAFAA /* file_context.cpp */; };
		C5F5FCA80C8FCAAA75F86855 /* file_context.h in Headers */ = {isa = PBXBuildFile; fileRef = A19529817E0A728A2AE9CC59 /* file_context.h */; };
		EE28839694E3CADFC1AECA55 /* file_context.h in Headers */ = {isa = PBXBuildFile; fileRef = A19529817E0A728A2AE9CC59 /* file_context.h */; };
		9DFDE28597CC189F87AB51F8 /* file_context.h in Headers */ = {isa = PBXBuildFile; fileRef = A19529817E0A728A2AE9CC59 /* file_context.h */; };
		8B4B0B9426AF2CFF22F23330 /* _posix.cpp in Sources */ = {isa = PBXBuildFile; fileRef = 51EC604FD2697A7915E92F55 /* _posix.cpp */; };
		21A4D966A1A913C2940213F8 /* mutex.h in Headers */ = {isa = PBXBuildFile; fileRef = C285D8FF7219AEC65AECEDD8 /* mutex.h */; };
		10D54023A9BDD4580AE585A1 /* _.h in Headers */ = {isa = PBXBuildFile; fileRef = 33D5C4B153CE17EB9C5D5638 /* _.h */; };
		9F432D729DF469789B6072E1 /* pipe.h in Headers */ = {isa = PBXBuildFile; fileRef = 4E61B98B01D8C8255AC9484C /* pipe.h */; };
		80AB37665FA6EBB5E1F9FAFB /* exception_translator.h in Headers */ = {isa = PBXBuildFile; fileRef = 2D90384CBDADE61511089568 /* exception_translator.h */; };
		6AFF7EAF58B8AB77DC039AEF /* file_memory_map.h in Headers */ = {isa = PBXBuildFile; fileRef = E95AD0DC3A426A4E3D5B368F /* file_memory_map.h */; };
		53773C62D25806FA58B92532 /* path_system.h in Headers */ = {isa = PBXBuildFile; fileRef = 681EB43EA352934E6837E565 /* path_system.h */; };
		581EF2448CEFEBF4F9CA3CCE /* node.h in Headers */ = {isa = PBXBuildFile; fileRef = 2760419F3E04B20538C16B02 /* node.h */; };
		C02854AFD72B055F400E5F2E /* directory_system.h in Headers */ = {isa = PBXBuildFile; fileRef = B1A5D8D8F599AC95AE5EA4EC /* directory_system.h */; };
		DCCF93752CE7E2DF43CD6891 /* exclusive.h in Headers */ = {isa = PBXBuildFile; fileRef = D99199377EFC2C752D487F8C /* exclusive.h */; };
		0808E78A9D062342E1B9255A /* file_lock.h in Headers */ = {isa = PBXBuildFile; fileRef = 95ADBD52E579A3A783B36833 /* file_lock.h */; };
		3CFBC170BD1CD74F3BFDF436 /* file_system.h in Headers */ = {isa = PBXBuildFile; fileRef = 14856123D66A769A425DE75F /* file_system.h */; };
		52F696C0E4772C142E87FC19 /* framework.h in Headers */ = {isa = PBXBuildFile; fileRef = 16355679E3D37F3066CA5A2E /* framework.h */; };
		5425260E69F9C6A54B487B1D /* path_system.cpp in Sources */ = {isa = PBXBuildFile; fileRef = 4A7853282CFF6F52FAEAF9FF /* path_system.cpp */; };
		DEEE446993C7899777DDDDDB /* _.cpp in Sources */ = {isa = PBXBuildFile; fileRef = 034BAC93DD9D5BB00C07B9B0 /* _.cpp */; };
		ED68FD9C3BBE8A85EC2260FD /* framework.cpp in Sources */ = {isa = PBXBuildFile; fileRef = 4B0349DF952A9A585522AE17 /* framework.cpp */; };
		AA5C9C8607EC4FE8B90CB115 /* directory_system.cpp in Sources */ = {isa = PBXBuildFile; fileRef = DFF82DB9AD9DB9426CBACCB6 /* directory_system.cpp */; };
		34072602CC913E52162007A3 /* _factory.cpp in Sources */ = {isa = PBXBuildFile; fileRef = 6CF87F70BD4D48DDB060664D /* _factory.cpp */; };
		9FDCA7ABB77478BC045602D6 /* list_serial_ports.cpp in Sources */ = {isa = PBXBuildFile; fileRef = 0186FC5112C73336D4EEC6A7 /* list_serial_ports.cpp */; };
		08FB692B4CD5C3A9C79D4722 /* mutex.cpp in Sources */ = {isa = PBXBuildFile; fileRef = 6106A9A84FDBA17F64EF68FD /* mutex.cpp */; };
		45D6488EF3212A6FE4553930 /* exception_translator.cpp in Sources */ = {isa = PBXBuildFile; fileRef = 3322B7F97E1484B83ACE4873 /* exception_translator.cpp */; };
		CC20D4CFF402793CE8040351 /* pipe.cpp in Sources */ = {isa = PBXBuildFile; fileRef = C53C00F637A3664145043CF8 /* pipe.cpp */; };
		04BA0A1244E6417602AC8E10 /* file_system.cpp in Sources */ = {isa = PBXBuildFile; fileRef = D28E31183D486665D086E878 /* file_system.cpp */; };
		0E6B2233CAC246D974437C20 /* exclusive.cpp in Sources */ = {isa = PBXBuildFile; fileRef = E5BAA254B91F83C9079D2D4F /* exclusive.cpp */; };
		349ABF9CFA995303B9ECC9E5 /* file_memory_map.cpp in Sources */ = {isa = PBXBuildFile; fileRef = 545D82E7A18EB28666A9C679 /* file_memory_map.cpp */; };
		F4A84C6EF735A4E947690152 /* node.cpp in Sources */ = {isa = PBXBuildFile; fileRef = 6267CA35A9E178CE41C6C8B4 /* node.cpp */; };
		44F1BB77290EF81C340B7201 /* node_clang_callstack.cpp in Sources */ = {isa = PBXBuildFile; fileRef = 3E4AB8BA8751A7714BD927A9 /* node_clang_callstack.cpp */; };
		98A05DB072113DB5B0F2B279 /* pty_process.h in Headers */ = {isa = PBXBuildFile; fileRef = 9E2D91DA3B52A1ED9C582B20 /* pty_process.h */; };
		BD270944DE8AAB17C22FA980 /* pty_process.cpp in Sources */ = {isa = PBXBuildFile; fileRef = 015F8736642E6C1E6809668B /* pty_process.cpp */; };
		91E7FD9C1CA5679CB4DAB9D7 /* pty_process.h in Headers */ = {isa = PBXBuildFile; fileRef = 9E2D91DA3B52A1ED9C582B20 /* pty_process.h */; };
		3BB32C58E4C2846A610F39D6 /* pty_process.cpp in Sources */ = {isa = PBXBuildFile; fileRef = 015F8736642E6C1E6809668B /* pty_process.cpp */; };
		FC9B973BE5BCC560EB1090CF /* pty_process.cpp in Sources */ = {isa = PBXBuildFile; fileRef = 015F8736642E6C1E6809668B /* pty_process.cpp */; };
		8C4DF885B39C707323223A5B /* pty_process.h in Headers */ = {isa = PBXBuildFile; fileRef = 9E2D91DA3B52A1ED9C582B20 /* pty_process.h */; };
		94D1E5B90F9E8F183EB622DB /* node_utsname.cpp in Sources */ = {isa = PBXBuildFile; fileRef = DAAB76F8739435944FD0EB5D /* node_utsname.cpp */; };
		AE76DA82079095A5CB33D078 /* node_utsname.cpp in Sources */ = {isa = PBXBuildFile; fileRef = DAAB76F8739435944FD0EB5D /* node_utsname.cpp */; };
		8A0FE06E01E79C9DFDCD0DFD /* node_utsname.cpp in Sources */ = {isa = PBXBuildFile; fileRef = DAAB76F8739435944FD0EB5D /* node_utsname.cpp */; };
/* End PBXBuildFile section */

/* Begin PBXContainerItemProxy section */
		1CFA8CB0C7218251FEC1C27C /* PBXContainerItemProxy */ = {
			isa = PBXContainerItemProxy;
			containerPortal = 681F7509BA4F4D66624CBE41 /* acme.xcodeproj */;
			proxyType = 2;
			remoteGlobalIDString = 98E5040C641670CA0DBE23D8;
			remoteInfo = acme;
		};
		8A078454A12D4BF85CF9172F /* PBXContainerItemProxy */ = {
			isa = PBXContainerItemProxy;
			containerPortal = 681F7509BA4F4D66624CBE41 /* acme.xcodeproj */;
			proxyType = 2;
			remoteGlobalIDString = 2007043885339AE3C3ABEECC;
			remoteInfo = ios_acme;
		};
		753060A953D09274F3ABD906 /* PBXContainerItemProxy */ = {
			isa = PBXContainerItemProxy;
			containerPortal = 681F7509BA4F4D66624CBE41 /* acme.xcodeproj */;
			proxyType = 1;
			remoteGlobalIDString = B208ED2145D4DB98EE3AC60C;
			remoteInfo = acme;
		};
		496F41E2486B08A92A3D8407 /* PBXContainerItemProxy */ = {
			isa = PBXContainerItemProxy;
			containerPortal = 681F7509BA4F4D66624CBE41 /* acme.xcodeproj */;
			proxyType = 2;
			remoteGlobalIDString = E6BBED8E3221C97C1866F72B;
			remoteInfo = ios_acme;
		};
		676005D0C715FF30A00D5744 /* PBXContainerItemProxy */ = {
			isa = PBXContainerItemProxy;
			containerPortal = 681F7509BA4F4D66624CBE41 /* acme.xcodeproj */;
			proxyType = 1;
			remoteGlobalIDString = A9FFE1218E49E6F5786BEFF8;
			remoteInfo = ios_acme;
		};
		E80794CF1214DE472F99222F /* PBXContainerItemProxy */ = {
			isa = PBXContainerItemProxy;
			containerPortal = 681F7509BA4F4D66624CBE41 /* acme.xcodeproj */;
			proxyType = 1;
			remoteGlobalIDString = 88E22DE70FE9F9E1A234D747;
			remoteInfo = _acme;
		};
/* End PBXContainerItemProxy section */

/* Begin PBXFileReference section */
		C285D8FF7219AEC65AECEDD8 /* mutex.h */ = {isa = PBXFileReference; fileEncoding = 4; lastKnownFileType = sourcecode.c.h; path = mutex.h; sourceTree = "<group>"; };
		6106A9A84FDBA17F64EF68FD /* mutex.cpp */ = {isa = PBXFileReference; fileEncoding = 4; lastKnownFileType = sourcecode.cpp.cpp; path = mutex.cpp; sourceTree = "<group>"; };
		0186FC5112C73336D4EEC6A7 /* list_serial_ports.cpp */ = {isa = PBXFileReference; fileEncoding = 4; lastKnownFileType = sourcecode.cpp.cpp; path = list_serial_ports.cpp; sourceTree = "<group>"; };
		E5BAA254B91F83C9079D2D4F /* exclusive.cpp */ = {isa = PBXFileReference; fileEncoding = 4; lastKnownFileType = sourcecode.cpp.cpp; path = exclusive.cpp; sourceTree = "<group>"; };
		D99199377EFC2C752D487F8C /* exclusive.h */ = {isa = PBXFileReference; fileEncoding = 4; lastKnownFileType = sourcecode.c.h; path = exclusive.h; sourceTree = "<group>"; };
		95ADBD52E579A3A783B36833 /* file_lock.h */ = {isa = PBXFileReference; fileEncoding = 4; lastKnownFileType = sourcecode.c.h; path = file_lock.h; sourceTree = "<group>"; };
		007CFCD0FC6542DFA43B9427 /* libacme_posix.dylib */ = {isa = PBXFileReference; explicitFileType = "compiled.mach-o.dylib"; includeInIndex = 0; path = libacme_posix.dylib; sourceTree = BUILT_PRODUCTS_DIR; };
		C53C00F637A3664145043CF8 /* pipe.cpp */ = {isa = PBXFileReference; fileEncoding = 4; lastKnownFileType = sourcecode.cpp.cpp; path = pipe.cpp; sourceTree = "<group>"; };
		545D82E7A18EB28666A9C679 /* file_memory_map.cpp */ = {isa = PBXFileReference; fileEncoding = 4; lastKnownFileType = sourcecode.cpp.cpp; path = file_memory_map.cpp; sourceTree = "<group>"; };
		4B0349DF952A9A585522AE17 /* framework.cpp */ = {isa = PBXFileReference; fileEncoding = 4; lastKnownFileType = sourcecode.cpp.cpp; path = framework.cpp; sourceTree = "<group>"; };
		6267CA35A9E178CE41C6C8B4 /* node.cpp */ = {isa = PBXFileReference; fileEncoding = 4; lastKnownFileType = sourcecode.cpp.cpp; path = node.cpp; sourceTree = "<group>"; };
		2760419F3E04B20538C16B02 /* node.h */ = {isa = PBXFileReference; fileEncoding = 4; lastKnownFileType = sourcecode.c.h; path = node.h; sourceTree = "<group>"; };
		034BAC93DD9D5BB00C07B9B0 /* _.cpp */ = {isa = PBXFileReference; fileEncoding = 4; lastKnownFileType = sourcecode.cpp.cpp; path = _.cpp; sourceTree = "<group>"; };
		E95AD0DC3A426A4E3D5B368F /* file_memory_map.h */ = {isa = PBXFileReference; fileEncoding = 4; lastKnownFileType = sourcecode.c.h; path = file_memory_map.h; sourceTree = "<group>"; };
		4E61B98B01D8C8255AC9484C /* pipe.h */ = {isa = PBXFileReference; fileEncoding = 4; lastKnownFileType = sourcecode.c.h; path = pipe.h; sourceTree = "<group>"; };
		6CF87F70BD4D48DDB060664D /* _factory.cpp */ = {isa = PBXFileReference; fileEncoding = 4; lastKnownFileType = sourcecode.cpp.cpp; path = _factory.cpp; sourceTree = "<group>"; };
		16355679E3D37F3066CA5A2E /* framework.h */ = {isa = PBXFileReference; fileEncoding = 4; lastKnownFileType = sourcecode.c.h; path = framework.h; sourceTree = "<group>"; };
		33D5C4B153CE17EB9C5D5638 /* _.h */ = {isa = PBXFileReference; fileEncoding = 4; lastKnownFileType = sourcecode.c.h; path = _.h; sourceTree = "<group>"; };
		681F7509BA4F4D66624CBE41 /* acme.xcodeproj */ = {isa = PBXFileReference; lastKnownFileType = "wrapper.pb-project"; name = acme.xcodeproj; path = ../../../source/app/acme/acme.xcodeproj; sourceTree = SOURCE_ROOT; };
		B46156DC2B7564155DF64FE0 /* file.cpp */ = {isa = PBXFileReference; fileEncoding = 4; lastKnownFileType = sourcecode.cpp.cpp; path = file.cpp; sourceTree = "<group>"; };
		A579937B1F8B0D50748C75BC /* file.h */ = {isa = PBXFileReference; fileEncoding = 4; lastKnownFileType = sourcecode.c.h; path = file.h; sourceTree = "<group>"; };
		3A0CEC9D0525345F471DDCFE /* _library.h */ = {isa = PBXFileReference; fileEncoding = 4; lastKnownFileType = sourcecode.c.h; path = _library.h; sourceTree = "<group>"; };
		3322B7F97E1484B83ACE4873 /* exception_translator.cpp */ = {isa = PBXFileReference; fileEncoding = 4; lastKnownFileType = sourcecode.cpp.cpp; path = exception_translator.cpp; sourceTree = "<group>"; };
		2D90384CBDADE61511089568 /* exception_translator.h */ = {isa = PBXFileReference; fileEncoding = 4; lastKnownFileType = sourcecode.c.h; path = exception_translator.h; sourceTree = "<group>"; };
		3E4AB8BA8751A7714BD927A9 /* node_clang_callstack.cpp */ = {isa = PBXFileReference; lastKnownFileType = sourcecode.cpp.cpp; path = node_clang_callstack.cpp; sourceTree = "<group>"; };
		B1A5D8D8F599AC95AE5EA4EC /* directory_system.h */ = {isa = PBXFileReference; fileEncoding = 4; lastKnownFileType = sourcecode.c.h; path = directory_system.h; sourceTree = "<group>"; };
		D28E31183D486665D086E878 /* file_system.cpp */ = {isa = PBXFileReference; fileEncoding = 4; lastKnownFileType = sourcecode.cpp.cpp; path = file_system.cpp; sourceTree = "<group>"; };
		DFF82DB9AD9DB9426CBACCB6 /* directory_system.cpp */ = {isa = PBXFileReference; fileEncoding = 4; lastKnownFileType = sourcecode.cpp.cpp; path = directory_system.cpp; sourceTree = "<group>"; };
		14856123D66A769A425DE75F /* file_system.h */ = {isa = PBXFileReference; fileEncoding = 4; lastKnownFileType = sourcecode.c.h; path = file_system.h; sourceTree = "<group>"; };
		4A7853282CFF6F52FAEAF9FF /* path_system.cpp */ = {isa = PBXFileReference; fileEncoding = 4; lastKnownFileType = sourcecode.cpp.cpp; path = path_system.cpp; sourceTree = "<group>"; };
		681EB43EA352934E6837E565 /* path_system.h */ = {isa = PBXFileReference; fileEncoding = 4; lastKnownFileType = sourcecode.c.h; path = path_system.h; sourceTree = "<group>"; };
		2964E977ADDD87602A79F7A9 /* integration_context.h */ = {isa = PBXFileReference; fileEncoding = 4; lastKnownFileType = sourcecode.c.h; path = integration_context.h; sourceTree = "<group>"; };
		63007BEE2A74876D1B563ACA /* integration_context.cpp */ = {isa = PBXFileReference; fileEncoding = 4; lastKnownFileType = sourcecode.cpp.cpp; path = integration_context.cpp; sourceTree = "<group>"; };
		2F88BF6BFF51819C6D17A26A /* directory_context.cpp */ = {isa = PBXFileReference; fileEncoding = 4; lastKnownFileType = sourcecode.cpp.cpp; path = directory_context.cpp; sourceTree = "<group>"; };
		84DC78AA18A4A50E50F532D2 /* directory_context.h */ = {isa = PBXFileReference; fileEncoding = 4; lastKnownFileType = sourcecode.c.h; path = directory_context.h; sourceTree = "<group>"; };
		4D1E9A7210DDACA651909146 /* libios_acme_posix.a */ = {isa = PBXFileReference; explicitFileType = "compiled.mach-o.dylib"; includeInIndex = 0; path = libios_acme_posix.a; sourceTree = BUILT_PRODUCTS_DIR; };
		51EC604FD2697A7915E92F55 /* _posix.cpp */ = {isa = PBXFileReference; lastKnownFileType = sourcecode.cpp.cpp; path = _posix.cpp; sourceTree = "<group>"; };
		40DCACA758FC23F5620AAFAA /* file_context.cpp */ = {isa = PBXFileReference; fileEncoding = 4; lastKnownFileType = sourcecode.cpp.cpp; path = file_context.cpp; sourceTree = "<group>"; };
		A19529817E0A728A2AE9CC59 /* file_context.h */ = {isa = PBXFileReference; fileEncoding = 4; lastKnownFileType = sourcecode.c.h; path = file_context.h; sourceTree = "<group>"; };
		79417ED6381950D2102B8818 /* _____debug.xcconfig */ = {isa = PBXFileReference; fileEncoding = 4; lastKnownFileType = text.xcconfig; path = "_____debug.xcconfig"; sourceTree = "<group>"; };
		458ADD237D7A82954FB43FBC /* _____release.xcconfig */ = {isa = PBXFileReference; fileEncoding = 4; lastKnownFileType = text.xcconfig; path = "_____release.xcconfig"; sourceTree = "<group>"; };
		B6553034F98D76F76CE38CA6 /* libstatic_acme_posix.a */ = {isa = PBXFileReference; explicitFileType = "compiled.mach-o.dylib"; includeInIndex = 0; path = libstatic_acme_posix.a; sourceTree = BUILT_PRODUCTS_DIR; };
		9E2D91DA3B52A1ED9C582B20 /* pty_process.h */ = {isa = PBXFileReference; lastKnownFileType = sourcecode.c.h; path = pty_process.h; sourceTree = "<group>"; };
		015F8736642E6C1E6809668B /* pty_process.cpp */ = {isa = PBXFileReference; lastKnownFileType = sourcecode.cpp.cpp; path = pty_process.cpp; sourceTree = "<group>"; };
		DAAB76F8739435944FD0EB5D /* node_utsname.cpp */ = {isa = PBXFileReference; lastKnownFileType = sourcecode.cpp.cpp; path = node_utsname.cpp; sourceTree = "<group>"; };
/* End PBXFileReference section */

/* Begin PBXFrameworksBuildPhase section */
		33DC2257E90BF817F95A6FA2 /* Frameworks */ = {
			isa = PBXFrameworksBuildPhase;
			buildActionMask = 2147483647;
			files = (
				3B85F35436ED79DF79D6D030 /* libacme.dylib in Frameworks */,
			);
			runOnlyForDeploymentPostprocessing = 0;
		};
/* End PBXFrameworksBuildPhase section */

/* Begin PBXGroup section */
		ECFAB7D5103BA2D40BB1DE92 = {
			isa = PBXGroup;
			children = (
				681F7509BA4F4D66624CBE41 /* acme.xcodeproj */,
				3A93BEFC84AFAA5F8EA0DF72 /* acme_posix */,
				0D62627AD4A0B86C066A1032 /* Products */,
				82CF4F214ECDE669C9B46790 /* Frameworks */,
			);
			sourceTree = "<group>";
		};
		0D62627AD4A0B86C066A1032 /* Products */ = {
			isa = PBXGroup;
			children = (
				007CFCD0FC6542DFA43B9427 /* libacme_posix.dylib */,
				4D1E9A7210DDACA651909146 /* libios_acme_posix.a */,
				B6553034F98D76F76CE38CA6 /* libstatic_acme_posix.a */,
			);
			name = Products;
			sourceTree = "<group>";
		};
		3A93BEFC84AFAA5F8EA0DF72 /* acme_posix */ = {
			isa = PBXGroup;
			children = (
				33D5C4B153CE17EB9C5D5638 /* _.h */,
				034BAC93DD9D5BB00C07B9B0 /* _.cpp */,
				79417ED6381950D2102B8818 /* _____debug.xcconfig */,
				458ADD237D7A82954FB43FBC /* _____release.xcconfig */,
				6CF87F70BD4D48DDB060664D /* _factory.cpp */,
				3A0CEC9D0525345F471DDCFE /* _library.h */,
				51EC604FD2697A7915E92F55 /* _posix.cpp */,
				84DC78AA18A4A50E50F532D2 /* directory_context.h */,
				2F88BF6BFF51819C6D17A26A /* directory_context.cpp */,
				B1A5D8D8F599AC95AE5EA4EC /* directory_system.h */,
				DFF82DB9AD9DB9426CBACCB6 /* directory_system.cpp */,
				2D90384CBDADE61511089568 /* exception_translator.h */,
				3322B7F97E1484B83ACE4873 /* exception_translator.cpp */,
				D99199377EFC2C752D487F8C /* exclusive.h */,
				E5BAA254B91F83C9079D2D4F /* exclusive.cpp */,
				A579937B1F8B0D50748C75BC /* file.h */,
				B46156DC2B7564155DF64FE0 /* file.cpp */,
				A19529817E0A728A2AE9CC59 /* file_context.h */,
				40DCACA758FC23F5620AAFAA /* file_context.cpp */,
				95ADBD52E579A3A783B36833 /* file_lock.h */,
				E95AD0DC3A426A4E3D5B368F /* file_memory_map.h */,
				545D82E7A18EB28666A9C679 /* file_memory_map.cpp */,
				14856123D66A769A425DE75F /* file_system.h */,
				D28E31183D486665D086E878 /* file_system.cpp */,
				16355679E3D37F3066CA5A2E /* framework.h */,
				4B0349DF952A9A585522AE17 /* framework.cpp */,
				2964E977ADDD87602A79F7A9 /* integration_context.h */,
				63007BEE2A74876D1B563ACA /* integration_context.cpp */,
				0186FC5112C73336D4EEC6A7 /* list_serial_ports.cpp */,
				C285D8FF7219AEC65AECEDD8 /* mutex.h */,
				6106A9A84FDBA17F64EF68FD /* mutex.cpp */,
				2760419F3E04B20538C16B02 /* node.h */,
				6267CA35A9E178CE41C6C8B4 /* node.cpp */,
				3E4AB8BA8751A7714BD927A9 /* node_clang_callstack.cpp */,
				DAAB76F8739435944FD0EB5D /* node_utsname.cpp */,
				681EB43EA352934E6837E565 /* path_system.h */,
				4A7853282CFF6F52FAEAF9FF /* path_system.cpp */,
				9E2D91DA3B52A1ED9C582B20 /* pty_process.h */,
				015F8736642E6C1E6809668B /* pty_process.cpp */,
				4E61B98B01D8C8255AC9484C /* pipe.h */,
				C53C00F637A3664145043CF8 /* pipe.cpp */,
			);
			name = acme_posix;
			sourceTree = "<group>";
		};
		94D0EE9596B01FF8FE5816E9 /* Products */ = {
			isa = PBXGroup;
			children = (
				7C1CB3AF8F022BBB6703B64F /* libacme.dylib */,
				72AD31B0567EB8D4AA905009 /* libios_acme.a */,
				0416C4A8E5A862DEF698A107 /* libstatic_acme.a */,
			);
			name = Products;
			sourceTree = "<group>";
		};
		82CF4F214ECDE669C9B46790 /* Frameworks */ = {
			isa = PBXGroup;
			children = (
			);
			name = Frameworks;
			sourceTree = "<group>";
		};
/* End PBXGroup section */

/* Begin PBXHeadersBuildPhase section */
		54CF9D30BBEE7B73558205AE /* Headers */ = {
			isa = PBXHeadersBuildPhase;
			buildActionMask = 2147483647;
			files = (
				C5F5FCA80C8FCAAA75F86855 /* file_context.h in Headers */,
				E8AE63E00399B7CA84C58572 /* directory_context.h in Headers */,
				AC8410E8F318E196770BD84A /* file.h in Headers */,
				2B399BBFC8139CAB6C67FE43 /* mutex.h in Headers */,
				3F52A1974C2B6C892F77735F /* integration_context.h in Headers */,
				86872F5C1785E424DAB31D4D /* _.h in Headers */,
				23EFBAD1F8E43ACE47A1C052 /* pipe.h in Headers */,
				019303C15C5737FF3EAB47D6 /* exception_translator.h in Headers */,
				8C4DF885B39C707323223A5B /* pty_process.h in Headers */,
				2594D29D685D81CDF99C3B57 /* file_memory_map.h in Headers */,
				B92C43E39DC4F46B0A3592C5 /* path_system.h in Headers */,
				F94CE7A96A6ED87F184C4750 /* node.h in Headers */,
				CEC9F888A803DD6D1741E605 /* directory_system.h in Headers */,
				74DB6B447869BE783A53F70B /* _posix.cpp in Headers */,
				5B1FD9AC7111C283FCB2000B /* exclusive.h in Headers */,
				B03E9C248E3E92797CD0EFB2 /* file_lock.h in Headers */,
				D223C2C98EC5F8350F96FD62 /* file_system.h in Headers */,
				B8CB83A2C0C18D99AC972631 /* framework.h in Headers */,
				4F2E5D1975EEB99418EA3364 /* _library.h in Headers */,
			);
			runOnlyForDeploymentPostprocessing = 0;
		};
		EF71D65EE9B6248DD2C3BC5D /* Headers */ = {
			isa = PBXHeadersBuildPhase;
			buildActionMask = 2147483647;
			files = (
				EE28839694E3CADFC1AECA55 /* file_context.h in Headers */,
				DE83C9D7B66C3F68A68E8A3B /* directory_context.h in Headers */,
				B6412A645E5CC261BBAE952B /* file.h in Headers */,
				650A3B168D8E88BCB808E0B5 /* mutex.h in Headers */,
				3BF1CADDAA18A2EC61E93E6B /* integration_context.h in Headers */,
				6099FFFF069DCD9847999386 /* _.h in Headers */,
				8F4C31D43F6ED45F97A3689E /* pipe.h in Headers */,
				4D304090D9CBA572F2522527 /* exception_translator.h in Headers */,
				98A05DB072113DB5B0F2B279 /* pty_process.h in Headers */,
				C2ADC9694614F5FBE5CBF07F /* file_memory_map.h in Headers */,
				A9EB6073297C8512CCFBCBE3 /* path_system.h in Headers */,
				1473E8F47871ECF84046B3E7 /* node.h in Headers */,
				8452D5EFAEBAE050AE315E58 /* directory_system.h in Headers */,
				949EE507692D5A80C0A86DEF /* _posix.cpp in Headers */,
				4DA3EF944CACADD0102DFD30 /* exclusive.h in Headers */,
				636ACEC2DE45C3CCC3D759AF /* file_lock.h in Headers */,
				EC5365D7CF6EB32F25788E43 /* file_system.h in Headers */,
				32D372CAC080E07D8A5D7AC4 /* framework.h in Headers */,
				8D784E0EEB99417B6B28E1EB /* _library.h in Headers */,
			);
			runOnlyForDeploymentPostprocessing = 0;
		};
		3570D12B68BCD2059CFDBA4F /* Headers */ = {
			isa = PBXHeadersBuildPhase;
			buildActionMask = 2147483647;
			files = (
				9DFDE28597CC189F87AB51F8 /* file_context.h in Headers */,
				839432DAD174C6D857BF99ED /* directory_context.h in Headers */,
				BA1C08295F71739046778525 /* file.h in Headers */,
				21A4D966A1A913C2940213F8 /* mutex.h in Headers */,
				A0B3DEDACB986317F5B24981 /* integration_context.h in Headers */,
				10D54023A9BDD4580AE585A1 /* _.h in Headers */,
				9F432D729DF469789B6072E1 /* pipe.h in Headers */,
				80AB37665FA6EBB5E1F9FAFB /* exception_translator.h in Headers */,
				91E7FD9C1CA5679CB4DAB9D7 /* pty_process.h in Headers */,
				6AFF7EAF58B8AB77DC039AEF /* file_memory_map.h in Headers */,
				53773C62D25806FA58B92532 /* path_system.h in Headers */,
				581EF2448CEFEBF4F9CA3CCE /* node.h in Headers */,
				C02854AFD72B055F400E5F2E /* directory_system.h in Headers */,
				989286A7B7AAA53E773D4423 /* _posix.cpp in Headers */,
				DCCF93752CE7E2DF43CD6891 /* exclusive.h in Headers */,
				0808E78A9D062342E1B9255A /* file_lock.h in Headers */,
				3CFBC170BD1CD74F3BFDF436 /* file_system.h in Headers */,
				52F696C0E4772C142E87FC19 /* framework.h in Headers */,
				D3B451462765C6462BDB546B /* _library.h in Headers */,
			);
			runOnlyForDeploymentPostprocessing = 0;
		};
/* End PBXHeadersBuildPhase section */

/* Begin PBXNativeTarget section */
		474FCAD0A7402CA093A2FFF8 /* acme_posix */ = {
			isa = PBXNativeTarget;
			buildConfigurationList = EDF293B5AE375F7495B1323E /* Build configuration list for PBXNativeTarget "acme_posix" */;
			buildPhases = (
				54CF9D30BBEE7B73558205AE /* Headers */,
				67AAF34F7903B3B2C5F26074 /* Sources */,
				33DC2257E90BF817F95A6FA2 /* Frameworks */,
				F66804147E9AE27C67E09958 /* ShellScript */,
			);
			buildRules = (
			);
			dependencies = (
				E41A0F23A5835210C3E2C398 /* PBXTargetDependency */,
			);
			name = acme_posix;
			productName = acme_posix;
			productReference = 007CFCD0FC6542DFA43B9427 /* libacme_posix.dylib */;
			productType = "com.apple.product-type.library.dynamic";
		};
		4966B35814D614CC4DEE48D8 /* ios_acme_posix */ = {
			isa = PBXNativeTarget;
			buildConfigurationList = D8DAD6550D37314082A5C18B /* Build configuration list for PBXNativeTarget "ios_acme_posix" */;
			buildPhases = (
				EF71D65EE9B6248DD2C3BC5D /* Headers */,
				BF8716BB681B32B55C2C8329 /* Sources */,
			);
			buildRules = (
			);
			dependencies = (
				EE8DCC978740BECBD9F29648 /* PBXTargetDependency */,
			);
			name = ios_acme_posix;
			productName = acme_posix;
			productReference = 4D1E9A7210DDACA651909146 /* libios_acme_posix.a */;
			productType = "com.apple.product-type.library.dynamic";
		};
		A1EBF67BF9FD615122DD0DD0 /* static_acme_posix */ = {
			isa = PBXNativeTarget;
			buildConfigurationList = C44947163199E2687FD7A155 /* Build configuration list for PBXNativeTarget "static_acme_posix" */;
			buildPhases = (
				3570D12B68BCD2059CFDBA4F /* Headers */,
				BC90C907FC2986E36FAC631A /* Sources */,
			);
			buildRules = (
			);
			dependencies = (
				B89254341EEE957D9346A642 /* PBXTargetDependency */,
			);
			name = static_acme_posix;
			productName = acme_posix;
			productReference = B6553034F98D76F76CE38CA6 /* libstatic_acme_posix.a */;
			productType = "com.apple.product-type.library.dynamic";
		};
/* End PBXNativeTarget section */

/* Begin PBXProject section */
		CF90F79A9FDECAA054C4A353 /* Project object */ = {
			isa = PBXProject;
			attributes = {
				BuildIndependentTargetsInParallel = YES;
				LastUpgradeCheck = 1620;
				ORGANIZATIONNAME = "ca2 Software Development";
				TargetAttributes = {
					474FCAD0A7402CA093A2FFF8 = {
						CreatedOnToolsVersion = 12.5;
					};
				};
			};
			buildConfigurationList = CDFFB5F4360D223D463F7B15 /* Build configuration list for PBXProject "acme_posix" */;
			compatibilityVersion = "Xcode 12.0";
			developmentRegion = en;
			hasScannedForEncodings = 0;
			knownRegions = (
				en,
				Base,
			);
			mainGroup = ECFAB7D5103BA2D40BB1DE92;
			productRefGroup = 0D62627AD4A0B86C066A1032 /* Products */;
			projectDirPath = "";
			projectReferences = (
				{
					ProductGroup = 94D0EE9596B01FF8FE5816E9 /* Products */;
					ProjectRef = 681F7509BA4F4D66624CBE41 /* acme.xcodeproj */;
				},
			);
			projectRoot = "";
			targets = (
				474FCAD0A7402CA093A2FFF8 /* acme_posix */,
				4966B35814D614CC4DEE48D8 /* ios_acme_posix */,
				A1EBF67BF9FD615122DD0DD0 /* static_acme_posix */,
			);
		};
/* End PBXProject section */

/* Begin PBXReferenceProxy section */
		7C1CB3AF8F022BBB6703B64F /* libacme.dylib */ = {
			isa = PBXReferenceProxy;
			fileType = "compiled.mach-o.dylib";
			path = libacme.dylib;
			remoteRef = 1CFA8CB0C7218251FEC1C27C /* PBXContainerItemProxy */;
			sourceTree = BUILT_PRODUCTS_DIR;
		};
		0416C4A8E5A862DEF698A107 /* libstatic_acme.a */ = {
			isa = PBXReferenceProxy;
			fileType = "compiled.mach-o.dylib";
			path = libstatic_acme.a;
			remoteRef = 8A078454A12D4BF85CF9172F /* PBXContainerItemProxy */;
			sourceTree = BUILT_PRODUCTS_DIR;
		};
		72AD31B0567EB8D4AA905009 /* libios_acme.a */ = {
			isa = PBXReferenceProxy;
			fileType = "compiled.mach-o.dylib";
			path = libios_acme.a;
			remoteRef = 496F41E2486B08A92A3D8407 /* PBXContainerItemProxy */;
			sourceTree = BUILT_PRODUCTS_DIR;
		};
/* End PBXReferenceProxy section */

/* Begin PBXShellScriptBuildPhase section */
		F66804147E9AE27C67E09958 /* ShellScript */ = {
			isa = PBXShellScriptBuildPhase;
			buildActionMask = 2147483647;
			files = (
			);
			inputFileListPaths = (
			);
			inputPaths = (
				"$(BUILT_PRODUCTS_DIR)/$(EXECUTABLE_NAME)",
				"$(WorkspaceDir)/output_copy.txt",
			);
			outputFileListPaths = (
			);
			outputPaths = (
				"$(WorkspaceDir)/time-$(PLATFORM_MODIFIER)/output-$(CONFIIGURATION)/$(EXECUTABLE_NAME)",
			);
			runOnlyForDeploymentPostprocessing = 0;
			shellPath = /bin/sh;
			shellScript = ". $HOME/code/operating_system/tool/bin/_on_after_build_dylib\n";
		};
/* End PBXShellScriptBuildPhase section */

/* Begin PBXSourcesBuildPhase section */
		67AAF34F7903B3B2C5F26074 /* Sources */ = {
			isa = PBXSourcesBuildPhase;
			buildActionMask = 2147483647;
			files = (
				82A4110AD8AA7C370BD01D93 /* _posix.cpp in Sources */,
				BDC031D5E0CE44647D8FCF2A /* path_system.cpp in Sources */,
				5CB58A26144D75F07C4C00CC /* _.cpp in Sources */,
				AE76DA82079095A5CB33D078 /* node_utsname.cpp in Sources */,
				6AA780BB82B73D21E90CC444 /* framework.cpp in Sources */,
				8FA6091F5E8CA146271066B3 /* directory_context.cpp in Sources */,
				FC9B973BE5BCC560EB1090CF /* pty_process.cpp in Sources */,
				98A1F4C7310E471275951C2E /* directory_system.cpp in Sources */,
				5E8CC19DAA1461A12C05A891 /* _factory.cpp in Sources */,
				3923494F1ACBD717408F58AF /* file_context.cpp in Sources */,
				BAD37E2CDB39F371B306D68F /* list_serial_ports.cpp in Sources */,
				3D514D567149D8E66F83B598 /* mutex.cpp in Sources */,
				1795B30EB85EB4155126E68E /* exception_translator.cpp in Sources */,
				51345F7306F10BBAD963A907 /* file.cpp in Sources */,
				2584F43A13492794ED9C75EC /* integration_context.cpp in Sources */,
				8D28944DB71BE6E9ADC7E636 /* pipe.cpp in Sources */,
				440F41BBDD59045E30349542 /* file_system.cpp in Sources */,
				408EDD96272CF01EC1388252 /* exclusive.cpp in Sources */,
				EA97DE2D94A7769A98A18DF2 /* file_memory_map.cpp in Sources */,
				C2BE221ED1E4AC15611C8F4C /* node.cpp in Sources */,
				783EA985786D2376FE3E8114 /* node_clang_callstack.cpp in Sources */,
			);
			runOnlyForDeploymentPostprocessing = 0;
		};
		BF8716BB681B32B55C2C8329 /* Sources */ = {
			isa = PBXSourcesBuildPhase;
			buildActionMask = 2147483647;
			files = (
				8B4B0B9426AF2CFF22F23330 /* _posix.cpp in Sources */,
				2BA1D8B364294982E809173A /* path_system.cpp in Sources */,
				6FF4EED7C05309EE3C590802 /* _.cpp in Sources */,
				8A0FE06E01E79C9DFDCD0DFD /* node_utsname.cpp in Sources */,
				56266DDD7F93A29242AD99F5 /* framework.cpp in Sources */,
				FFF25856F50DF50480023537 /* directory_context.cpp in Sources */,
				BD270944DE8AAB17C22FA980 /* pty_process.cpp in Sources */,
				05F2654704E8A9A24FD90132 /* directory_system.cpp in Sources */,
				416106BC6511F7C442EC780D /* _factory.cpp in Sources */,
				BC430014909AA3D814AAA9CE /* file_context.cpp in Sources */,
				D2626C39DF861D75DE19F7FB /* list_serial_ports.cpp in Sources */,
				7801736F87B85CD76EB9B763 /* mutex.cpp in Sources */,
				2AA40E990DC7EC596170DB29 /* exception_translator.cpp in Sources */,
				1F043D496567BCE18E2FE89F /* file.cpp in Sources */,
				8303645217ADB7ACBAE56EF7 /* integration_context.cpp in Sources */,
				44B3D97B5276F77A3F346B2A /* pipe.cpp in Sources */,
				0F7FDD0FD2999DC2BCB9807D /* file_system.cpp in Sources */,
				9FCC1495AC28F77448B1CA59 /* exclusive.cpp in Sources */,
				79B994EA7BB033F2DE69EC10 /* file_memory_map.cpp in Sources */,
				3FCE4744A6D7A01C03683CA6 /* node.cpp in Sources */,
				CCE86EF1E26DE858211266BB /* node_clang_callstack.cpp in Sources */,
			);
			runOnlyForDeploymentPostprocessing = 0;
		};
		BC90C907FC2986E36FAC631A /* Sources */ = {
			isa = PBXSourcesBuildPhase;
			buildActionMask = 2147483647;
			files = (
				49C441C2EEDC7D97ED86D35E /* _posix.cpp in Sources */,
				5425260E69F9C6A54B487B1D /* path_system.cpp in Sources */,
				DEEE446993C7899777DDDDDB /* _.cpp in Sources */,
				94D1E5B90F9E8F183EB622DB /* node_utsname.cpp in Sources */,
				ED68FD9C3BBE8A85EC2260FD /* framework.cpp in Sources */,
				182447772A03C568A29C6620 /* directory_context.cpp in Sources */,
				3BB32C58E4C2846A610F39D6 /* pty_process.cpp in Sources */,
				AA5C9C8607EC4FE8B90CB115 /* directory_system.cpp in Sources */,
				34072602CC913E52162007A3 /* _factory.cpp in Sources */,
				EBAD2F93537C406F555F7510 /* file_context.cpp in Sources */,
				9FDCA7ABB77478BC045602D6 /* list_serial_ports.cpp in Sources */,
				08FB692B4CD5C3A9C79D4722 /* mutex.cpp in Sources */,
				45D6488EF3212A6FE4553930 /* exception_translator.cpp in Sources */,
				347356423FEC47297FC71E70 /* file.cpp in Sources */,
				B69FA56695BA6BA84FE7E581 /* integration_context.cpp in Sources */,
				CC20D4CFF402793CE8040351 /* pipe.cpp in Sources */,
				04BA0A1244E6417602AC8E10 /* file_system.cpp in Sources */,
				0E6B2233CAC246D974437C20 /* exclusive.cpp in Sources */,
				349ABF9CFA995303B9ECC9E5 /* file_memory_map.cpp in Sources */,
				F4A84C6EF735A4E947690152 /* node.cpp in Sources */,
				44F1BB77290EF81C340B7201 /* node_clang_callstack.cpp in Sources */,
			);
			runOnlyForDeploymentPostprocessing = 0;
		};
/* End PBXSourcesBuildPhase section */

/* Begin PBXTargetDependency section */
		E41A0F23A5835210C3E2C398 /* PBXTargetDependency */ = {
			isa = PBXTargetDependency;
			name = acme;
			targetProxy = 753060A953D09274F3ABD906 /* PBXContainerItemProxy */;
		};
		EE8DCC978740BECBD9F29648 /* PBXTargetDependency */ = {
			isa = PBXTargetDependency;
			name = ios_acme;
			targetProxy = 676005D0C715FF30A00D5744 /* PBXContainerItemProxy */;
		};
		B89254341EEE957D9346A642 /* PBXTargetDependency */ = {
			isa = PBXTargetDependency;
			name = _acme;
			targetProxy = E80794CF1214DE472F99222F /* PBXContainerItemProxy */;
		};
/* End PBXTargetDependency section */

/* Begin XCBuildConfiguration section */
		DE49C117D04CDB955F648CED /* Debug */ = {
			isa = XCBuildConfiguration;
			baseConfigurationReference = 79417ED6381950D2102B8818 /* _____debug.xcconfig */;
			buildSettings = {
				ALWAYS_SEARCH_USER_PATHS = NO;
				ASSETCATALOG_COMPILER_GENERATE_SWIFT_ASSET_SYMBOL_EXTENSIONS = YES;
				BUILD_LIBRARY_FOR_DISTRIBUTION = YES;
				CLANG_ANALYZER_LOCALIZABILITY_NONLOCALIZED = YES;
				CLANG_CXX_LANGUAGE_STANDARD = "c++20";
				CLANG_CXX_LIBRARY = "libc++";
				CLANG_ENABLE_OBJC_ARC = YES;
				CLANG_WARN_BLOCK_CAPTURE_AUTORELEASING = YES;
				CLANG_WARN_BOOL_CONVERSION = YES;
				CLANG_WARN_COMMA = YES;
				CLANG_WARN_CONSTANT_CONVERSION = YES;
				CLANG_WARN_DEPRECATED_OBJC_IMPLEMENTATIONS = YES;
				CLANG_WARN_EMPTY_BODY = YES;
				CLANG_WARN_ENUM_CONVERSION = YES;
				CLANG_WARN_INFINITE_RECURSION = YES;
				CLANG_WARN_INT_CONVERSION = YES;
				CLANG_WARN_NON_LITERAL_NULL_CONVERSION = YES;
				CLANG_WARN_OBJC_IMPLICIT_RETAIN_SELF = YES;
				CLANG_WARN_OBJC_LITERAL_CONVERSION = YES;
				CLANG_WARN_PRAGMA_PACK = NO;
				CLANG_WARN_QUOTED_INCLUDE_IN_FRAMEWORK_HEADER = YES;
				CLANG_WARN_RANGE_LOOP_ANALYSIS = YES;
				CLANG_WARN_STRICT_PROTOTYPES = YES;
				CLANG_WARN_SUSPICIOUS_MOVE = YES;
				CLANG_WARN_UNREACHABLE_CODE = YES;
				CLANG_WARN__DUPLICATE_METHOD_MATCH = YES;
				COPY_PHASE_STRIP = NO;
				DEAD_CODE_STRIPPING = YES;
				DEBUG_INFORMATION_FORMAT = "dwarf-with-dsym";
				ENABLE_STRICT_OBJC_MSGSEND = YES;
				ENABLE_TESTABILITY = YES;
				ENABLE_USER_SCRIPT_SANDBOXING = YES;
				EXECUTABLE_EXTENSION = dylib;
				EXECUTABLE_PREFIX = lib;
				GCC_C_LANGUAGE_STANDARD = c11;
				GCC_DYNAMIC_NO_PIC = NO;
				GCC_INCREASE_PRECOMPILED_HEADER_SHARING = NO;
				GCC_NO_COMMON_BLOCKS = YES;
				GCC_OPTIMIZATION_LEVEL = 0;
				GCC_PRECOMPILE_PREFIX_HEADER = YES;
				GCC_PREFIX_HEADER = framework.h;
				GCC_PREPROCESSOR_DEFINITIONS = "$(inherited)";
				GCC_SYMBOLS_PRIVATE_EXTERN = NO;
				GCC_WARN_64_TO_32_BIT_CONVERSION = YES;
				GCC_WARN_ABOUT_RETURN_TYPE = YES;
				GCC_WARN_UNDECLARED_SELECTOR = YES;
				GCC_WARN_UNINITIALIZED_AUTOS = YES;
				GCC_WARN_UNUSED_FUNCTION = YES;
				GCC_WARN_UNUSED_VARIABLE = YES;
				HEADER_SEARCH_PATHS = "";
				LD_RUNPATH_SEARCH_PATHS = "@executable_path @loader_path";
				LIBRARY_SEARCH_PATHS = (
					"$(inherited)",
					"$(WorkspaceDir)/../operating_system/storage-$(PLATFORM_MODIFIER)/$(CONFIGURATION)/library",
				);
				ONLY_ACTIVE_ARCH = YES;
				OTHER_LDFLAGS = "-all_load";
				PLATFORM_MODIFIER = macos;
				PRODUCT_NAME = "$(TARGET_NAME)";
				SKIP_INSTALL = YES;
				SYSTEM_HEADER_SEARCH_PATHS = (
					"$(WorkspaceDir)/operating_system/operating_system-$(PLATFORM_MODIFIER)/include",
					"$(WorkspaceDir)/operating_system/operating_system-$(PLATFORM_MODIFIER)/configuration",
					"$(WorkspaceDir)/port/include",
					"$(WorkspaceDir)/source/app/include",
				);
				USER_HEADER_SEARCH_PATHS = (
					.,
					"$(WorkspaceDir)/source",
					"$(WorkspaceDir)/source/app",
					"$(WorkspaceDir)/source/app/_include",
					"$(WorkspaceDir)/operating_system",
					"$(WorkspaceDir)/operating_system/operating_system-$(PLATFORM_MODIFIER)",
					"$(WorkspaceDir)/operating_system/operating_system-$(PLATFORM_MODIFIER)/configuration_selection/$(CONFIGURATION)",
					"$(WorkspaceDir)/port/_",
					"$(PROJECT_DIR)",
					"$(PROJECT_DIR)/..",
					"$(PROJECT_DIR)/../..",
					"$(HOME)/sensitive/sensitive/include",
				);
				USE_HEADERMAP = NO;
				WorkspaceDir = "$(SRCROOT)/../../..";
			};
			name = Debug;
		};
		E8EF093B9B715368458D6C77 /* Release */ = {
			isa = XCBuildConfiguration;
			baseConfigurationReference = 458ADD237D7A82954FB43FBC /* _____release.xcconfig */;
			buildSettings = {
				ALWAYS_SEARCH_USER_PATHS = NO;
				ASSETCATALOG_COMPILER_GENERATE_SWIFT_ASSET_SYMBOL_EXTENSIONS = YES;
				BUILD_LIBRARY_FOR_DISTRIBUTION = YES;
				CLANG_ANALYZER_LOCALIZABILITY_NONLOCALIZED = YES;
				CLANG_CXX_LANGUAGE_STANDARD = "c++20";
				CLANG_CXX_LIBRARY = "libc++";
				CLANG_ENABLE_OBJC_ARC = YES;
				CLANG_WARN_BLOCK_CAPTURE_AUTORELEASING = YES;
				CLANG_WARN_BOOL_CONVERSION = YES;
				CLANG_WARN_COMMA = YES;
				CLANG_WARN_CONSTANT_CONVERSION = YES;
				CLANG_WARN_DEPRECATED_OBJC_IMPLEMENTATIONS = YES;
				CLANG_WARN_EMPTY_BODY = YES;
				CLANG_WARN_ENUM_CONVERSION = YES;
				CLANG_WARN_INFINITE_RECURSION = YES;
				CLANG_WARN_INT_CONVERSION = YES;
				CLANG_WARN_NON_LITERAL_NULL_CONVERSION = YES;
				CLANG_WARN_OBJC_IMPLICIT_RETAIN_SELF = YES;
				CLANG_WARN_OBJC_LITERAL_CONVERSION = YES;
				CLANG_WARN_PRAGMA_PACK = NO;
				CLANG_WARN_QUOTED_INCLUDE_IN_FRAMEWORK_HEADER = YES;
				CLANG_WARN_RANGE_LOOP_ANALYSIS = YES;
				CLANG_WARN_STRICT_PROTOTYPES = YES;
				CLANG_WARN_SUSPICIOUS_MOVE = YES;
				CLANG_WARN_UNREACHABLE_CODE = YES;
				CLANG_WARN__DUPLICATE_METHOD_MATCH = YES;
				COPY_PHASE_STRIP = NO;
				DEAD_CODE_STRIPPING = YES;
				DEBUG_INFORMATION_FORMAT = "dwarf-with-dsym";
				ENABLE_HARDENED_RUNTIME = YES;
				ENABLE_STRICT_OBJC_MSGSEND = YES;
				ENABLE_TESTABILITY = YES;
				ENABLE_USER_SCRIPT_SANDBOXING = YES;
				EXECUTABLE_EXTENSION = dylib;
				EXECUTABLE_PREFIX = lib;
				GCC_C_LANGUAGE_STANDARD = c11;
				GCC_INCREASE_PRECOMPILED_HEADER_SHARING = NO;
				GCC_NO_COMMON_BLOCKS = YES;
				GCC_PRECOMPILE_PREFIX_HEADER = YES;
				GCC_PREFIX_HEADER = framework.h;
				GCC_WARN_64_TO_32_BIT_CONVERSION = YES;
				GCC_WARN_ABOUT_RETURN_TYPE = YES;
				GCC_WARN_UNDECLARED_SELECTOR = YES;
				GCC_WARN_UNINITIALIZED_AUTOS = YES;
				GCC_WARN_UNUSED_FUNCTION = YES;
				GCC_WARN_UNUSED_VARIABLE = YES;
				HEADER_SEARCH_PATHS = "";
				LD_RUNPATH_SEARCH_PATHS = "@executable_path @loader_path";
				LIBRARY_SEARCH_PATHS = (
					"$(inherited)",
					"$(WorkspaceDir)/../operating_system/storage-$(PLATFORM_MODIFIER)/$(CONFIGURATION)/library",
				);
				OTHER_LDFLAGS = "-all_load";
				PLATFORM_MODIFIER = macos;
				PRODUCT_NAME = "$(TARGET_NAME)";
				SKIP_INSTALL = YES;
				SYSTEM_HEADER_SEARCH_PATHS = (
					"$(WorkspaceDir)/operating_system/operating_system-$(PLATFORM_MODIFIER)/include",
					"$(WorkspaceDir)/operating_system/operating_system-$(PLATFORM_MODIFIER)/configuration",
					"$(WorkspaceDir)/port/include",
					"$(WorkspaceDir)/source/app/include",
				);
				USER_HEADER_SEARCH_PATHS = (
					.,
					"$(WorkspaceDir)/source",
					"$(WorkspaceDir)/source/app",
					"$(WorkspaceDir)/source/app/_include",
					"$(WorkspaceDir)/operating_system",
					"$(WorkspaceDir)/operating_system/operating_system-$(PLATFORM_MODIFIER)",
					"$(WorkspaceDir)/operating_system/operating_system-$(PLATFORM_MODIFIER)/configuration_selection/$(CONFIGURATION)",
					"$(WorkspaceDir)/port/_",
					"$(PROJECT_DIR)",
					"$(PROJECT_DIR)/..",
					"$(PROJECT_DIR)/../..",
					"$(HOME)/sensitive/sensitive/include",
				);
				USE_HEADERMAP = NO;
				WorkspaceDir = "$(SRCROOT)/../../..";
			};
			name = Release;
		};
		920C6E65B42DFFA4B6DCC8D1 /* Debug */ = {
			isa = XCBuildConfiguration;
			buildSettings = {
				ENABLE_HARDENED_RUNTIME = YES;
				EXECUTABLE_EXTENSION = dylib;
				MACH_O_TYPE = mh_dylib;
				PLATFORM_MODIFIER = macos;
				SDKROOT = macosx;
			};
			name = Debug;
		};
		EBA52DBC703BCA1A2F062F0E /* Release */ = {
			isa = XCBuildConfiguration;
			buildSettings = {
				ENABLE_HARDENED_RUNTIME = YES;
				EXECUTABLE_EXTENSION = dylib;
				MACH_O_TYPE = mh_dylib;
				PLATFORM_MODIFIER = macos;
				SDKROOT = macosx;
			};
			name = Release;
		};
		AA809042210A75B94085A287 /* Debug */ = {
			isa = XCBuildConfiguration;
			buildSettings = {
				DEAD_CODE_STRIPPING = NO;
				EXECUTABLE_EXTENSION = "$(STATIC_LIBRARY_EXTENSION:default=a)";
				EXECUTABLE_PREFIX = lib;
				MACH_O_TYPE = staticlib;
				PLATFORM_MODIFIER = ios;
				SDKROOT = iphoneos;
			};
			name = Debug;
		};
		AB85F2E93CC9E1FF1E7F3042 /* Release */ = {
			isa = XCBuildConfiguration;
			buildSettings = {
				DEAD_CODE_STRIPPING = NO;
				EXECUTABLE_EXTENSION = "$(STATIC_LIBRARY_EXTENSION:default=a)";
				EXECUTABLE_PREFIX = lib;
				MACH_O_TYPE = staticlib;
				PLATFORM_MODIFIER = ios;
				SDKROOT = iphoneos;
			};
			name = Release;
		};
		A77F42EE712204FADA534711 /* Debug */ = {
			isa = XCBuildConfiguration;
			buildSettings = {
				DEAD_CODE_STRIPPING = NO;
				EXECUTABLE_EXTENSION = "$(STATIC_LIBRARY_EXTENSION:default=a)";
				GCC_PREPROCESSOR_DEFINITIONS = (
					CUBE,
					"DEBUG=1",
					"$(inherited)",
				);
				MACH_O_TYPE = staticlib;
				PLATFORM_MODIFIER = macos;
				PRODUCT_NAME = "$(TARGET_NAME)";
			};
			name = Debug;
		};
		BFAB18774D4D027EAD5866A3 /* Release */ = {
			isa = XCBuildConfiguration;
			buildSettings = {
				DEAD_CODE_STRIPPING = NO;
				EXECUTABLE_EXTENSION = "$(STATIC_LIBRARY_EXTENSION:default=a)";
				GCC_PREPROCESSOR_DEFINITIONS = CUBE;
				MACH_O_TYPE = staticlib;
				PLATFORM_MODIFIER = macos;
				PRODUCT_NAME = "$(TARGET_NAME)";
			};
			name = Release;
		};
/* End XCBuildConfiguration section */

/* Begin XCConfigurationList section */
		CDFFB5F4360D223D463F7B15 /* Build configuration list for PBXProject "acme_posix" */ = {
			isa = XCConfigurationList;
			buildConfigurations = (
				DE49C117D04CDB955F648CED /* Debug */,
				E8EF093B9B715368458D6C77 /* Release */,
			);
			defaultConfigurationIsVisible = 0;
			defaultConfigurationName = Release;
		};
		EDF293B5AE375F7495B1323E /* Build configuration list for PBXNativeTarget "acme_posix" */ = {
			isa = XCConfigurationList;
			buildConfigurations = (
				920C6E65B42DFFA4B6DCC8D1 /* Debug */,
				EBA52DBC703BCA1A2F062F0E /* Release */,
			);
			defaultConfigurationIsVisible = 0;
			defaultConfigurationName = Release;
		};
		D8DAD6550D37314082A5C18B /* Build configuration list for PBXNativeTarget "ios_acme_posix" */ = {
			isa = XCConfigurationList;
			buildConfigurations = (
				AA809042210A75B94085A287 /* Debug */,
				AB85F2E93CC9E1FF1E7F3042 /* Release */,
			);
			defaultConfigurationIsVisible = 0;
			defaultConfigurationName = Release;
		};
		C44947163199E2687FD7A155 /* Build configuration list for PBXNativeTarget "static_acme_posix" */ = {
			isa = XCConfigurationList;
			buildConfigurations = (
				A77F42EE712204FADA534711 /* Debug */,
				BFAB18774D4D027EAD5866A3 /* Release */,
			);
			defaultConfigurationIsVisible = 0;
			defaultConfigurationName = Release;
		};
/* End XCConfigurationList section */
	};
	rootObject = CF90F79A9FDECAA054C4A353 /* Project object */;
}
