// !$*UTF8*$!
{
	archiveVersion = 1;
	classes = {
	};
	objectVersion = 55;
	objects = {

/* Begin PBXBuildFile section */
		9A0C16C5264A2C6D00B5CC33 /* pipe.cpp in Sources */ = {isa = PBXBuildFile; fileRef = 9A0C16AF264A2C6C00B5CC33 /* pipe.cpp */; };
		9A0C16C7264A2C6D00B5CC33 /* file_memory_map.cpp in Sources */ = {isa = PBXBuildFile; fileRef = 9A0C16B2264A2C6C00B5CC33 /* file_memory_map.cpp */; };
		9A0C16C8264A2C6D00B5CC33 /* framework.cpp in Sources */ = {isa = PBXBuildFile; fileRef = 9A0C16B3264A2C6C00B5CC33 /* framework.cpp */; };
		9A0C16CA264A2C6D00B5CC33 /* node.cpp in Sources */ = {isa = PBXBuildFile; fileRef = 9A0C16B6264A2C6C00B5CC33 /* node.cpp */; };
		9A0C16CB264A2C6D00B5CC33 /* node.h in Headers */ = {isa = PBXBuildFile; fileRef = 9A0C16B7264A2C6C00B5CC33 /* node.h */; };
		9A0C16CE264A2C6D00B5CC33 /* _.cpp in Sources */ = {isa = PBXBuildFile; fileRef = 9A0C16BA264A2C6C00B5CC33 /* _.cpp */; };
		9A0C16D0264A2C6D00B5CC33 /* file_memory_map.h in Headers */ = {isa = PBXBuildFile; fileRef = 9A0C16BF264A2C6C00B5CC33 /* file_memory_map.h */; };
		9A0C16D1264A2C6D00B5CC33 /* pipe.h in Headers */ = {isa = PBXBuildFile; fileRef = 9A0C16C0264A2C6C00B5CC33 /* pipe.h */; };
		9A0C16D2264A2C6D00B5CC33 /* _factory.cpp in Sources */ = {isa = PBXBuildFile; fileRef = 9A0C16C1264A2C6C00B5CC33 /* _factory.cpp */; };
		9A0C16D3264A2C6D00B5CC33 /* framework.h in Headers */ = {isa = PBXBuildFile; fileRef = 9A0C16C2264A2C6C00B5CC33 /* framework.h */; };
		9A0C16D5264A2C6D00B5CC33 /* _.h in Headers */ = {isa = PBXBuildFile; fileRef = 9A0C16C4264A2C6C00B5CC33 /* _.h */; };
		9A787E3F264DCFCD003DF8A0 /* libacme.dylib in Frameworks */ = {isa = PBXBuildFile; fileRef = 9A0C1798264A315100B5CC33 /* libacme.dylib */; };
		9A78F40328E791B4007F62C0 /* exception_translator.cpp in Sources */ = {isa = PBXBuildFile; fileRef = 9A78F40128E791B4007F62C0 /* exception_translator.cpp */; };
		9A78F40428E791B4007F62C0 /* exception_translator.cpp in Sources */ = {isa = PBXBuildFile; fileRef = 9A78F40128E791B4007F62C0 /* exception_translator.cpp */; };
		9A78F40528E791B4007F62C0 /* exception_translator.h in Headers */ = {isa = PBXBuildFile; fileRef = 9A78F40228E791B4007F62C0 /* exception_translator.h */; };
		9A78F40628E791B4007F62C0 /* exception_translator.h in Headers */ = {isa = PBXBuildFile; fileRef = 9A78F40228E791B4007F62C0 /* exception_translator.h */; };
		9A78F44528E7E3E2007F62C0 /* node_clang_callstack.cpp in Sources */ = {isa = PBXBuildFile; fileRef = 9A78F44428E7E3E2007F62C0 /* node_clang_callstack.cpp */; };
		9A78F44628E7E3E2007F62C0 /* node_clang_callstack.cpp in Sources */ = {isa = PBXBuildFile; fileRef = 9A78F44428E7E3E2007F62C0 /* node_clang_callstack.cpp */; };
		9A892E8026CDDAA9008D6412 /* acme_directory.h in Headers */ = {isa = PBXBuildFile; fileRef = 9A892E7926CDDAA7008D6412 /* acme_directory.h */; };
		9A892E8126CDDAA9008D6412 /* acme_file.cpp in Sources */ = {isa = PBXBuildFile; fileRef = 9A892E7B26CDDAA8008D6412 /* acme_file.cpp */; };
		9A892E8226CDDAA9008D6412 /* acme_directory.cpp in Sources */ = {isa = PBXBuildFile; fileRef = 9A892E7C26CDDAA8008D6412 /* acme_directory.cpp */; };
		9A892E8326CDDAA9008D6412 /* acme_file.h in Headers */ = {isa = PBXBuildFile; fileRef = 9A892E7D26CDDAA8008D6412 /* acme_file.h */; };
		9A892E8426CDDAA9008D6412 /* acme_path.cpp in Sources */ = {isa = PBXBuildFile; fileRef = 9A892E7E26CDDAA8008D6412 /* acme_path.cpp */; };
		9A892E8526CDDAA9008D6412 /* acme_path.h in Headers */ = {isa = PBXBuildFile; fileRef = 9A892E7F26CDDAA8008D6412 /* acme_path.h */; };
		9A8E9DBF282A2F7E005FF778 /* _.h in Headers */ = {isa = PBXBuildFile; fileRef = 9A0C16C4264A2C6C00B5CC33 /* _.h */; };
		9A8E9DC0282A2F7E005FF778 /* pipe.h in Headers */ = {isa = PBXBuildFile; fileRef = 9A0C16C0264A2C6C00B5CC33 /* pipe.h */; };
		9A8E9DC1282A2F7E005FF778 /* file_memory_map.h in Headers */ = {isa = PBXBuildFile; fileRef = 9A0C16BF264A2C6C00B5CC33 /* file_memory_map.h */; };
		9A8E9DC2282A2F7E005FF778 /* acme_path.h in Headers */ = {isa = PBXBuildFile; fileRef = 9A892E7F26CDDAA8008D6412 /* acme_path.h */; };
		9A8E9DC3282A2F7E005FF778 /* node.h in Headers */ = {isa = PBXBuildFile; fileRef = 9A0C16B7264A2C6C00B5CC33 /* node.h */; };
		9A8E9DC4282A2F7E005FF778 /* acme_directory.h in Headers */ = {isa = PBXBuildFile; fileRef = 9A892E7926CDDAA7008D6412 /* acme_directory.h */; };
		9A8E9DC6282A2F7E005FF778 /* acme_file.h in Headers */ = {isa = PBXBuildFile; fileRef = 9A892E7D26CDDAA8008D6412 /* acme_file.h */; };
		9A8E9DC7282A2F7E005FF778 /* framework.h in Headers */ = {isa = PBXBuildFile; fileRef = 9A0C16C2264A2C6C00B5CC33 /* framework.h */; };
		9A8E9DC9282A2F7E005FF778 /* acme_path.cpp in Sources */ = {isa = PBXBuildFile; fileRef = 9A892E7E26CDDAA8008D6412 /* acme_path.cpp */; };
		9A8E9DCA282A2F7E005FF778 /* _.cpp in Sources */ = {isa = PBXBuildFile; fileRef = 9A0C16BA264A2C6C00B5CC33 /* _.cpp */; };
		9A8E9DCB282A2F7E005FF778 /* framework.cpp in Sources */ = {isa = PBXBuildFile; fileRef = 9A0C16B3264A2C6C00B5CC33 /* framework.cpp */; };
		9A8E9DCC282A2F7E005FF778 /* acme_directory.cpp in Sources */ = {isa = PBXBuildFile; fileRef = 9A892E7C26CDDAA8008D6412 /* acme_directory.cpp */; };
		9A8E9DCD282A2F7E005FF778 /* _factory.cpp in Sources */ = {isa = PBXBuildFile; fileRef = 9A0C16C1264A2C6C00B5CC33 /* _factory.cpp */; };
		9A8E9DCE282A2F7E005FF778 /* pipe.cpp in Sources */ = {isa = PBXBuildFile; fileRef = 9A0C16AF264A2C6C00B5CC33 /* pipe.cpp */; };
		9A8E9DCF282A2F7E005FF778 /* acme_file.cpp in Sources */ = {isa = PBXBuildFile; fileRef = 9A892E7B26CDDAA8008D6412 /* acme_file.cpp */; };
		9A8E9DD0282A2F7E005FF778 /* file_memory_map.cpp in Sources */ = {isa = PBXBuildFile; fileRef = 9A0C16B2264A2C6C00B5CC33 /* file_memory_map.cpp */; };
		9A8E9DD1282A2F7E005FF778 /* node.cpp in Sources */ = {isa = PBXBuildFile; fileRef = 9A0C16B6264A2C6C00B5CC33 /* node.cpp */; };
/* End PBXBuildFile section */

/* Begin PBXContainerItemProxy section */
		9A0C1797264A315100B5CC33 /* PBXContainerItemProxy */ = {
			isa = PBXContainerItemProxy;
			containerPortal = 9A0C1792264A315100B5CC33 /* acme.xcodeproj */;
			proxyType = 2;
			remoteGlobalIDString = 9A68A41425114352008DABD2;
			remoteInfo = acme;
		};
		9A0C1799264A315100B5CC33 /* PBXContainerItemProxy */ = {
			isa = PBXContainerItemProxy;
			containerPortal = 9A0C1792264A315100B5CC33 /* acme.xcodeproj */;
			proxyType = 2;
			remoteGlobalIDString = 9AD692B6251A753A00C0EBD7;
			remoteInfo = ios_acme;
		};
		9A0C179B264A316000B5CC33 /* PBXContainerItemProxy */ = {
			isa = PBXContainerItemProxy;
			containerPortal = 9A0C1792264A315100B5CC33 /* acme.xcodeproj */;
			proxyType = 1;
			remoteGlobalIDString = 9A68A41325114352008DABD2;
			remoteInfo = acme;
		};
		9A8E9EF9282A3537005FF778 /* PBXContainerItemProxy */ = {
			isa = PBXContainerItemProxy;
			containerPortal = 9A0C1792264A315100B5CC33 /* acme.xcodeproj */;
			proxyType = 1;
			remoteGlobalIDString = 9AD68E39251A753A00C0EBD7;
			remoteInfo = ios_acme;
		};
/* End PBXContainerItemProxy section */

/* Begin PBXFileReference section */
		9A0C1638264A281D00B5CC33 /* libacme_posix.dylib */ = {isa = PBXFileReference; explicitFileType = "compiled.mach-o.dylib"; includeInIndex = 0; path = libacme_posix.dylib; sourceTree = BUILT_PRODUCTS_DIR; };
		9A0C16AF264A2C6C00B5CC33 /* pipe.cpp */ = {isa = PBXFileReference; fileEncoding = 4; lastKnownFileType = sourcecode.cpp.cpp; path = pipe.cpp; sourceTree = "<group>"; };
		9A0C16B2264A2C6C00B5CC33 /* file_memory_map.cpp */ = {isa = PBXFileReference; fileEncoding = 4; lastKnownFileType = sourcecode.cpp.cpp; path = file_memory_map.cpp; sourceTree = "<group>"; };
		9A0C16B3264A2C6C00B5CC33 /* framework.cpp */ = {isa = PBXFileReference; fileEncoding = 4; lastKnownFileType = sourcecode.cpp.cpp; path = framework.cpp; sourceTree = "<group>"; };
		9A0C16B6264A2C6C00B5CC33 /* node.cpp */ = {isa = PBXFileReference; fileEncoding = 4; lastKnownFileType = sourcecode.cpp.cpp; path = node.cpp; sourceTree = "<group>"; };
		9A0C16B7264A2C6C00B5CC33 /* node.h */ = {isa = PBXFileReference; fileEncoding = 4; lastKnownFileType = sourcecode.c.h; path = node.h; sourceTree = "<group>"; };
		9A0C16BA264A2C6C00B5CC33 /* _.cpp */ = {isa = PBXFileReference; fileEncoding = 4; lastKnownFileType = sourcecode.cpp.cpp; path = _.cpp; sourceTree = "<group>"; };
		9A0C16BF264A2C6C00B5CC33 /* file_memory_map.h */ = {isa = PBXFileReference; fileEncoding = 4; lastKnownFileType = sourcecode.c.h; path = file_memory_map.h; sourceTree = "<group>"; };
		9A0C16C0264A2C6C00B5CC33 /* pipe.h */ = {isa = PBXFileReference; fileEncoding = 4; lastKnownFileType = sourcecode.c.h; path = pipe.h; sourceTree = "<group>"; };
		9A0C16C1264A2C6C00B5CC33 /* _factory.cpp */ = {isa = PBXFileReference; fileEncoding = 4; lastKnownFileType = sourcecode.cpp.cpp; path = _factory.cpp; sourceTree = "<group>"; };
		9A0C16C2264A2C6C00B5CC33 /* framework.h */ = {isa = PBXFileReference; fileEncoding = 4; lastKnownFileType = sourcecode.c.h; path = framework.h; sourceTree = "<group>"; };
		9A0C16C4264A2C6C00B5CC33 /* _.h */ = {isa = PBXFileReference; fileEncoding = 4; lastKnownFileType = sourcecode.c.h; path = _.h; sourceTree = "<group>"; };
		9A0C1792264A315100B5CC33 /* acme.xcodeproj */ = {isa = PBXFileReference; lastKnownFileType = "wrapper.pb-project"; name = acme.xcodeproj; path = ../../../source/app/acme/acme.xcodeproj; sourceTree = "<group>"; };
		9A78F40128E791B4007F62C0 /* exception_translator.cpp */ = {isa = PBXFileReference; fileEncoding = 4; lastKnownFileType = sourcecode.cpp.cpp; path = exception_translator.cpp; sourceTree = "<group>"; };
		9A78F40228E791B4007F62C0 /* exception_translator.h */ = {isa = PBXFileReference; fileEncoding = 4; lastKnownFileType = sourcecode.c.h; path = exception_translator.h; sourceTree = "<group>"; };
		9A78F44428E7E3E2007F62C0 /* node_clang_callstack.cpp */ = {isa = PBXFileReference; lastKnownFileType = sourcecode.cpp.cpp; path = node_clang_callstack.cpp; sourceTree = "<group>"; };
		9A892E7926CDDAA7008D6412 /* acme_directory.h */ = {isa = PBXFileReference; fileEncoding = 4; lastKnownFileType = sourcecode.c.h; path = acme_directory.h; sourceTree = "<group>"; };
		9A892E7B26CDDAA8008D6412 /* acme_file.cpp */ = {isa = PBXFileReference; fileEncoding = 4; lastKnownFileType = sourcecode.cpp.cpp; path = acme_file.cpp; sourceTree = "<group>"; };
		9A892E7C26CDDAA8008D6412 /* acme_directory.cpp */ = {isa = PBXFileReference; fileEncoding = 4; lastKnownFileType = sourcecode.cpp.cpp; path = acme_directory.cpp; sourceTree = "<group>"; };
		9A892E7D26CDDAA8008D6412 /* acme_file.h */ = {isa = PBXFileReference; fileEncoding = 4; lastKnownFileType = sourcecode.c.h; path = acme_file.h; sourceTree = "<group>"; };
		9A892E7E26CDDAA8008D6412 /* acme_path.cpp */ = {isa = PBXFileReference; fileEncoding = 4; lastKnownFileType = sourcecode.cpp.cpp; path = acme_path.cpp; sourceTree = "<group>"; };
		9A892E7F26CDDAA8008D6412 /* acme_path.h */ = {isa = PBXFileReference; fileEncoding = 4; lastKnownFileType = sourcecode.c.h; path = acme_path.h; sourceTree = "<group>"; };
		9A8E9DD7282A2F7E005FF778 /* libios_acme_posix.a */ = {isa = PBXFileReference; explicitFileType = "compiled.mach-o.dylib"; includeInIndex = 0; path = libios_acme_posix.a; sourceTree = BUILT_PRODUCTS_DIR; };
/* End PBXFileReference section */

/* Begin PBXFrameworksBuildPhase section */
		9A0C1636264A281D00B5CC33 /* Frameworks */ = {
			isa = PBXFrameworksBuildPhase;
			buildActionMask = 2147483647;
			files = (
				9A787E3F264DCFCD003DF8A0 /* libacme.dylib in Frameworks */,
			);
			runOnlyForDeploymentPostprocessing = 0;
		};
		9A8E9DD2282A2F7E005FF778 /* Frameworks */ = {
			isa = PBXFrameworksBuildPhase;
			buildActionMask = 2147483647;
			files = (
			);
			runOnlyForDeploymentPostprocessing = 0;
		};
/* End PBXFrameworksBuildPhase section */

/* Begin PBXGroup section */
		9A0C162F264A281D00B5CC33 = {
			isa = PBXGroup;
			children = (
				9A0C1792264A315100B5CC33 /* acme.xcodeproj */,
				9A0C16AE264A2C6C00B5CC33 /* acme_posix */,
				9A0C1639264A281D00B5CC33 /* Products */,
				9A787E3E264DCFCD003DF8A0 /* Frameworks */,
			);
			sourceTree = "<group>";
		};
		9A0C1639264A281D00B5CC33 /* Products */ = {
			isa = PBXGroup;
			children = (
				9A0C1638264A281D00B5CC33 /* libacme_posix.dylib */,
				9A8E9DD7282A2F7E005FF778 /* libios_acme_posix.a */,
			);
			name = Products;
			sourceTree = "<group>";
		};
		9A0C16AE264A2C6C00B5CC33 /* acme_posix */ = {
			isa = PBXGroup;
			children = (
				9A0C16BA264A2C6C00B5CC33 /* _.cpp */,
				9A0C16C4264A2C6C00B5CC33 /* _.h */,
				9A0C16C1264A2C6C00B5CC33 /* _factory.cpp */,
				9A892E7C26CDDAA8008D6412 /* acme_directory.cpp */,
				9A892E7926CDDAA7008D6412 /* acme_directory.h */,
				9A892E7B26CDDAA8008D6412 /* acme_file.cpp */,
				9A892E7D26CDDAA8008D6412 /* acme_file.h */,
				9A892E7E26CDDAA8008D6412 /* acme_path.cpp */,
				9A892E7F26CDDAA8008D6412 /* acme_path.h */,
				9A78F40128E791B4007F62C0 /* exception_translator.cpp */,
				9A78F40228E791B4007F62C0 /* exception_translator.h */,
				9A0C16B2264A2C6C00B5CC33 /* file_memory_map.cpp */,
				9A0C16BF264A2C6C00B5CC33 /* file_memory_map.h */,
				9A0C16B3264A2C6C00B5CC33 /* framework.cpp */,
				9A0C16C2264A2C6C00B5CC33 /* framework.h */,
				9A0C16B6264A2C6C00B5CC33 /* node.cpp */,
				9A0C16B7264A2C6C00B5CC33 /* node.h */,
				9A0C16AF264A2C6C00B5CC33 /* pipe.cpp */,
				9A0C16C0264A2C6C00B5CC33 /* pipe.h */,
				9A78F44428E7E3E2007F62C0 /* node_clang_callstack.cpp */,
			);
			name = acme_posix;
			sourceTree = "<group>";
		};
		9A0C1793264A315100B5CC33 /* Products */ = {
			isa = PBXGroup;
			children = (
				9A0C1798264A315100B5CC33 /* libacme.dylib */,
				9A0C179A264A315100B5CC33 /* ios_acme.a */,
			);
			name = Products;
			sourceTree = "<group>";
		};
		9A787E3E264DCFCD003DF8A0 /* Frameworks */ = {
			isa = PBXGroup;
			children = (
			);
			name = Frameworks;
			sourceTree = "<group>";
		};
/* End PBXGroup section */

/* Begin PBXHeadersBuildPhase section */
		9A0C1634264A281D00B5CC33 /* Headers */ = {
			isa = PBXHeadersBuildPhase;
			buildActionMask = 2147483647;
			files = (
				9A0C16D5264A2C6D00B5CC33 /* _.h in Headers */,
				9A0C16D1264A2C6D00B5CC33 /* pipe.h in Headers */,
				9A78F40528E791B4007F62C0 /* exception_translator.h in Headers */,
				9A0C16D0264A2C6D00B5CC33 /* file_memory_map.h in Headers */,
				9A892E8526CDDAA9008D6412 /* acme_path.h in Headers */,
				9A0C16CB264A2C6D00B5CC33 /* node.h in Headers */,
				9A892E8026CDDAA9008D6412 /* acme_directory.h in Headers */,
				9A892E8326CDDAA9008D6412 /* acme_file.h in Headers */,
				9A0C16D3264A2C6D00B5CC33 /* framework.h in Headers */,
			);
			runOnlyForDeploymentPostprocessing = 0;
		};
		9A8E9DBE282A2F7E005FF778 /* Headers */ = {
			isa = PBXHeadersBuildPhase;
			buildActionMask = 2147483647;
			files = (
				9A8E9DBF282A2F7E005FF778 /* _.h in Headers */,
				9A8E9DC0282A2F7E005FF778 /* pipe.h in Headers */,
				9A78F40628E791B4007F62C0 /* exception_translator.h in Headers */,
				9A8E9DC1282A2F7E005FF778 /* file_memory_map.h in Headers */,
				9A8E9DC2282A2F7E005FF778 /* acme_path.h in Headers */,
				9A8E9DC3282A2F7E005FF778 /* node.h in Headers */,
				9A8E9DC4282A2F7E005FF778 /* acme_directory.h in Headers */,
				9A8E9DC6282A2F7E005FF778 /* acme_file.h in Headers */,
				9A8E9DC7282A2F7E005FF778 /* framework.h in Headers */,
			);
			runOnlyForDeploymentPostprocessing = 0;
		};
/* End PBXHeadersBuildPhase section */

/* Begin PBXNativeTarget section */
		9A0C1637264A281D00B5CC33 /* acme_posix */ = {
			isa = PBXNativeTarget;
			buildConfigurationList = 9A0C1641264A281D00B5CC33 /* Build configuration list for PBXNativeTarget "acme_posix" */;
			buildPhases = (
				9A0C1634264A281D00B5CC33 /* Headers */,
				9A0C1635264A281D00B5CC33 /* Sources */,
				9A0C1636264A281D00B5CC33 /* Frameworks */,
			);
			buildRules = (
			);
			dependencies = (
				9A0C179C264A316000B5CC33 /* PBXTargetDependency */,
			);
			name = acme_posix;
			productName = acme_posix;
			productReference = 9A0C1638264A281D00B5CC33 /* libacme_posix.dylib */;
			productType = "com.apple.product-type.library.dynamic";
		};
		9A8E9DBB282A2F7E005FF778 /* ios_acme_posix */ = {
			isa = PBXNativeTarget;
			buildConfigurationList = 9A8E9DD4282A2F7E005FF778 /* Build configuration list for PBXNativeTarget "ios_acme_posix" */;
			buildPhases = (
				9A8E9DBE282A2F7E005FF778 /* Headers */,
				9A8E9DC8282A2F7E005FF778 /* Sources */,
				9A8E9DD2282A2F7E005FF778 /* Frameworks */,
			);
			buildRules = (
			);
			dependencies = (
				9A8E9EFA282A3537005FF778 /* PBXTargetDependency */,
			);
			name = ios_acme_posix;
			productName = acme_posix;
			productReference = 9A8E9DD7282A2F7E005FF778 /* libios_acme_posix.a */;
			productType = "com.apple.product-type.library.dynamic";
		};
/* End PBXNativeTarget section */

/* Begin PBXProject section */
		9A0C1630264A281D00B5CC33 /* Project object */ = {
			isa = PBXProject;
			attributes = {
				LastUpgradeCheck = 1410;
				TargetAttributes = {
					9A0C1637264A281D00B5CC33 = {
						CreatedOnToolsVersion = 12.5;
					};
				};
			};
			buildConfigurationList = 9A0C1633264A281D00B5CC33 /* Build configuration list for PBXProject "acme_posix" */;
			compatibilityVersion = "Xcode 13.0";
			developmentRegion = en;
			hasScannedForEncodings = 0;
			knownRegions = (
				en,
				Base,
			);
			mainGroup = 9A0C162F264A281D00B5CC33;
			productRefGroup = 9A0C1639264A281D00B5CC33 /* Products */;
			projectDirPath = "";
			projectReferences = (
				{
					ProductGroup = 9A0C1793264A315100B5CC33 /* Products */;
					ProjectRef = 9A0C1792264A315100B5CC33 /* acme.xcodeproj */;
				},
			);
			projectRoot = "";
			targets = (
				9A0C1637264A281D00B5CC33 /* acme_posix */,
				9A8E9DBB282A2F7E005FF778 /* ios_acme_posix */,
			);
		};
/* End PBXProject section */

/* Begin PBXReferenceProxy section */
		9A0C1798264A315100B5CC33 /* libacme.dylib */ = {
			isa = PBXReferenceProxy;
			fileType = "compiled.mach-o.dylib";
			path = libacme.dylib;
			remoteRef = 9A0C1797264A315100B5CC33 /* PBXContainerItemProxy */;
			sourceTree = BUILT_PRODUCTS_DIR;
		};
		9A0C179A264A315100B5CC33 /* ios_acme.a */ = {
			isa = PBXReferenceProxy;
			fileType = "compiled.mach-o.dylib";
			name = ios_acme.a;
			path = libios_acme.a;
			remoteRef = 9A0C1799264A315100B5CC33 /* PBXContainerItemProxy */;
			sourceTree = BUILT_PRODUCTS_DIR;
		};
/* End PBXReferenceProxy section */

/* Begin PBXSourcesBuildPhase section */
		9A0C1635264A281D00B5CC33 /* Sources */ = {
			isa = PBXSourcesBuildPhase;
			buildActionMask = 2147483647;
			files = (
				9A892E8426CDDAA9008D6412 /* acme_path.cpp in Sources */,
				9A0C16CE264A2C6D00B5CC33 /* _.cpp in Sources */,
				9A0C16C8264A2C6D00B5CC33 /* framework.cpp in Sources */,
				9A892E8226CDDAA9008D6412 /* acme_directory.cpp in Sources */,
				9A0C16D2264A2C6D00B5CC33 /* _factory.cpp in Sources */,
				9A78F40328E791B4007F62C0 /* exception_translator.cpp in Sources */,
				9A0C16C5264A2C6D00B5CC33 /* pipe.cpp in Sources */,
				9A892E8126CDDAA9008D6412 /* acme_file.cpp in Sources */,
				9A0C16C7264A2C6D00B5CC33 /* file_memory_map.cpp in Sources */,
				9A0C16CA264A2C6D00B5CC33 /* node.cpp in Sources */,
				9A78F44528E7E3E2007F62C0 /* node_clang_callstack.cpp in Sources */,
			);
			runOnlyForDeploymentPostprocessing = 0;
		};
		9A8E9DC8282A2F7E005FF778 /* Sources */ = {
			isa = PBXSourcesBuildPhase;
			buildActionMask = 2147483647;
			files = (
				9A8E9DC9282A2F7E005FF778 /* acme_path.cpp in Sources */,
				9A8E9DCA282A2F7E005FF778 /* _.cpp in Sources */,
				9A8E9DCB282A2F7E005FF778 /* framework.cpp in Sources */,
				9A8E9DCC282A2F7E005FF778 /* acme_directory.cpp in Sources */,
				9A8E9DCD282A2F7E005FF778 /* _factory.cpp in Sources */,
				9A78F40428E791B4007F62C0 /* exception_translator.cpp in Sources */,
				9A8E9DCE282A2F7E005FF778 /* pipe.cpp in Sources */,
				9A8E9DCF282A2F7E005FF778 /* acme_file.cpp in Sources */,
				9A8E9DD0282A2F7E005FF778 /* file_memory_map.cpp in Sources */,
				9A8E9DD1282A2F7E005FF778 /* node.cpp in Sources */,
				9A78F44628E7E3E2007F62C0 /* node_clang_callstack.cpp in Sources */,
			);
			runOnlyForDeploymentPostprocessing = 0;
		};
/* End PBXSourcesBuildPhase section */

/* Begin PBXTargetDependency section */
		9A0C179C264A316000B5CC33 /* PBXTargetDependency */ = {
			isa = PBXTargetDependency;
			name = acme;
			targetProxy = 9A0C179B264A316000B5CC33 /* PBXContainerItemProxy */;
		};
		9A8E9EFA282A3537005FF778 /* PBXTargetDependency */ = {
			isa = PBXTargetDependency;
			name = ios_acme;
			targetProxy = 9A8E9EF9282A3537005FF778 /* PBXContainerItemProxy */;
		};
/* End PBXTargetDependency section */

/* Begin XCBuildConfiguration section */
		9A0C163F264A281D00B5CC33 /* Debug */ = {
			isa = XCBuildConfiguration;
			buildSettings = {
				ALWAYS_SEARCH_USER_PATHS = NO;
				CLANG_ANALYZER_NONNULL = YES;
				CLANG_ANALYZER_NUMBER_OBJECT_CONVERSION = YES_AGGRESSIVE;
				CLANG_CXX_LANGUAGE_STANDARD = "c++20";
				CLANG_CXX_LIBRARY = "libc++";
				CLANG_ENABLE_OBJC_ARC = YES;
				CLANG_ENABLE_OBJC_WEAK = YES;
				CLANG_STATIC_ANALYZER_MODE = deep;
				CLANG_WARN_BLOCK_CAPTURE_AUTORELEASING = YES;
				CLANG_WARN_BOOL_CONVERSION = YES;
				CLANG_WARN_COMMA = YES;
				CLANG_WARN_CONSTANT_CONVERSION = YES;
				CLANG_WARN_DEPRECATED_OBJC_IMPLEMENTATIONS = YES;
				CLANG_WARN_DIRECT_OBJC_ISA_USAGE = YES_ERROR;
				CLANG_WARN_DOCUMENTATION_COMMENTS = YES;
				CLANG_WARN_EMPTY_BODY = YES;
				CLANG_WARN_ENUM_CONVERSION = YES;
				CLANG_WARN_INFINITE_RECURSION = YES;
				CLANG_WARN_INT_CONVERSION = YES;
				CLANG_WARN_NON_LITERAL_NULL_CONVERSION = YES;
				CLANG_WARN_OBJC_IMPLICIT_RETAIN_SELF = YES;
				CLANG_WARN_OBJC_LITERAL_CONVERSION = YES;
				CLANG_WARN_OBJC_ROOT_CLASS = YES_ERROR;
				CLANG_WARN_QUOTED_INCLUDE_IN_FRAMEWORK_HEADER = YES;
				CLANG_WARN_RANGE_LOOP_ANALYSIS = YES;
				CLANG_WARN_STRICT_PROTOTYPES = YES;
				CLANG_WARN_SUSPICIOUS_MOVE = YES;
				CLANG_WARN_UNGUARDED_AVAILABILITY = YES_AGGRESSIVE;
				CLANG_WARN_UNREACHABLE_CODE = YES;
				CLANG_WARN__DUPLICATE_METHOD_MATCH = YES;
				CODE_SIGN_IDENTITY = "Apple Development";
				COPY_PHASE_STRIP = NO;
				DEAD_CODE_STRIPPING = YES;
				DEBUG_INFORMATION_FORMAT = dwarf;
				DEVELOPMENT_TEAM = L8N5V6TZE5;
				ENABLE_STRICT_OBJC_MSGSEND = YES;
				ENABLE_TESTABILITY = YES;
				EXECUTABLE_PREFIX = lib;
				GCC_C_LANGUAGE_STANDARD = c11;
				GCC_DYNAMIC_NO_PIC = NO;
				GCC_INCREASE_PRECOMPILED_HEADER_SHARING = NO;
				GCC_NO_COMMON_BLOCKS = YES;
				GCC_OPTIMIZATION_LEVEL = 0;
				GCC_PRECOMPILE_PREFIX_HEADER = YES;
				GCC_PREFIX_HEADER = framework.h;
				GCC_PREPROCESSOR_DEFINITIONS = (
					"DEBUG=1",
					"$(inherited)",
				);
				GCC_WARN_64_TO_32_BIT_CONVERSION = YES;
				GCC_WARN_ABOUT_RETURN_TYPE = YES_ERROR;
				GCC_WARN_UNDECLARED_SELECTOR = YES;
				GCC_WARN_UNINITIALIZED_AUTOS = YES_AGGRESSIVE;
				GCC_WARN_UNUSED_FUNCTION = YES;
				GCC_WARN_UNUSED_VARIABLE = YES;
				HEADER_SEARCH_PATHS = "";
				INSTALL_PATH = "@executable_path";
				IPHONEOS_DEPLOYMENT_TARGET = 12.0;
				LD_RUNPATH_SEARCH_PATHS = "@executable_path";
				LIBRARY_SEARCH_PATHS = (
					"$(inherited)",
					"$(WorkspaceDir)/operating-system/storage-$(PLATFORM_MODIFIER)/library",
				);
				MACOSX_DEPLOYMENT_TARGET = 10.9;
				MTL_ENABLE_DEBUG_INFO = INCLUDE_SOURCE;
				MTL_FAST_MATH = YES;
				ONLY_ACTIVE_ARCH = YES;
				PRODUCT_NAME = "$(TARGET_NAME)";
				SDKROOT = macosx;
				SKIP_INSTALL = YES;
				USER_HEADER_SEARCH_PATHS = (
					.,
					"$(WorkspaceDir)/source",
					"$(WorkspaceDir)/source/include",
					"$(WorkspaceDir)/source/app",
					"$(WorkspaceDir)/source/app/include",
					"$(WorkspaceDir)/operating-system",
					"$(WorkspaceDir)/operating-system/operating-system-$(PLATFORM_MODIFIER)",
					"$(WorkspaceDir)/operating-system/operating-system-$(PLATFORM_MODIFIER)/include",
					"$(WorkspaceDir)/operating-system/operating-system-posix",
					"$(WorkspaceDir)/source/port/include",
					"$(WorkspaceDir)/source/port",
					"$(WorkspaceDir)/operating-system/third-$(PLATFORM_MODIFIER)/third/include/include",
					"$(WorkspaceDir)/operating-system/third-$(PLATFORM_MODIFIER)/third/include",
					"$(PROJECT_DIR)",
					"$(PROJECT_DIR)/..",
					"$(PROJECT_DIR)/../..",
					"$(HOME)/sensitive/sensitive/include",
				);
				USE_HEADERMAP = NO;
				WorkspaceDir = "$(SRCROOT)/../../..";
			};
			name = Debug;
		};
		9A0C1640264A281D00B5CC33 /* Release */ = {
			isa = XCBuildConfiguration;
			buildSettings = {
				ALWAYS_SEARCH_USER_PATHS = NO;
				CLANG_ANALYZER_NONNULL = YES;
				CLANG_ANALYZER_NUMBER_OBJECT_CONVERSION = YES_AGGRESSIVE;
				CLANG_CXX_LANGUAGE_STANDARD = "c++20";
				CLANG_CXX_LIBRARY = "libc++";
				CLANG_ENABLE_OBJC_ARC = YES;
				CLANG_ENABLE_OBJC_WEAK = YES;
				CLANG_STATIC_ANALYZER_MODE = deep;
				CLANG_WARN_BLOCK_CAPTURE_AUTORELEASING = YES;
				CLANG_WARN_BOOL_CONVERSION = YES;
				CLANG_WARN_COMMA = YES;
				CLANG_WARN_CONSTANT_CONVERSION = YES;
				CLANG_WARN_DEPRECATED_OBJC_IMPLEMENTATIONS = YES;
				CLANG_WARN_DIRECT_OBJC_ISA_USAGE = YES_ERROR;
				CLANG_WARN_DOCUMENTATION_COMMENTS = YES;
				CLANG_WARN_EMPTY_BODY = YES;
				CLANG_WARN_ENUM_CONVERSION = YES;
				CLANG_WARN_INFINITE_RECURSION = YES;
				CLANG_WARN_INT_CONVERSION = YES;
				CLANG_WARN_NON_LITERAL_NULL_CONVERSION = YES;
				CLANG_WARN_OBJC_IMPLICIT_RETAIN_SELF = YES;
				CLANG_WARN_OBJC_LITERAL_CONVERSION = YES;
				CLANG_WARN_OBJC_ROOT_CLASS = YES_ERROR;
				CLANG_WARN_QUOTED_INCLUDE_IN_FRAMEWORK_HEADER = YES;
				CLANG_WARN_RANGE_LOOP_ANALYSIS = YES;
				CLANG_WARN_STRICT_PROTOTYPES = YES;
				CLANG_WARN_SUSPICIOUS_MOVE = YES;
				CLANG_WARN_UNGUARDED_AVAILABILITY = YES_AGGRESSIVE;
				CLANG_WARN_UNREACHABLE_CODE = YES;
				CLANG_WARN__DUPLICATE_METHOD_MATCH = YES;
				CODE_SIGN_IDENTITY = "Apple Development";
				COPY_PHASE_STRIP = NO;
				DEAD_CODE_STRIPPING = YES;
				DEBUG_INFORMATION_FORMAT = "dwarf-with-dsym";
				DEVELOPMENT_TEAM = L8N5V6TZE5;
				ENABLE_HARDENED_RUNTIME = YES;
				ENABLE_NS_ASSERTIONS = NO;
				ENABLE_STRICT_OBJC_MSGSEND = YES;
				EXECUTABLE_PREFIX = lib;
				GCC_C_LANGUAGE_STANDARD = c11;
				GCC_INCREASE_PRECOMPILED_HEADER_SHARING = NO;
				GCC_NO_COMMON_BLOCKS = YES;
				GCC_PRECOMPILE_PREFIX_HEADER = YES;
				GCC_PREFIX_HEADER = framework.h;
				GCC_WARN_64_TO_32_BIT_CONVERSION = YES;
				GCC_WARN_ABOUT_RETURN_TYPE = YES_ERROR;
				GCC_WARN_UNDECLARED_SELECTOR = YES;
				GCC_WARN_UNINITIALIZED_AUTOS = YES_AGGRESSIVE;
				GCC_WARN_UNUSED_FUNCTION = YES;
				GCC_WARN_UNUSED_VARIABLE = YES;
				HEADER_SEARCH_PATHS = "";
				INSTALL_PATH = "@executable_path";
				IPHONEOS_DEPLOYMENT_TARGET = 12.0;
				LD_RUNPATH_SEARCH_PATHS = "@executable_path";
				LIBRARY_SEARCH_PATHS = (
					"$(inherited)",
					"$(WorkspaceDir)/operating-system/storage-$(PLATFORM_MODIFIER)/library",
				);
				MACOSX_DEPLOYMENT_TARGET = 10.9;
				MTL_ENABLE_DEBUG_INFO = NO;
				MTL_FAST_MATH = YES;
				PRODUCT_NAME = "$(TARGET_NAME)";
				SDKROOT = macosx;
				SKIP_INSTALL = YES;
				USER_HEADER_SEARCH_PATHS = (
					.,
					"$(WorkspaceDir)/source",
					"$(WorkspaceDir)/source/include",
					"$(WorkspaceDir)/source/app",
					"$(WorkspaceDir)/source/app/include",
					"$(WorkspaceDir)/operating-system",
					"$(WorkspaceDir)/operating-system/operating-system-$(PLATFORM_MODIFIER)",
					"$(WorkspaceDir)/operating-system/operating-system-$(PLATFORM_MODIFIER)/include",
					"$(WorkspaceDir)/operating-system/operating-system-posix",
					"$(WorkspaceDir)/source/port/include",
					"$(WorkspaceDir)/source/port",
					"$(WorkspaceDir)/operating-system/third-$(PLATFORM_MODIFIER)/third/include/include",
					"$(WorkspaceDir)/operating-system/third-$(PLATFORM_MODIFIER)/third/include",
					"$(PROJECT_DIR)",
					"$(PROJECT_DIR)/..",
					"$(PROJECT_DIR)/../..",
					"$(HOME)/sensitive/sensitive/include",
				);
				USE_HEADERMAP = NO;
				WorkspaceDir = "$(SRCROOT)/../../..";
			};
			name = Release;
		};
		9A0C1642264A281D00B5CC33 /* Debug */ = {
			isa = XCBuildConfiguration;
			buildSettings = {
				DEAD_CODE_STRIPPING = YES;
				MACOSX_DEPLOYMENT_TARGET = "$(RECOMMENDED_MACOSX_DEPLOYMENT_TARGET)";
				PLATFORM_MODIFIER = macos;
			};
			name = Debug;
		};
		9A0C1643264A281D00B5CC33 /* Release */ = {
			isa = XCBuildConfiguration;
			buildSettings = {
				DEAD_CODE_STRIPPING = YES;
				MACOSX_DEPLOYMENT_TARGET = "$(RECOMMENDED_MACOSX_DEPLOYMENT_TARGET)";
				PLATFORM_MODIFIER = macos;
			};
			name = Release;
		};
		9A8E9DD5282A2F7E005FF778 /* Debug */ = {
			isa = XCBuildConfiguration;
			buildSettings = {
				EXECUTABLE_EXTENSION = "$(STATIC_LIBRARY_EXTENSION:default=a)";
				MACH_O_TYPE = staticlib;
				MACOSX_DEPLOYMENT_TARGET = "$(RECOMMENDED_MACOSX_DEPLOYMENT_TARGET)";
				PLATFORM_MODIFIER = ios;
				SDKROOT = iphoneos;
			};
			name = Debug;
		};
		9A8E9DD6282A2F7E005FF778 /* Release */ = {
			isa = XCBuildConfiguration;
			buildSettings = {
				EXECUTABLE_EXTENSION = "$(STATIC_LIBRARY_EXTENSION:default=a)";
				MACH_O_TYPE = staticlib;
				MACOSX_DEPLOYMENT_TARGET = "$(RECOMMENDED_MACOSX_DEPLOYMENT_TARGET)";
				PLATFORM_MODIFIER = ios;
				SDKROOT = iphoneos;
			};
			name = Release;
		};
/* End XCBuildConfiguration section */

/* Begin XCConfigurationList section */
		9A0C1633264A281D00B5CC33 /* Build configuration list for PBXProject "acme_posix" */ = {
			isa = XCConfigurationList;
			buildConfigurations = (
				9A0C163F264A281D00B5CC33 /* Debug */,
				9A0C1640264A281D00B5CC33 /* Release */,
			);
			defaultConfigurationIsVisible = 0;
			defaultConfigurationName = Release;
		};
		9A0C1641264A281D00B5CC33 /* Build configuration list for PBXNativeTarget "acme_posix" */ = {
			isa = XCConfigurationList;
			buildConfigurations = (
				9A0C1642264A281D00B5CC33 /* Debug */,
				9A0C1643264A281D00B5CC33 /* Release */,
			);
			defaultConfigurationIsVisible = 0;
			defaultConfigurationName = Release;
		};
		9A8E9DD4282A2F7E005FF778 /* Build configuration list for PBXNativeTarget "ios_acme_posix" */ = {
			isa = XCConfigurationList;
			buildConfigurations = (
				9A8E9DD5282A2F7E005FF778 /* Debug */,
				9A8E9DD6282A2F7E005FF778 /* Release */,
			);
			defaultConfigurationIsVisible = 0;
			defaultConfigurationName = Release;
		};
/* End XCConfigurationList section */
	};
	rootObject = 9A0C1630264A281D00B5CC33 /* Project object */;
}
