<?xml version="1.0" encoding="utf-8"?>
<Project ToolsVersion="4.0" xmlns="http://schemas.microsoft.com/developer/msbuild/2003">
  <ItemGroup>
    <ClCompile Include="os_context.cpp">
      <Filter>Source Files</Filter>
    </ClCompile>
    <ClCompile Include="_.cpp">
      <Filter>Source Files</Filter>
    </ClCompile>
    <ClCompile Include="_factory.cpp">
      <Filter>Source Files</Filter>
    </ClCompile>
    <ClCompile Include="file_context.cpp">
      <Filter>Source Files</Filter>
    </ClCompile>
    <ClCompile Include="framework.cpp">
      <Filter>Source Files</Filter>
    </ClCompile>
    <ClCompile Include="node.cpp">
      <Filter>Source Files</Filter>
    </ClCompile>
    <ClCompile Include="inotify\watcher.cpp">
      <Filter>Source Files\inotify</Filter>
    </ClCompile>
    <ClCompile Include="inotify\watch.cpp">
      <Filter>Source Files\inotify</Filter>
    </ClCompile>
  </ItemGroup>
  <ItemGroup>
    <ClInclude Include="os_context.h">
      <Filter>Header Files</Filter>
    </ClInclude>
    <ClInclude Include="framework.h">
      <Filter>Header Files</Filter>
    </ClInclude>
    <ClInclude Include="_.h">
      <Filter>Header Files</Filter>
    </ClInclude>
    <ClInclude Include="_apex_posix.h">
      <Filter>Header Files</Filter>
    </ClInclude>
    <ClInclude Include="file_context.h">
      <Filter>Header Files</Filter>
    </ClInclude>
    <ClInclude Include="node.h">
      <Filter>Header Files</Filter>
    </ClInclude>
    <ClInclude Include="inotify\watcher.h">
      <Filter>Header Files\inotify</Filter>
    </ClInclude>
  </ItemGroup>
  <ItemGroup>
    <Filter Include="Source Files">
      <UniqueIdentifier>{02aa9661-2f09-42c2-9fa9-ea1129ed8855}</UniqueIdentifier>
    </Filter>
    <Filter Include="Header Files">
      <UniqueIdentifier>{0f77a17d-4279-4f2e-96ac-fccf7df61b45}</UniqueIdentifier>
    </Filter>
    <Filter Include="Source Files\inotify">
      <UniqueIdentifier>{c7362cbe-1bd8-4687-8fb1-db293827c5a9}</UniqueIdentifier>
    </Filter>
    <Filter Include="Header Files\inotify">
      <UniqueIdentifier>{fcde1ede-ebd0-4cb5-b8f3-44ac2d7ce48d}</UniqueIdentifier>
    </Filter>
  </ItemGroup>
</Project>