// !$*UTF8*$!
{
	archiveVersion = 1;
	classes = {
	};
	objectVersion = 54;
	objects = {

/* Begin PBXBuildFile section */
		105340EC2CB356369CFB16FE /* framework.cpp in Sources */ = {isa = PBXBuildFile; fileRef = 0121EBEF66B39E20C93F8A06 /* framework.cpp */; };
		2F570015864723AF63902438 /* node.cpp in Sources */ = {isa = PBXBuildFile; fileRef = C9C80FFD041A9CC06F71A406 /* node.cpp */; };
		9DCA3E3A720CF94BFAD2AD00 /* node.h in Headers */ = {isa = PBXBuildFile; fileRef = 102825D0A3800410CC0C63D7 /* node.h */; };
		CB6451A205CA42F48F59E68C /* _.cpp in Sources */ = {isa = PBXBuildFile; fileRef = 2B43AF138A019F7EC141CD2C /* _.cpp */; };
		5242F7239575FCA133378295 /* _factory.cpp in Sources */ = {isa = PBXBuildFile; fileRef = 237ECC9480E9FC5F5851A1B0 /* _factory.cpp */; };
		4F69ECA40E0BFBD6AAC33625 /* framework.h in Headers */ = {isa = PBXBuildFile; fileRef = 58AF35606B011F7E922F113C /* framework.h */; };
		55090D990D56184883B43C80 /* _.h in Headers */ = {isa = PBXBuildFile; fileRef = 6C74E4B736FFB8F256292006 /* _.h */; };
		974D1362BD634B8A743F75EA /* libacme.dylib in Frameworks */ = {isa = PBXBuildFile; fileRef = ECF6D50549F3D64127CE92CD /* libacme.dylib */; };
		AC115B66A9C9F35D7A24A3BE /* libacme_posix.dylib in Frameworks */ = {isa = PBXBuildFile; fileRef = EB8BE6D7EE9B41DBD803503D /* libacme_posix.dylib */; };
		0BE9357CDD8A557121AC2B2E /* libapex.dylib in Frameworks */ = {isa = PBXBuildFile; fileRef = 65520D3230248C62AEFB6236 /* libapex.dylib */; };
		1C8937AB8FFF09676D09E2CB /* _.h in Headers */ = {isa = PBXBuildFile; fileRef = 6C74E4B736FFB8F256292006 /* _.h */; };
		C781FC4BD4CA98776115AF71 /* node.h in Headers */ = {isa = PBXBuildFile; fileRef = 102825D0A3800410CC0C63D7 /* node.h */; };
		5D7B764A5641A361ABECC159 /* framework.h in Headers */ = {isa = PBXBuildFile; fileRef = 58AF35606B011F7E922F113C /* framework.h */; };
		1C4D4B55AFB2D0D5BC2A46BA /* framework.cpp in Sources */ = {isa = PBXBuildFile; fileRef = 0121EBEF66B39E20C93F8A06 /* framework.cpp */; };
		CE3E49138C2559392EC43B5F /* _factory.cpp in Sources */ = {isa = PBXBuildFile; fileRef = 237ECC9480E9FC5F5851A1B0 /* _factory.cpp */; };
		743F3E10D4903F67052902AC /* _.cpp in Sources */ = {isa = PBXBuildFile; fileRef = 2B43AF138A019F7EC141CD2C /* _.cpp */; };
		F80921E9041F07A39EB3F046 /* node.cpp in Sources */ = {isa = PBXBuildFile; fileRef = C9C80FFD041A9CC06F71A406 /* node.cpp */; };
		B82CEE09649395129066AD3B /* _.h in Headers */ = {isa = PBXBuildFile; fileRef = 6C74E4B736FFB8F256292006 /* _.h */; };
		6E75893012674164BD18BEC9 /* node.h in Headers */ = {isa = PBXBuildFile; fileRef = 102825D0A3800410CC0C63D7 /* node.h */; };
		93C19C021EEF09F1210AA7DE /* framework.h in Headers */ = {isa = PBXBuildFile; fileRef = 58AF35606B011F7E922F113C /* framework.h */; };
		1F8CD93C5D81E8D8E8B68297 /* framework.cpp in Sources */ = {isa = PBXBuildFile; fileRef = 0121EBEF66B39E20C93F8A06 /* framework.cpp */; };
		A44B4CDFD8FFE86AC1F6B0A7 /* _factory.cpp in Sources */ = {isa = PBXBuildFile; fileRef = 237ECC9480E9FC5F5851A1B0 /* _factory.cpp */; };
		526425E8ECB6C46BC76CB1DC /* _.cpp in Sources */ = {isa = PBXBuildFile; fileRef = 2B43AF138A019F7EC141CD2C /* _.cpp */; };
		32A3F6473E0082138B458354 /* node.cpp in Sources */ = {isa = PBXBuildFile; fileRef = C9C80FFD041A9CC06F71A406 /* node.cpp */; };
/* End PBXBuildFile section */

/* Begin PBXContainerItemProxy section */
		4D634234293A39950BEFA4F3 /* PBXContainerItemProxy */ = {
			isa = PBXContainerItemProxy;
			containerPortal = DCEB0D251ED9068A928A5924 /* apex.xcodeproj */;
			proxyType = 2;
			remoteGlobalIDString = 93435C3FC5978B757D47E3CB;
			remoteInfo = apex;
		};
		CFD9BFEFB128E5A0EF034089 /* PBXContainerItemProxy */ = {
			isa = PBXContainerItemProxy;
			containerPortal = DCEB0D251ED9068A928A5924 /* apex.xcodeproj */;
			proxyType = 2;
			remoteGlobalIDString = 4B0B84AA79B28A52109F92CA;
			remoteInfo = ios_apex;
		};
		04C7644756DBB602F482CF79 /* PBXContainerItemProxy */ = {
			isa = PBXContainerItemProxy;
			containerPortal = C34B23EA19889B04B73EFE68 /* acme_posix.xcodeproj */;
			proxyType = 2;
			remoteGlobalIDString = 007CFCD0FC6542DFA43B9427;
			remoteInfo = acme_posix;
		};
		EBE54F8ACFF5562B8F841E89 /* PBXContainerItemProxy */ = {
			isa = PBXContainerItemProxy;
			containerPortal = DCEB0D251ED9068A928A5924 /* apex.xcodeproj */;
			proxyType = 1;
			remoteGlobalIDString = 322D0E62CE15140CD4F7930A;
			remoteInfo = apex;
		};
		647B8E4085F64B2AECBEA1CD /* PBXContainerItemProxy */ = {
			isa = PBXContainerItemProxy;
			containerPortal = C34B23EA19889B04B73EFE68 /* acme_posix.xcodeproj */;
			proxyType = 1;
			remoteGlobalIDString = 474FCAD0A7402CA093A2FFF8;
			remoteInfo = acme_posix;
		};
		88B44E5A051D67337D30A276 /* PBXContainerItemProxy */ = {
			isa = PBXContainerItemProxy;
			containerPortal = C34B23EA19889B04B73EFE68 /* acme_posix.xcodeproj */;
			proxyType = 2;
			remoteGlobalIDString = 4D1E9A7210DDACA651909146;
			remoteInfo = ios_acme_posix;
		};
		FF0AB8A240D0B7EE9C9C3480 /* PBXContainerItemProxy */ = {
			isa = PBXContainerItemProxy;
			containerPortal = C34B23EA19889B04B73EFE68 /* acme_posix.xcodeproj */;
			proxyType = 1;
			remoteGlobalIDString = 4966B35814D614CC4DEE48D8;
			remoteInfo = ios_acme_posix;
		};
		9DFFE4B17A94949F19D1CF0B /* PBXContainerItemProxy */ = {
			isa = PBXContainerItemProxy;
			containerPortal = DCEB0D251ED9068A928A5924 /* apex.xcodeproj */;
			proxyType = 1;
			remoteGlobalIDString = F1861E4FD495D4A812A1FDDB;
			remoteInfo = ios_apex;
		};
		3A7AFE7E42592AEB7CD43F3D /* PBXContainerItemProxy */ = {
			isa = PBXContainerItemProxy;
			containerPortal = C34B23EA19889B04B73EFE68 /* acme_posix.xcodeproj */;
			proxyType = 2;
			remoteGlobalIDString = B6553034F98D76F76CE38CA6;
			remoteInfo = _acme_posix;
		};
		D6E15A3E2B4701C8F6BF4085 /* PBXContainerItemProxy */ = {
			isa = PBXContainerItemProxy;
			containerPortal = DCEB0D251ED9068A928A5924 /* apex.xcodeproj */;
			proxyType = 2;
			remoteGlobalIDString = 7DF3028EAE71F89590D062D2;
			remoteInfo = static_apex;
		};
		1371A2D1778A073A09079164 /* PBXContainerItemProxy */ = {
			isa = PBXContainerItemProxy;
			containerPortal = C34B23EA19889B04B73EFE68 /* acme_posix.xcodeproj */;
			proxyType = 1;
			remoteGlobalIDString = A1EBF67BF9FD615122DD0DD0;
			remoteInfo = static_acme_posix;
		};
		8D909AB57A70E175626E363D /* PBXContainerItemProxy */ = {
			isa = PBXContainerItemProxy;
			containerPortal = DCEB0D251ED9068A928A5924 /* apex.xcodeproj */;
			proxyType = 1;
			remoteGlobalIDString = F0538D75A5F990AD197FFCB1;
			remoteInfo = static_apex;
		};
/* End PBXContainerItemProxy section */

/* Begin PBXFileReference section */
		16DC8E79D84F318288332B62 /* libapex_posix.dylib */ = {isa = PBXFileReference; explicitFileType = "compiled.mach-o.dylib"; includeInIndex = 0; path = libapex_posix.dylib; sourceTree = BUILT_PRODUCTS_DIR; };
		0121EBEF66B39E20C93F8A06 /* framework.cpp */ = {isa = PBXFileReference; fileEncoding = 4; lastKnownFileType = sourcecode.cpp.cpp; path = framework.cpp; sourceTree = "<group>"; };
		C9C80FFD041A9CC06F71A406 /* node.cpp */ = {isa = PBXFileReference; fileEncoding = 4; lastKnownFileType = sourcecode.cpp.cpp; path = node.cpp; sourceTree = "<group>"; };
		102825D0A3800410CC0C63D7 /* node.h */ = {isa = PBXFileReference; fileEncoding = 4; lastKnownFileType = sourcecode.c.h; path = node.h; sourceTree = "<group>"; };
		2B43AF138A019F7EC141CD2C /* _.cpp */ = {isa = PBXFileReference; fileEncoding = 4; lastKnownFileType = sourcecode.cpp.cpp; path = _.cpp; sourceTree = "<group>"; };
		237ECC9480E9FC5F5851A1B0 /* _factory.cpp */ = {isa = PBXFileReference; fileEncoding = 4; lastKnownFileType = sourcecode.cpp.cpp; path = _factory.cpp; sourceTree = "<group>"; };
		58AF35606B011F7E922F113C /* framework.h */ = {isa = PBXFileReference; fileEncoding = 4; lastKnownFileType = sourcecode.c.h; path = framework.h; sourceTree = "<group>"; };
		6C74E4B736FFB8F256292006 /* _.h */ = {isa = PBXFileReference; fileEncoding = 4; lastKnownFileType = sourcecode.c.h; path = _.h; sourceTree = "<group>"; };
		DCEB0D251ED9068A928A5924 /* apex.xcodeproj */ = {isa = PBXFileReference; lastKnownFileType = "wrapper.pb-project"; name = apex.xcodeproj; path = ../../../source/app/apex/apex.xcodeproj; sourceTree = SOURCE_ROOT; };
		C34B23EA19889B04B73EFE68 /* acme_posix.xcodeproj */ = {isa = PBXFileReference; lastKnownFileType = "wrapper.pb-project"; name = acme_posix.xcodeproj; path = ../acme_posix/acme_posix.xcodeproj; sourceTree = SOURCE_ROOT; };
		9DF12EEE6BCBE43962FED3B2 /* aaa_os_context.cpp */ = {isa = PBXFileReference; fileEncoding = 4; lastKnownFileType = sourcecode.cpp.cpp; path = aaa_os_context.cpp; sourceTree = "<group>"; };
		8DAF3F79F7B96F12D393FA0C /* aaa_os_context.h */ = {isa = PBXFileReference; fileEncoding = 4; lastKnownFileType = sourcecode.c.h; path = aaa_os_context.h; sourceTree = "<group>"; };
		ECF6D50549F3D64127CE92CD /* libacme.dylib */ = {isa = PBXFileReference; explicitFileType = "compiled.mach-o.dylib"; path = libacme.dylib; sourceTree = BUILT_PRODUCTS_DIR; };
		8D74BC7132C80A2BE2D6CDB3 /* libios_apex_posix.a */ = {isa = PBXFileReference; explicitFileType = "compiled.mach-o.dylib"; includeInIndex = 0; path = libios_apex_posix.a; sourceTree = BUILT_PRODUCTS_DIR; };
		751C77018D826E753FE2D8C8 /* _____debug.xcconfig */ = {isa = PBXFileReference; fileEncoding = 4; lastKnownFileType = text.xcconfig; path = "_____debug.xcconfig"; sourceTree = "<group>"; };
		C23509542F908B5D2C57691E /* _____release.xcconfig */ = {isa = PBXFileReference; fileEncoding = 4; lastKnownFileType = text.xcconfig; path = "_____release.xcconfig"; sourceTree = "<group>"; };
		FEB9D0E7108B5CEC11AC49D2 /* libstatic_apex_posix.a */ = {isa = PBXFileReference; explicitFileType = "compiled.mach-o.dylib"; includeInIndex = 0; path = libstatic_apex_posix.a; sourceTree = BUILT_PRODUCTS_DIR; };
/* End PBXFileReference section */

/* Begin PBXFrameworksBuildPhase section */
		1E84AAD45628D1BBCD0E2447 /* Frameworks */ = {
			isa = PBXFrameworksBuildPhase;
			buildActionMask = 2147483647;
			files = (
				974D1362BD634B8A743F75EA /* libacme.dylib in Frameworks */,
				AC115B66A9C9F35D7A24A3BE /* libacme_posix.dylib in Frameworks */,
				0BE9357CDD8A557121AC2B2E /* libapex.dylib in Frameworks */,
			);
			runOnlyForDeploymentPostprocessing = 0;
		};
/* End PBXFrameworksBuildPhase section */

/* Begin PBXGroup section */
		DC734AE2A90525C8DC4389CD = {
			isa = PBXGroup;
			children = (
				C34B23EA19889B04B73EFE68 /* acme_posix.xcodeproj */,
				DCEB0D251ED9068A928A5924 /* apex.xcodeproj */,
				6958F4CFE36B52AD3B5D3799 /* apex_posix */,
				F683C3F5D603A831E90BB5A3 /* Products */,
				A056A844165A9421347B79A9 /* Frameworks */,
			);
			sourceTree = "<group>";
		};
		F683C3F5D603A831E90BB5A3 /* Products */ = {
			isa = PBXGroup;
			children = (
				16DC8E79D84F318288332B62 /* libapex_posix.dylib */,
				8D74BC7132C80A2BE2D6CDB3 /* libios_apex_posix.a */,
				FEB9D0E7108B5CEC11AC49D2 /* libstatic_apex_posix.a */,
			);
			name = Products;
			sourceTree = "<group>";
		};
		6958F4CFE36B52AD3B5D3799 /* apex_posix */ = {
			isa = PBXGroup;
			children = (
				751C77018D826E753FE2D8C8 /* _____debug.xcconfig */,
				C23509542F908B5D2C57691E /* _____release.xcconfig */,
				2B43AF138A019F7EC141CD2C /* _.cpp */,
				6C74E4B736FFB8F256292006 /* _.h */,
				237ECC9480E9FC5F5851A1B0 /* _factory.cpp */,
				0121EBEF66B39E20C93F8A06 /* framework.cpp */,
				58AF35606B011F7E922F113C /* framework.h */,
				C9C80FFD041A9CC06F71A406 /* node.cpp */,
				102825D0A3800410CC0C63D7 /* node.h */,
				9DF12EEE6BCBE43962FED3B2 /* aaa_os_context.cpp */,
				8DAF3F79F7B96F12D393FA0C /* aaa_os_context.h */,
			);
			name = apex_posix;
			sourceTree = "<group>";
		};
		A7E3B04613EADBB946D8EEAA /* Products */ = {
			isa = PBXGroup;
			children = (
				65520D3230248C62AEFB6236 /* libapex.dylib */,
				261A361AEEDF7EDD245EA412 /* libios_apex.a */,
				A0B2C318D923580CA547CEE0 /* libstatic_apex.a */,
			);
			name = Products;
			sourceTree = "<group>";
		};
		B4F3A30C3A1CC61EDAC40662 /* Products */ = {
			isa = PBXGroup;
			children = (
				EB8BE6D7EE9B41DBD803503D /* libacme_posix.dylib */,
				1FCCE8FF88ACF2B3D3CD940A /* libios_acme_posix.a */,
				EB9B8F9E98E751D2F67D4644 /* libstatic_acme_posix.a */,
			);
			name = Products;
			sourceTree = "<group>";
		};
		A056A844165A9421347B79A9 /* Frameworks */ = {
			isa = PBXGroup;
			children = (
				ECF6D50549F3D64127CE92CD /* libacme.dylib */,
			);
			name = Frameworks;
			sourceTree = "<group>";
		};
/* End PBXGroup section */

/* Begin PBXHeadersBuildPhase section */
		BC209D31B9B8F1F42057682D /* Headers */ = {
			isa = PBXHeadersBuildPhase;
			buildActionMask = 2147483647;
			files = (
				55090D990D56184883B43C80 /* _.h in Headers */,
				9DCA3E3A720CF94BFAD2AD00 /* node.h in Headers */,
				4F69ECA40E0BFBD6AAC33625 /* framework.h in Headers */,
			);
			runOnlyForDeploymentPostprocessing = 0;
		};
		0489B1C579CEDF2AC1BEB9F0 /* Headers */ = {
			isa = PBXHeadersBuildPhase;
			buildActionMask = 2147483647;
			files = (
				1C8937AB8FFF09676D09E2CB /* _.h in Headers */,
				C781FC4BD4CA98776115AF71 /* node.h in Headers */,
				5D7B764A5641A361ABECC159 /* framework.h in Headers */,
			);
			runOnlyForDeploymentPostprocessing = 0;
		};
		57C1DEC630CA53F615F81252 /* Headers */ = {
			isa = PBXHeadersBuildPhase;
			buildActionMask = 2147483647;
			files = (
				B82CEE09649395129066AD3B /* _.h in Headers */,
				6E75893012674164BD18BEC9 /* node.h in Headers */,
				93C19C021EEF09F1210AA7DE /* framework.h in Headers */,
			);
			runOnlyForDeploymentPostprocessing = 0;
		};
/* End PBXHeadersBuildPhase section */

/* Begin PBXNativeTarget section */
		8C859458FC5D733DAD753E83 /* apex_posix */ = {
			isa = PBXNativeTarget;
			buildConfigurationList = 9323A7823030762CF11E9DCC /* Build configuration list for PBXNativeTarget "apex_posix" */;
			buildPhases = (
				BC209D31B9B8F1F42057682D /* Headers */,
				BBA25158952C8792FDC307BA /* Sources */,
				1E84AAD45628D1BBCD0E2447 /* Frameworks */,
				E75EF9FCE325DFD8A8670B86 /* ShellScript */,
			);
			buildRules = (
			);
			dependencies = (
				C5527A911A3D792E1CD7AF5F /* PBXTargetDependency */,
				B066194EB7B7A3518A498A58 /* PBXTargetDependency */,
			);
			name = apex_posix;
			productName = apex_posix;
			productReference = 16DC8E79D84F318288332B62 /* libapex_posix.dylib */;
			productType = "com.apple.product-type.library.dynamic";
		};
		2A5A124FAE4ED7E579DCCEAF /* ios_apex_posix */ = {
			isa = PBXNativeTarget;
			buildConfigurationList = 76D41006528020E7F64F890E /* Build configuration list for PBXNativeTarget "ios_apex_posix" */;
			buildPhases = (
				0489B1C579CEDF2AC1BEB9F0 /* Headers */,
				CB6B811D4FB7124EEE5C801C /* Sources */,
			);
			buildRules = (
			);
			dependencies = (
				01ED1B1BA59B518926921B6E /* PBXTargetDependency */,
				9953798F966F399135A2DE90 /* PBXTargetDependency */,
			);
			name = ios_apex_posix;
			productName = apex_posix;
			productReference = 8D74BC7132C80A2BE2D6CDB3 /* libios_apex_posix.a */;
			productType = "com.apple.product-type.library.dynamic";
		};
		37C8E8B17B77E05F8BCE323A /* static_apex_posix */ = {
			isa = PBXNativeTarget;
			buildConfigurationList = AF4B2347D1146B159CFFD563 /* Build configuration list for PBXNativeTarget "static_apex_posix" */;
			buildPhases = (
				57C1DEC630CA53F615F81252 /* Headers */,
				C25497D81170374C0FDA6A81 /* Sources */,
			);
			buildRules = (
			);
			dependencies = (
				42EB548196C281778246D181 /* PBXTargetDependency */,
				7AC9413829750C7104CA717B /* PBXTargetDependency */,
			);
			name = static_apex_posix;
			productName = apex_posix;
			productReference = FEB9D0E7108B5CEC11AC49D2 /* libstatic_apex_posix.a */;
			productType = "com.apple.product-type.library.dynamic";
		};
/* End PBXNativeTarget section */

/* Begin PBXProject section */
		C29F481D921A4267FE47A73F /* Project object */ = {
			isa = PBXProject;
			attributes = {
				BuildIndependentTargetsInParallel = YES;
				LastUpgradeCheck = 1620;
				TargetAttributes = {
					8C859458FC5D733DAD753E83 = {
						CreatedOnToolsVersion = 12.5;
					};
				};
			};
			buildConfigurationList = 1C73029C07EB7732EC2F26B5 /* Build configuration list for PBXProject "apex_posix" */;
			compatibilityVersion = "Xcode 12.0";
			developmentRegion = en;
			hasScannedForEncodings = 0;
			knownRegions = (
				en,
				Base,
			);
			mainGroup = DC734AE2A90525C8DC4389CD;
			productRefGroup = F683C3F5D603A831E90BB5A3 /* Products */;
			projectDirPath = "";
			projectReferences = (
				{
					ProductGroup = B4F3A30C3A1CC61EDAC40662 /* Products */;
					ProjectRef = C34B23EA19889B04B73EFE68 /* acme_posix.xcodeproj */;
				},
				{
					ProductGroup = A7E3B04613EADBB946D8EEAA /* Products */;
					ProjectRef = DCEB0D251ED9068A928A5924 /* apex.xcodeproj */;
				},
			);
			projectRoot = "";
			targets = (
				8C859458FC5D733DAD753E83 /* apex_posix */,
				2A5A124FAE4ED7E579DCCEAF /* ios_apex_posix */,
				37C8E8B17B77E05F8BCE323A /* static_apex_posix */,
			);
		};
/* End PBXProject section */

/* Begin PBXReferenceProxy section */
		65520D3230248C62AEFB6236 /* libapex.dylib */ = {
			isa = PBXReferenceProxy;
			fileType = "compiled.mach-o.dylib";
			path = libapex.dylib;
			remoteRef = 4D634234293A39950BEFA4F3 /* PBXContainerItemProxy */;
			sourceTree = BUILT_PRODUCTS_DIR;
		};
		261A361AEEDF7EDD245EA412 /* libios_apex.a */ = {
			isa = PBXReferenceProxy;
			fileType = "compiled.mach-o.dylib";
			path = libios_apex.a;
			remoteRef = CFD9BFEFB128E5A0EF034089 /* PBXContainerItemProxy */;
			sourceTree = BUILT_PRODUCTS_DIR;
		};
		EB8BE6D7EE9B41DBD803503D /* libacme_posix.dylib */ = {
			isa = PBXReferenceProxy;
			fileType = "compiled.mach-o.dylib";
			path = libacme_posix.dylib;
			remoteRef = 04C7644756DBB602F482CF79 /* PBXContainerItemProxy */;
			sourceTree = BUILT_PRODUCTS_DIR;
		};
		1FCCE8FF88ACF2B3D3CD940A /* libios_acme_posix.a */ = {
			isa = PBXReferenceProxy;
			fileType = "compiled.mach-o.dylib";
			path = libios_acme_posix.a;
			remoteRef = 88B44E5A051D67337D30A276 /* PBXContainerItemProxy */;
			sourceTree = BUILT_PRODUCTS_DIR;
		};
		EB9B8F9E98E751D2F67D4644 /* libstatic_acme_posix.a */ = {
			isa = PBXReferenceProxy;
			fileType = "compiled.mach-o.dylib";
			path = libstatic_acme_posix.a;
			remoteRef = 3A7AFE7E42592AEB7CD43F3D /* PBXContainerItemProxy */;
			sourceTree = BUILT_PRODUCTS_DIR;
		};
		A0B2C318D923580CA547CEE0 /* libstatic_apex.a */ = {
			isa = PBXReferenceProxy;
			fileType = "compiled.mach-o.dylib";
			path = libstatic_apex.a;
			remoteRef = D6E15A3E2B4701C8F6BF4085 /* PBXContainerItemProxy */;
			sourceTree = BUILT_PRODUCTS_DIR;
		};
/* End PBXReferenceProxy section */

/* Begin PBXShellScriptBuildPhase section */
		E75EF9FCE325DFD8A8670B86 /* ShellScript */ = {
			isa = PBXShellScriptBuildPhase;
			buildActionMask = 2147483647;
			files = (
			);
			inputFileListPaths = (
			);
			inputPaths = (
				"$(BUILT_PRODUCTS_DIR)/$(EXECUTABLE_NAME)",
				"$(WorkspaceDir)/output_copy.txt",
			);
			outputFileListPaths = (
			);
			outputPaths = (
				"$(WorkspaceDir)/time-$(PLATFORM_MODIFIER)/output-$(CONFIIGURATION)/$(EXECUTABLE_NAME)",
			);
			runOnlyForDeploymentPostprocessing = 0;
			shellPath = /bin/sh;
			shellScript = ". $HOME/code/operating_system/tool/bin/_on_after_build_dylib\n";
		};
/* End PBXShellScriptBuildPhase section */

/* Begin PBXSourcesBuildPhase section */
		BBA25158952C8792FDC307BA /* Sources */ = {
			isa = PBXSourcesBuildPhase;
			buildActionMask = 2147483647;
			files = (
				105340EC2CB356369CFB16FE /* framework.cpp in Sources */,
				5242F7239575FCA133378295 /* _factory.cpp in Sources */,
				CB6451A205CA42F48F59E68C /* _.cpp in Sources */,
				2F570015864723AF63902438 /* node.cpp in Sources */,
			);
			runOnlyForDeploymentPostprocessing = 0;
		};
		CB6B811D4FB7124EEE5C801C /* Sources */ = {
			isa = PBXSourcesBuildPhase;
			buildActionMask = 2147483647;
			files = (
				1C4D4B55AFB2D0D5BC2A46BA /* framework.cpp in Sources */,
				CE3E49138C2559392EC43B5F /* _factory.cpp in Sources */,
				743F3E10D4903F67052902AC /* _.cpp in Sources */,
				F80921E9041F07A39EB3F046 /* node.cpp in Sources */,
			);
			runOnlyForDeploymentPostprocessing = 0;
		};
		C25497D81170374C0FDA6A81 /* Sources */ = {
			isa = PBXSourcesBuildPhase;
			buildActionMask = 2147483647;
			files = (
				1F8CD93C5D81E8D8E8B68297 /* framework.cpp in Sources */,
				A44B4CDFD8FFE86AC1F6B0A7 /* _factory.cpp in Sources */,
				526425E8ECB6C46BC76CB1DC /* _.cpp in Sources */,
				32A3F6473E0082138B458354 /* node.cpp in Sources */,
			);
			runOnlyForDeploymentPostprocessing = 0;
		};
/* End PBXSourcesBuildPhase section */

/* Begin PBXTargetDependency section */
		B066194EB7B7A3518A498A58 /* PBXTargetDependency */ = {
			isa = PBXTargetDependency;
			name = apex;
			targetProxy = EBE54F8ACFF5562B8F841E89 /* PBXContainerItemProxy */;
		};
		C5527A911A3D792E1CD7AF5F /* PBXTargetDependency */ = {
			isa = PBXTargetDependency;
			name = acme_posix;
			targetProxy = 647B8E4085F64B2AECBEA1CD /* PBXContainerItemProxy */;
		};
		9953798F966F399135A2DE90 /* PBXTargetDependency */ = {
			isa = PBXTargetDependency;
			name = ios_acme_posix;
			targetProxy = FF0AB8A240D0B7EE9C9C3480 /* PBXContainerItemProxy */;
		};
		01ED1B1BA59B518926921B6E /* PBXTargetDependency */ = {
			isa = PBXTargetDependency;
			name = ios_apex;
			targetProxy = 9DFFE4B17A94949F19D1CF0B /* PBXContainerItemProxy */;
		};
		7AC9413829750C7104CA717B /* PBXTargetDependency */ = {
			isa = PBXTargetDependency;
			name = static_acme_posix;
			targetProxy = 1371A2D1778A073A09079164 /* PBXContainerItemProxy */;
		};
		42EB548196C281778246D181 /* PBXTargetDependency */ = {
			isa = PBXTargetDependency;
			name = static_apex;
			targetProxy = 8D909AB57A70E175626E363D /* PBXContainerItemProxy */;
		};
/* End PBXTargetDependency section */

/* Begin XCBuildConfiguration section */
		EC9CDEA43EC11C51FBB24808 /* Debug */ = {
			isa = XCBuildConfiguration;
			baseConfigurationReference = 751C77018D826E753FE2D8C8 /* _____debug.xcconfig */;
			buildSettings = {
				ALWAYS_SEARCH_USER_PATHS = NO;
				BUILD_LIBRARY_FOR_DISTRIBUTION = YES;
				CLANG_ANALYZER_GCD = YES;
				CLANG_ANALYZER_LOCALIZABILITY_NONLOCALIZED = YES;
				CLANG_ANALYZER_MEMORY_MANAGEMENT = YES;
				CLANG_ANALYZER_NONNULL = YES;
				CLANG_ANALYZER_NUMBER_OBJECT_CONVERSION = YES_AGGRESSIVE;
				CLANG_CXX_LANGUAGE_STANDARD = "c++20";
				CLANG_CXX_LIBRARY = "libc++";
				CLANG_ENABLE_CPP_STATIC_DESTRUCTORS = YES;
				CLANG_ENABLE_MODULES = NO;
				CLANG_ENABLE_OBJC_ARC = YES;
				CLANG_ENABLE_OBJC_WEAK = YES;
				CLANG_STATIC_ANALYZER_MODE = deep;
				CLANG_STATIC_ANALYZER_MODE_ON_ANALYZE_ACTION = deep;
				CLANG_WARN_BLOCK_CAPTURE_AUTORELEASING = YES;
				CLANG_WARN_BOOL_CONVERSION = NO;
				CLANG_WARN_COMMA = YES;
				CLANG_WARN_CONSTANT_CONVERSION = NO;
				CLANG_WARN_DEPRECATED_OBJC_IMPLEMENTATIONS = YES;
				CLANG_WARN_DIRECT_OBJC_ISA_USAGE = YES;
				CLANG_WARN_DOCUMENTATION_COMMENTS = YES;
				CLANG_WARN_EMPTY_BODY = NO;
				CLANG_WARN_ENUM_CONVERSION = NO;
				CLANG_WARN_INFINITE_RECURSION = YES;
				CLANG_WARN_INT_CONVERSION = NO;
				CLANG_WARN_NON_LITERAL_NULL_CONVERSION = YES;
				CLANG_WARN_OBJC_IMPLICIT_RETAIN_SELF = YES;
				CLANG_WARN_OBJC_LITERAL_CONVERSION = YES;
				CLANG_WARN_OBJC_ROOT_CLASS = YES_ERROR;
				CLANG_WARN_PRAGMA_PACK = NO;
				CLANG_WARN_QUOTED_INCLUDE_IN_FRAMEWORK_HEADER = YES;
				CLANG_WARN_RANGE_LOOP_ANALYSIS = YES;
				CLANG_WARN_STRICT_PROTOTYPES = YES;
				CLANG_WARN_SUSPICIOUS_MOVE = YES;
				CLANG_WARN_UNGUARDED_AVAILABILITY = YES_AGGRESSIVE;
				CLANG_WARN_UNREACHABLE_CODE = YES;
				CLANG_WARN__DUPLICATE_METHOD_MATCH = NO;
				FRAMEWORK_SEARCH_PATHS = (
					"$(inherited)",
					"$(DEVELOPER_FRAMEWORKS_DIR)",
					"$(WorkspaceDir)/../operating_system/storage-$(PLATFORM_MODIFIER)/$(CONFIGURATION)/framework",
				);
				COPY_PHASE_STRIP = NO;
				DEAD_CODE_STRIPPING = NO;
				DEBUG_INFORMATION_FORMAT = "dwarf-with-dsym";
				DEPLOYMENT_POSTPROCESSING = YES;
				ENABLE_STRICT_OBJC_MSGSEND = YES;
				ENABLE_TESTABILITY = YES;
				ENABLE_USER_SCRIPT_SANDBOXING = YES;
				EXCLUDED_ARCHS = "";
				EXECUTABLE_PREFIX = lib;
				GCC_C_LANGUAGE_STANDARD = c11;
				GCC_DYNAMIC_NO_PIC = NO;
				GCC_ENABLE_CPP_EXCEPTIONS = YES;
				GCC_ENABLE_CPP_RTTI = YES;
				GCC_GENERATE_DEBUGGING_SYMBOLS = YES;
				GCC_INCREASE_PRECOMPILED_HEADER_SHARING = NO;
				GCC_NO_COMMON_BLOCKS = YES;
				GCC_OPTIMIZATION_LEVEL = 0;
				GCC_PRECOMPILE_PREFIX_HEADER = YES;
				GCC_PREFIX_HEADER = framework.h;
				GCC_PREPROCESSOR_DEFINITIONS = "$(inherited)";
				GCC_REUSE_STRINGS = YES;
				GCC_SYMBOLS_PRIVATE_EXTERN = NO;
				GCC_VERSION = "";
				GCC_WARN_64_TO_32_BIT_CONVERSION = NO;
				"GCC_WARN_64_TO_32_BIT_CONVERSION[arch=*64]" = YES;
				GCC_WARN_ABOUT_DEPRECATED_FUNCTIONS = NO;
				GCC_WARN_ABOUT_POINTER_SIGNEDNESS = YES;
				GCC_WARN_ABOUT_RETURN_TYPE = NO;
				GCC_WARN_UNDECLARED_SELECTOR = NO;
				GCC_WARN_UNINITIALIZED_AUTOS = NO;
				GCC_WARN_UNUSED_FUNCTION = NO;
				GCC_WARN_UNUSED_VARIABLE = NO;
				HEADER_SEARCH_PATHS = "";
				LD_RUNPATH_SEARCH_PATHS = "@executable_path @loader_path";
				LIBRARY_SEARCH_PATHS = (
					"$(inherited)",
					"$(WorkspaceDir)/../operating_system/storage-$(PLATFORM_MODIFIER)/$(CONFIGURATION)/library",
				);
				MTL_ENABLE_DEBUG_INFO = INCLUDE_SOURCE;
				MTL_FAST_MATH = YES;
				ONLY_ACTIVE_ARCH = YES;
				OTHER_LDFLAGS = "-all_load";
				PRODUCT_NAME = "$(TARGET_NAME)";
				RUN_CLANG_STATIC_ANALYZER = NO;
				SKIP_INSTALL = YES;
				STRINGS_FILE_OUTPUT_ENCODING = "UTF-8";
				SYSTEM_HEADER_SEARCH_PATHS = (
					"$(WorkspaceDir)/operating_system/operating_system-$(PLATFORM_MODIFIER)/include",
					"$(WorkspaceDir)/operating_system/operating_system-$(PLATFORM_MODIFIER)/configuration",
					"$(WorkspaceDir)/port/include",
					"$(WorkspaceDir)/source/app/include",
				);
				USER_HEADER_SEARCH_PATHS = (
					.,
					"$(WorkspaceDir)/source",
					"$(WorkspaceDir)/source/app",
					"$(WorkspaceDir)/source/app/_include",
					"$(WorkspaceDir)/operating_system",
					"$(WorkspaceDir)/operating_system/operating_system-$(PLATFORM_MODIFIER)",
					"$(WorkspaceDir)/operating_system/operating_system-$(PLATFORM_MODIFIER)/configuration_selection/$(CONFIGURATION)",
					"$(WorkspaceDir)/operating_system/operating_system-posix",
					"$(WorkspaceDir)/port/_",
					"$(PROJECT_DIR)",
					"$(PROJECT_DIR)/..",
					"$(PROJECT_DIR)/../..",
					"$(HOME)/sensitive/sensitive/include",
				);
				USE_HEADERMAP = NO;
				WorkspaceDir = "$(SRCROOT)/../../..";
			};
			name = Debug;
		};
		03AA18A0976A0EDF6766EE43 /* Release */ = {
			isa = XCBuildConfiguration;
			baseConfigurationReference = C23509542F908B5D2C57691E /* _____release.xcconfig */;
			buildSettings = {
				ALWAYS_SEARCH_USER_PATHS = NO;
				BUILD_LIBRARY_FOR_DISTRIBUTION = YES;
				CLANG_ANALYZER_GCD = YES;
				CLANG_ANALYZER_LOCALIZABILITY_NONLOCALIZED = YES;
				CLANG_ANALYZER_MEMORY_MANAGEMENT = YES;
				CLANG_ANALYZER_NONNULL = YES;
				CLANG_ANALYZER_NUMBER_OBJECT_CONVERSION = YES_AGGRESSIVE;
				CLANG_CXX_LANGUAGE_STANDARD = "c++20";
				CLANG_CXX_LIBRARY = "libc++";
				CLANG_ENABLE_CPP_STATIC_DESTRUCTORS = YES;
				CLANG_ENABLE_MODULES = NO;
				CLANG_ENABLE_OBJC_ARC = YES;
				CLANG_ENABLE_OBJC_WEAK = YES;
				CLANG_STATIC_ANALYZER_MODE = deep;
				CLANG_STATIC_ANALYZER_MODE_ON_ANALYZE_ACTION = deep;
				CLANG_WARN_BLOCK_CAPTURE_AUTORELEASING = YES;
				CLANG_WARN_BOOL_CONVERSION = NO;
				CLANG_WARN_COMMA = YES;
				CLANG_WARN_CONSTANT_CONVERSION = NO;
				CLANG_WARN_DEPRECATED_OBJC_IMPLEMENTATIONS = YES;
				CLANG_WARN_DIRECT_OBJC_ISA_USAGE = YES;
				CLANG_WARN_DOCUMENTATION_COMMENTS = YES;
				CLANG_WARN_EMPTY_BODY = NO;
				CLANG_WARN_ENUM_CONVERSION = NO;
				CLANG_WARN_INFINITE_RECURSION = YES;
				CLANG_WARN_INT_CONVERSION = NO;
				CLANG_WARN_NON_LITERAL_NULL_CONVERSION = YES;
				CLANG_WARN_OBJC_IMPLICIT_RETAIN_SELF = YES;
				CLANG_WARN_OBJC_LITERAL_CONVERSION = YES;
				CLANG_WARN_OBJC_ROOT_CLASS = YES_ERROR;
				CLANG_WARN_PRAGMA_PACK = NO;
				CLANG_WARN_QUOTED_INCLUDE_IN_FRAMEWORK_HEADER = YES;
				CLANG_WARN_RANGE_LOOP_ANALYSIS = YES;
				CLANG_WARN_STRICT_PROTOTYPES = YES;
				CLANG_WARN_SUSPICIOUS_MOVE = YES;
				CLANG_WARN_UNGUARDED_AVAILABILITY = YES_AGGRESSIVE;
				CLANG_WARN_UNREACHABLE_CODE = YES;
				CLANG_WARN__DUPLICATE_METHOD_MATCH = NO;
				FRAMEWORK_SEARCH_PATHS = (
					"$(inherited)",
					"$(DEVELOPER_FRAMEWORKS_DIR)",
					"$(WorkspaceDir)/../operating_system/storage-$(PLATFORM_MODIFIER)/$(CONFIGURATION)/framework",
				);
				COPY_PHASE_STRIP = NO;
				DEAD_CODE_STRIPPING = NO;
				DEBUG_INFORMATION_FORMAT = "dwarf-with-dsym";
				DEPLOYMENT_POSTPROCESSING = YES;
				ENABLE_HARDENED_RUNTIME = YES;
				ENABLE_NS_ASSERTIONS = NO;
				ENABLE_STRICT_OBJC_MSGSEND = YES;
				ENABLE_USER_SCRIPT_SANDBOXING = YES;
				EXCLUDED_ARCHS = "";
				EXECUTABLE_PREFIX = lib;
				GCC_C_LANGUAGE_STANDARD = c11;
				GCC_ENABLE_CPP_EXCEPTIONS = YES;
				GCC_ENABLE_CPP_RTTI = YES;
				GCC_GENERATE_DEBUGGING_SYMBOLS = YES;
				GCC_INCREASE_PRECOMPILED_HEADER_SHARING = NO;
				GCC_NO_COMMON_BLOCKS = YES;
				GCC_OPTIMIZATION_LEVEL = 0;
				GCC_PRECOMPILE_PREFIX_HEADER = YES;
				GCC_PREFIX_HEADER = framework.h;
				GCC_PREPROCESSOR_DEFINITIONS = "";
				GCC_REUSE_STRINGS = YES;
				GCC_VERSION = "";
				GCC_WARN_64_TO_32_BIT_CONVERSION = NO;
				"GCC_WARN_64_TO_32_BIT_CONVERSION[arch=*64]" = YES;
				GCC_WARN_ABOUT_DEPRECATED_FUNCTIONS = NO;
				GCC_WARN_ABOUT_POINTER_SIGNEDNESS = YES;
				GCC_WARN_ABOUT_RETURN_TYPE = NO;
				GCC_WARN_UNDECLARED_SELECTOR = NO;
				GCC_WARN_UNINITIALIZED_AUTOS = NO;
				GCC_WARN_UNUSED_FUNCTION = NO;
				GCC_WARN_UNUSED_VARIABLE = NO;
				HEADER_SEARCH_PATHS = "";
				LD_RUNPATH_SEARCH_PATHS = "@executable_path @loader_path";
				LIBRARY_SEARCH_PATHS = (
					"$(inherited)",
					"$(WorkspaceDir)/../operating_system/storage-$(PLATFORM_MODIFIER)/$(CONFIGURATION)/library",
				);
				MTL_ENABLE_DEBUG_INFO = NO;
				MTL_FAST_MATH = YES;
				OTHER_LDFLAGS = "-all_load";
				PRODUCT_NAME = "$(TARGET_NAME)";
				RUN_CLANG_STATIC_ANALYZER = NO;
				SKIP_INSTALL = YES;
				STRINGS_FILE_OUTPUT_ENCODING = "UTF-8";
				SYSTEM_HEADER_SEARCH_PATHS = (
					"$(WorkspaceDir)/operating_system/operating_system-$(PLATFORM_MODIFIER)/include",
					"$(WorkspaceDir)/operating_system/operating_system-$(PLATFORM_MODIFIER)/configuration",
					"$(WorkspaceDir)/port/include",
					"$(WorkspaceDir)/source/app/include",
				);
				USER_HEADER_SEARCH_PATHS = (
					.,
					"$(WorkspaceDir)/source",
					"$(WorkspaceDir)/source/app",
					"$(WorkspaceDir)/source/app/_include",
					"$(WorkspaceDir)/operating_system",
					"$(WorkspaceDir)/operating_system/operating_system-$(PLATFORM_MODIFIER)",
					"$(WorkspaceDir)/operating_system/operating_system-$(PLATFORM_MODIFIER)/configuration_selection/$(CONFIGURATION)",
					"$(WorkspaceDir)/operating_system/operating_system-posix",
					"$(WorkspaceDir)/port/_",
					"$(PROJECT_DIR)",
					"$(PROJECT_DIR)/..",
					"$(PROJECT_DIR)/../..",
					"$(HOME)/sensitive/sensitive/include",
				);
				USE_HEADERMAP = NO;
				VALIDATE_PRODUCT = YES;
				WorkspaceDir = "$(SRCROOT)/../../..";
			};
			name = Release;
		};
		47D887561FC3B748BC54651A /* Debug */ = {
			isa = XCBuildConfiguration;
			buildSettings = {
				ENABLE_HARDENED_RUNTIME = YES;
				EXECUTABLE_EXTENSION = dylib;
				MACH_O_TYPE = mh_dylib;
				PLATFORM_MODIFIER = macos;
				SDKROOT = macosx;
			};
			name = Debug;
		};
		3D3EADDE2EEDE73F44DF1997 /* Release */ = {
			isa = XCBuildConfiguration;
			buildSettings = {
				ENABLE_HARDENED_RUNTIME = YES;
				EXECUTABLE_EXTENSION = dylib;
				MACH_O_TYPE = mh_dylib;
				PLATFORM_MODIFIER = macos;
				SDKROOT = macosx;
			};
			name = Release;
		};
		1561F67E894DFA25B1D89678 /* Debug */ = {
			isa = XCBuildConfiguration;
			buildSettings = {
				EXECUTABLE_EXTENSION = "$(STATIC_LIBRARY_EXTENSION:default=a)";
				EXECUTABLE_PREFIX = lib;
				MACH_O_TYPE = staticlib;
				PLATFORM_MODIFIER = ios;
				SDKROOT = iphoneos;
			};
			name = Debug;
		};
		E64A220ACA386854A8FF5296 /* Release */ = {
			isa = XCBuildConfiguration;
			buildSettings = {
				EXECUTABLE_EXTENSION = "$(STATIC_LIBRARY_EXTENSION:default=a)";
				EXECUTABLE_PREFIX = lib;
				MACH_O_TYPE = staticlib;
				PLATFORM_MODIFIER = ios;
				SDKROOT = iphoneos;
			};
			name = Release;
		};
		09E18F3167FEBD7A9D85AD4E /* Debug */ = {
			isa = XCBuildConfiguration;
			buildSettings = {
				EXECUTABLE_EXTENSION = a;
				EXECUTABLE_PREFIX = lib;
				GCC_PREPROCESSOR_DEFINITIONS = (
					CUBE,
					"DEBUG=1",
					"$(inherited)",
				);
				MACH_O_TYPE = staticlib;
				PLATFORM_MODIFIER = macos;
			};
			name = Debug;
		};
		1CEAE5566FBD1B5EA9A5EDAD /* Release */ = {
			isa = XCBuildConfiguration;
			buildSettings = {
				EXECUTABLE_EXTENSION = a;
				EXECUTABLE_PREFIX = lib;
				GCC_PREPROCESSOR_DEFINITIONS = CUBE;
				MACH_O_TYPE = staticlib;
				PLATFORM_MODIFIER = macos;
			};
			name = Release;
		};
/* End XCBuildConfiguration section */

/* Begin XCConfigurationList section */
		1C73029C07EB7732EC2F26B5 /* Build configuration list for PBXProject "apex_posix" */ = {
			isa = XCConfigurationList;
			buildConfigurations = (
				EC9CDEA43EC11C51FBB24808 /* Debug */,
				03AA18A0976A0EDF6766EE43 /* Release */,
			);
			defaultConfigurationIsVisible = 0;
			defaultConfigurationName = Release;
		};
		9323A7823030762CF11E9DCC /* Build configuration list for PBXNativeTarget "apex_posix" */ = {
			isa = XCConfigurationList;
			buildConfigurations = (
				47D887561FC3B748BC54651A /* Debug */,
				3D3EADDE2EEDE73F44DF1997 /* Release */,
			);
			defaultConfigurationIsVisible = 0;
			defaultConfigurationName = Release;
		};
		76D41006528020E7F64F890E /* Build configuration list for PBXNativeTarget "ios_apex_posix" */ = {
			isa = XCConfigurationList;
			buildConfigurations = (
				1561F67E894DFA25B1D89678 /* Debug */,
				E64A220ACA386854A8FF5296 /* Release */,
			);
			defaultConfigurationIsVisible = 0;
			defaultConfigurationName = Release;
		};
		AF4B2347D1146B159CFFD563 /* Build configuration list for PBXNativeTarget "static_apex_posix" */ = {
			isa = XCConfigurationList;
			buildConfigurations = (
				09E18F3167FEBD7A9D85AD4E /* Debug */,
				1CEAE5566FBD1B5EA9A5EDAD /* Release */,
			);
			defaultConfigurationIsVisible = 0;
			defaultConfigurationName = Release;
		};
/* End XCConfigurationList section */
	};
	rootObject = C29F481D921A4267FE47A73F /* Project object */;
}
