// !$*UTF8*$!
{
	archiveVersion = 1;
	classes = {
	};
	objectVersion = 54;
	objects = {

/* Begin PBXBuildFile section */
		E0A5495A40F917E26E858EE1 /* libios_aura_posix.a in Frameworks */ = {isa = PBXBuildFile; fileRef = E171E4550A9D2EA9490C7586 /* libios_aura_posix.a */; };
		07E5977952904A01CE6CB48F /* libaura.dylib in Frameworks */ = {isa = PBXBuildFile; fileRef = 3035EF86A4FABBD5800726EA /* libaura.dylib */; };
		003BF28AB6C1CCCECCDE5BA2 /* libacme_posix.dylib in Frameworks */ = {isa = PBXBuildFile; fileRef = 37A68BFA281DF4944E4D5334 /* libacme_posix.dylib */; };
		B41307E8CBBAE01975B1860B /* libapex.dylib in Frameworks */ = {isa = PBXBuildFile; fileRef = F29C028E0808AA8B0FB5470E /* libapex.dylib */; };
		B97D452C21BAFFAB52378784 /* libapex_posix.dylib in Frameworks */ = {isa = PBXBuildFile; fileRef = E715F4E7B82997549F12F28A /* libapex_posix.dylib */; };
		254033754D7F3136ADB2E06F /* libacme.dylib in Frameworks */ = {isa = PBXBuildFile; fileRef = F55067EEDBA613EE96205DC0 /* libacme.dylib */; };
		60C8F7C81442B6B0FC3E4480 /* node.cpp in Sources */ = {isa = PBXBuildFile; fileRef = 7E3CBBD1A017F6D641FEFC0D /* node.cpp */; };
		F2A35A9D889B4FDA86873010 /* Carbon.framework in Frameworks */ = {isa = PBXBuildFile; fileRef = 776D7FF6E18553ADDF41F5FD /* Carbon.framework */; };
		70E1AE3F32A53F13DEB4938C /* Cocoa.framework in Frameworks */ = {isa = PBXBuildFile; fileRef = 00846C2FDF1280490A4641D4 /* Cocoa.framework */; };
		7732D869BECC21AD241A49C7 /* _.cpp in Sources */ = {isa = PBXBuildFile; fileRef = 66BCA501B415FB4D6F7863B5 /* _.cpp */; };
		C2E74449F8C75671C569329A /* appindicator.cpp in Sources */ = {isa = PBXBuildFile; fileRef = 5D86E7C70B24412D97E54759 /* appindicator.cpp */; };
		656175EAE5122EB37AE6FA74 /* _factory.cpp in Sources */ = {isa = PBXBuildFile; fileRef = DAA0FA26469633E822562C8F /* _factory.cpp */; };
		7040719555C1258CDF29CD8F /* framework.cpp in Sources */ = {isa = PBXBuildFile; fileRef = BF0390304BF470E79C87DC04 /* framework.cpp */; };
		1F82CF5F06D1C3E6916449C8 /* shell.cpp in Sources */ = {isa = PBXBuildFile; fileRef = 8C835EB70BA674556CCCF3DC /* shell.cpp */; };
		A5F9EEA30F51812DC60B47AF /* shell.h in Headers */ = {isa = PBXBuildFile; fileRef = 53426C9EDF7D4F2DB5DA8673 /* shell.h */; };
		C3FD8543C7989EA0744732DA /* clipboard_data.h in Headers */ = {isa = PBXBuildFile; fileRef = 1FA12335C1C7DEDE3B70EE04 /* clipboard_data.h */; };
		EC0CCB265E3F2BB28EC5F35C /* framework.cpp in Sources */ = {isa = PBXBuildFile; fileRef = BF0390304BF470E79C87DC04 /* framework.cpp */; };
		BCE49FBD0C7EA3AC2B8CCFA7 /* node.cpp in Sources */ = {isa = PBXBuildFile; fileRef = 7E3CBBD1A017F6D641FEFC0D /* node.cpp */; };
		CF153EC00E569E08244FF91E /* node.h in Headers */ = {isa = PBXBuildFile; fileRef = 309D09DBD86FCC9C8E274EFE /* node.h */; };
		19DFF6FEE60136B577C760A2 /* _.cpp in Sources */ = {isa = PBXBuildFile; fileRef = 66BCA501B415FB4D6F7863B5 /* _.cpp */; };
		7E0C81E87783564447497847 /* appindicator.cpp in Sources */ = {isa = PBXBuildFile; fileRef = 5D86E7C70B24412D97E54759 /* appindicator.cpp */; };
		294EC9213CB560E4F1BC7CF5 /* user.h in Headers */ = {isa = PBXBuildFile; fileRef = 629138395F04FBB90300957F /* user.h */; };
		5B72E405A5B1CC795A5212CA /* _factory.cpp in Sources */ = {isa = PBXBuildFile; fileRef = DAA0FA26469633E822562C8F /* _factory.cpp */; };
		73569347A3B81B1B44D31139 /* framework.h in Headers */ = {isa = PBXBuildFile; fileRef = 7D906B63E692673C9AA2C9D7 /* framework.h */; };
		D967D5316B14DB8E1418D33C /* appindicator.h in Headers */ = {isa = PBXBuildFile; fileRef = FC104A85C5909162F091DF92 /* appindicator.h */; };
		1B31AFDA46B088DC31419304 /* shell.cpp in Sources */ = {isa = PBXBuildFile; fileRef = 8C835EB70BA674556CCCF3DC /* shell.cpp */; };
		A5B61104D5D8E18DBAE887EF /* _.h in Headers */ = {isa = PBXBuildFile; fileRef = 52B02E40A6D8C8A47AB29BB7 /* _.h */; };
/* End PBXBuildFile section */

/* Begin PBXContainerItemProxy section */
		F9C2C5EA9C90E939A4772298 /* PBXContainerItemProxy */ = {
			isa = PBXContainerItemProxy;
			containerPortal = 88A8CC5F28F6EF597BE11F75 /* Project object */;
			proxyType = 1;
			remoteGlobalIDString = DAF70A583D0BC8B5D3D1D8D5;
			remoteInfo = music_midi_core_audio_ios;
		};
		49642EF8F3B10BF53DC1557E /* PBXContainerItemProxy */ = {
			isa = PBXContainerItemProxy;
			containerPortal = DD6612ADB689DC29D040FC68 /* apex_posix.xcodeproj */;
			proxyType = 2;
			remoteGlobalIDString = 16DC8E79D84F318288332B62;
			remoteInfo = apex_posix;
		};
		5EDB9B9993C718480D91569A /* PBXContainerItemProxy */ = {
			isa = PBXContainerItemProxy;
			containerPortal = DD6612ADB689DC29D040FC68 /* apex_posix.xcodeproj */;
			proxyType = 2;
			remoteGlobalIDString = 8D74BC7132C80A2BE2D6CDB3;
			remoteInfo = ios_apex_posix;
		};
		4128081759D9E5C52278C7E3 /* PBXContainerItemProxy */ = {
			isa = PBXContainerItemProxy;
			containerPortal = DD6612ADB689DC29D040FC68 /* apex_posix.xcodeproj */;
			proxyType = 1;
			remoteGlobalIDString = 8C859458FC5D733DAD753E83;
			remoteInfo = apex_posix;
		};
		D965DBA658017AB8B3235F31 /* PBXContainerItemProxy */ = {
			isa = PBXContainerItemProxy;
			containerPortal = 3CF992588359BF03708D7968 /* aura.xcodeproj */;
			proxyType = 1;
			remoteGlobalIDString = A7460B7BA348DC6C50506755;
			remoteInfo = aura;
		};
		B7C5F72281795168FDDA86BC /* PBXContainerItemProxy */ = {
			isa = PBXContainerItemProxy;
			containerPortal = DD6612ADB689DC29D040FC68 /* apex_posix.xcodeproj */;
			proxyType = 1;
			remoteGlobalIDString = 2A5A124FAE4ED7E579DCCEAF;
			remoteInfo = ios_apex_posix;
		};
		10988DDB0F8F21C559C63C53 /* PBXContainerItemProxy */ = {
			isa = PBXContainerItemProxy;
			containerPortal = 3CF992588359BF03708D7968 /* aura.xcodeproj */;
			proxyType = 1;
			remoteGlobalIDString = F280D3C1BCBF46CE8A770C4B;
			remoteInfo = ios_aura;
		};
		778E3E0E492D4A361AC1CFE5 /* PBXContainerItemProxy */ = {
			isa = PBXContainerItemProxy;
			containerPortal = DD6612ADB689DC29D040FC68 /* apex_posix.xcodeproj */;
			proxyType = 2;
			remoteGlobalIDString = FEB9D0E7108B5CEC11AC49D2;
			remoteInfo = static_apex_posix;
		};
		D097DD4A13E530BCE859681C /* PBXContainerItemProxy */ = {
			isa = PBXContainerItemProxy;
			containerPortal = 3CF992588359BF03708D7968 /* aura.xcodeproj */;
			proxyType = 2;
			remoteGlobalIDString = E4417B3C048CFEB95EEAB513;
			remoteInfo = aura;
		};
		52DC4496D68EB3403C1407F5 /* PBXContainerItemProxy */ = {
			isa = PBXContainerItemProxy;
			containerPortal = 3CF992588359BF03708D7968 /* aura.xcodeproj */;
			proxyType = 2;
			remoteGlobalIDString = 430A724391C0109CE61F368C;
			remoteInfo = aura_iosTests;
		};
		187998A990236718EC042992 /* PBXContainerItemProxy */ = {
			isa = PBXContainerItemProxy;
			containerPortal = 3CF992588359BF03708D7968 /* aura.xcodeproj */;
			proxyType = 2;
			remoteGlobalIDString = 443EFA39F2FC24A6099F2688;
			remoteInfo = ios_aura;
		};
/* End PBXContainerItemProxy section */

/* Begin PBXCopyFilesBuildPhase section */
		739AC6DACE92388A0B945F9A /* CopyFiles */ = {
			isa = PBXCopyFilesBuildPhase;
			buildActionMask = 2147483647;
			dstPath = "include/$(PRODUCT_NAME)";
			dstSubfolderSpec = 16;
			files = (
			);
			runOnlyForDeploymentPostprocessing = 0;
		};
/* End PBXCopyFilesBuildPhase section */

/* Begin PBXFileReference section */
		E171E4550A9D2EA9490C7586 /* libios_aura_posix.a */ = {isa = PBXFileReference; explicitFileType = archive.ar; includeInIndex = 0; path = libios_aura_posix.a; sourceTree = BUILT_PRODUCTS_DIR; };
		19586CBE9358EE1B18F4313C /* aura_posix_iosTests.xctest */ = {isa = PBXFileReference; explicitFileType = wrapper.cfbundle; includeInIndex = 0; path = aura_posix_iosTests.xctest; sourceTree = BUILT_PRODUCTS_DIR; };
		DD6612ADB689DC29D040FC68 /* apex_posix.xcodeproj */ = {isa = PBXFileReference; lastKnownFileType = "wrapper.pb-project"; name = apex_posix.xcodeproj; path = ../apex_posix/apex_posix.xcodeproj; sourceTree = SOURCE_ROOT; };
		37A68BFA281DF4944E4D5334 /* libacme_posix.dylib */ = {isa = PBXFileReference; explicitFileType = "compiled.mach-o.dylib"; path = libacme_posix.dylib; sourceTree = BUILT_PRODUCTS_DIR; };
		F29C028E0808AA8B0FB5470E /* libapex.dylib */ = {isa = PBXFileReference; explicitFileType = "compiled.mach-o.dylib"; path = libapex.dylib; sourceTree = BUILT_PRODUCTS_DIR; };
		E715F4E7B82997549F12F28A /* libapex_posix.dylib */ = {isa = PBXFileReference; explicitFileType = "compiled.mach-o.dylib"; path = libapex_posix.dylib; sourceTree = BUILT_PRODUCTS_DIR; };
		F55067EEDBA613EE96205DC0 /* libacme.dylib */ = {isa = PBXFileReference; explicitFileType = "compiled.mach-o.dylib"; path = libacme.dylib; sourceTree = BUILT_PRODUCTS_DIR; };
		776D7FF6E18553ADDF41F5FD /* Carbon.framework */ = {isa = PBXFileReference; lastKnownFileType = wrapper.framework; name = Carbon.framework; path = System/Library/Frameworks/Carbon.framework; sourceTree = SDKROOT; };
		00846C2FDF1280490A4641D4 /* Cocoa.framework */ = {isa = PBXFileReference; lastKnownFileType = wrapper.framework; name = Cocoa.framework; path = System/Library/Frameworks/Cocoa.framework; sourceTree = SDKROOT; };
		1B956DA684C4D0B50E743D86 /* _____debug.xcconfig */ = {isa = PBXFileReference; fileEncoding = 4; lastKnownFileType = text.xcconfig; path = "_____debug.xcconfig"; sourceTree = "<group>"; };
		2738B077469E9DFD2FC2B4AC /* _____release.xcconfig */ = {isa = PBXFileReference; fileEncoding = 4; lastKnownFileType = text.xcconfig; path = "_____release.xcconfig"; sourceTree = "<group>"; };
		3CF992588359BF03708D7968 /* aura.xcodeproj */ = {isa = PBXFileReference; lastKnownFileType = "wrapper.pb-project"; name = aura.xcodeproj; path = ../../../source/app/aura/aura.xcodeproj; sourceTree = SOURCE_ROOT; };
		53426C9EDF7D4F2DB5DA8673 /* shell.h */ = {isa = PBXFileReference; fileEncoding = 4; lastKnownFileType = sourcecode.c.h; path = shell.h; sourceTree = "<group>"; };
		1FA12335C1C7DEDE3B70EE04 /* clipboard_data.h */ = {isa = PBXFileReference; fileEncoding = 4; lastKnownFileType = sourcecode.c.h; path = clipboard_data.h; sourceTree = "<group>"; };
		BF0390304BF470E79C87DC04 /* framework.cpp */ = {isa = PBXFileReference; fileEncoding = 4; lastKnownFileType = sourcecode.cpp.cpp; path = framework.cpp; sourceTree = "<group>"; };
		7E3CBBD1A017F6D641FEFC0D /* node.cpp */ = {isa = PBXFileReference; fileEncoding = 4; lastKnownFileType = sourcecode.cpp.cpp; path = node.cpp; sourceTree = "<group>"; };
		309D09DBD86FCC9C8E274EFE /* node.h */ = {isa = PBXFileReference; fileEncoding = 4; lastKnownFileType = sourcecode.c.h; path = node.h; sourceTree = "<group>"; };
		66BCA501B415FB4D6F7863B5 /* _.cpp */ = {isa = PBXFileReference; fileEncoding = 4; lastKnownFileType = sourcecode.cpp.cpp; path = _.cpp; sourceTree = "<group>"; };
		5D86E7C70B24412D97E54759 /* appindicator.cpp */ = {isa = PBXFileReference; fileEncoding = 4; lastKnownFileType = sourcecode.cpp.cpp; path = appindicator.cpp; sourceTree = "<group>"; };
		629138395F04FBB90300957F /* user.h */ = {isa = PBXFileReference; fileEncoding = 4; lastKnownFileType = sourcecode.c.h; path = user.h; sourceTree = "<group>"; };
		DAA0FA26469633E822562C8F /* _factory.cpp */ = {isa = PBXFileReference; fileEncoding = 4; lastKnownFileType = sourcecode.cpp.cpp; path = _factory.cpp; sourceTree = "<group>"; };
		7D906B63E692673C9AA2C9D7 /* framework.h */ = {isa = PBXFileReference; fileEncoding = 4; lastKnownFileType = sourcecode.c.h; path = framework.h; sourceTree = "<group>"; };
		FC104A85C5909162F091DF92 /* appindicator.h */ = {isa = PBXFileReference; fileEncoding = 4; lastKnownFileType = sourcecode.c.h; path = appindicator.h; sourceTree = "<group>"; };
		8C835EB70BA674556CCCF3DC /* shell.cpp */ = {isa = PBXFileReference; fileEncoding = 4; lastKnownFileType = sourcecode.cpp.cpp; path = shell.cpp; sourceTree = "<group>"; };
		52B02E40A6D8C8A47AB29BB7 /* _.h */ = {isa = PBXFileReference; fileEncoding = 4; lastKnownFileType = sourcecode.c.h; path = _.h; sourceTree = "<group>"; };
		D7E95DD7986DF59F61489478 /* libaura_posix.dylib */ = {isa = PBXFileReference; explicitFileType = "compiled.mach-o.dylib"; includeInIndex = 0; path = libaura_posix.dylib; sourceTree = BUILT_PRODUCTS_DIR; };
/* End PBXFileReference section */

/* Begin PBXFrameworksBuildPhase section */
		3220C52A74D748AB609F238F /* Frameworks */ = {
			isa = PBXFrameworksBuildPhase;
			buildActionMask = 2147483647;
			files = (
			);
			runOnlyForDeploymentPostprocessing = 0;
		};
		623773B92F1398FD2561B091 /* Frameworks */ = {
			isa = PBXFrameworksBuildPhase;
			buildActionMask = 2147483647;
			files = (
				E0A5495A40F917E26E858EE1 /* libios_aura_posix.a in Frameworks */,
			);
			runOnlyForDeploymentPostprocessing = 0;
		};
		8C0DBD2C4BA6120D09D35EA2 /* Frameworks */ = {
			isa = PBXFrameworksBuildPhase;
			buildActionMask = 2147483647;
			files = (
				F2A35A9D889B4FDA86873010 /* Carbon.framework in Frameworks */,
				70E1AE3F32A53F13DEB4938C /* Cocoa.framework in Frameworks */,
				254033754D7F3136ADB2E06F /* libacme.dylib in Frameworks */,
				003BF28AB6C1CCCECCDE5BA2 /* libacme_posix.dylib in Frameworks */,
				B41307E8CBBAE01975B1860B /* libapex.dylib in Frameworks */,
				B97D452C21BAFFAB52378784 /* libapex_posix.dylib in Frameworks */,
				07E5977952904A01CE6CB48F /* libaura.dylib in Frameworks */,
			);
			runOnlyForDeploymentPostprocessing = 0;
		};
/* End PBXFrameworksBuildPhase section */

/* Begin PBXGroup section */
		9496015449AA4D65FFEDD9FC /* Frameworks */ = {
			isa = PBXGroup;
			children = (
				776D7FF6E18553ADDF41F5FD /* Carbon.framework */,
				00846C2FDF1280490A4641D4 /* Cocoa.framework */,
				F55067EEDBA613EE96205DC0 /* libacme.dylib */,
				37A68BFA281DF4944E4D5334 /* libacme_posix.dylib */,
				F29C028E0808AA8B0FB5470E /* libapex.dylib */,
				E715F4E7B82997549F12F28A /* libapex_posix.dylib */,
			);
			name = Frameworks;
			sourceTree = "<group>";
		};
		B7B2B31D1798739EFB6B40D3 /* Products */ = {
			isa = PBXGroup;
			children = (
				C0D68CF95B6BCF7FA23812BF /* libapex_posix.dylib */,
				DF15E0A1D870ED64138401F1 /* libios_apex_posix.a */,
				F4B6BCDEE0C1FA303DBD885C /* libstatic_apex_posix.a */,
			);
			name = Products;
			sourceTree = "<group>";
		};
		537FEC1C28FB65C57729C0CF /* Products */ = {
			isa = PBXGroup;
			children = (
				3035EF86A4FABBD5800726EA /* libaura.dylib */,
				6C3D88E1BC6CB577B2AE4580 /* libios_aura.a */,
				426EDDF12D73BE672F50EE94 /* aura_iosTests.xctest */,
			);
			name = Products;
			sourceTree = "<group>";
		};
		D2260E7E6CA7876E034320B4 /* aura_posix */ = {
			isa = PBXGroup;
			children = (
				1B956DA684C4D0B50E743D86 /* _____debug.xcconfig */,
				2738B077469E9DFD2FC2B4AC /* _____release.xcconfig */,
				66BCA501B415FB4D6F7863B5 /* _.cpp */,
				52B02E40A6D8C8A47AB29BB7 /* _.h */,
				DAA0FA26469633E822562C8F /* _factory.cpp */,
				5D86E7C70B24412D97E54759 /* appindicator.cpp */,
				FC104A85C5909162F091DF92 /* appindicator.h */,
				1FA12335C1C7DEDE3B70EE04 /* clipboard_data.h */,
				BF0390304BF470E79C87DC04 /* framework.cpp */,
				7D906B63E692673C9AA2C9D7 /* framework.h */,
				7E3CBBD1A017F6D641FEFC0D /* node.cpp */,
				309D09DBD86FCC9C8E274EFE /* node.h */,
				8C835EB70BA674556CCCF3DC /* shell.cpp */,
				53426C9EDF7D4F2DB5DA8673 /* shell.h */,
				629138395F04FBB90300957F /* user.h */,
			);
			name = aura_posix;
			sourceTree = "<group>";
		};
		5AC12854D543853662B418E1 = {
			isa = PBXGroup;
			children = (
				DD6612ADB689DC29D040FC68 /* apex_posix.xcodeproj */,
				3CF992588359BF03708D7968 /* aura.xcodeproj */,
				D2260E7E6CA7876E034320B4 /* aura_posix */,
				9496015449AA4D65FFEDD9FC /* Frameworks */,
				1AF98FA481DF46635D38D107 /* Products */,
			);
			sourceTree = "<group>";
		};
		1AF98FA481DF46635D38D107 /* Products */ = {
			isa = PBXGroup;
			children = (
				D7E95DD7986DF59F61489478 /* libaura_posix.dylib */,
				E171E4550A9D2EA9490C7586 /* libios_aura_posix.a */,
				19586CBE9358EE1B18F4313C /* aura_posix_iosTests.xctest */,
			);
			name = Products;
			sourceTree = "<group>";
		};
/* End PBXGroup section */

/* Begin PBXHeadersBuildPhase section */
		9874C7BB04634BC1B041FF88 /* Headers */ = {
			isa = PBXHeadersBuildPhase;
			buildActionMask = 2147483647;
			files = (
				A5B61104D5D8E18DBAE887EF /* _.h in Headers */,
				CF153EC00E569E08244FF91E /* node.h in Headers */,
				D967D5316B14DB8E1418D33C /* appindicator.h in Headers */,
				294EC9213CB560E4F1BC7CF5 /* user.h in Headers */,
				73569347A3B81B1B44D31139 /* framework.h in Headers */,
				A5F9EEA30F51812DC60B47AF /* shell.h in Headers */,
				C3FD8543C7989EA0744732DA /* clipboard_data.h in Headers */,
			);
			runOnlyForDeploymentPostprocessing = 0;
		};
/* End PBXHeadersBuildPhase section */

/* Begin PBXNativeTarget section */
		DAF70A583D0BC8B5D3D1D8D5 /* ios_aura_posix */ = {
			isa = PBXNativeTarget;
			buildConfigurationList = BA0254D566944CD7FA9FE868 /* Build configuration list for PBXNativeTarget "ios_aura_posix" */;
			buildPhases = (
				0AA800CAF2EAF927254BE0B8 /* Sources */,
				3220C52A74D748AB609F238F /* Frameworks */,
				739AC6DACE92388A0B945F9A /* CopyFiles */,
			);
			buildRules = (
			);
			dependencies = (
				BB1290DD3A4519A10BC33CD2 /* PBXTargetDependency */,
				13AC311E98E3CD411BB4E889 /* PBXTargetDependency */,
			);
			name = ios_aura_posix;
			productName = music_midi_core_audio_ios;
			productReference = E171E4550A9D2EA9490C7586 /* libios_aura_posix.a */;
			productType = "com.apple.product-type.library.static";
		};
		F1CD98F362A0154924107CF5 /* aura_posix_iosTests */ = {
			isa = PBXNativeTarget;
			buildConfigurationList = 689979F54D19E1A9688EC43D /* Build configuration list for PBXNativeTarget "aura_posix_iosTests" */;
			buildPhases = (
				A43648B9A7E19B341B866A64 /* Sources */,
				623773B92F1398FD2561B091 /* Frameworks */,
				79888DECCF87FE9EE0A50B34 /* Resources */,
			);
			buildRules = (
			);
			dependencies = (
				18070FE2D1751AECEB114A40 /* PBXTargetDependency */,
			);
			name = aura_posix_iosTests;
			productName = music_midi_core_audio_iosTests;
			productReference = 19586CBE9358EE1B18F4313C /* aura_posix_iosTests.xctest */;
			productType = "com.apple.product-type.bundle.unit-test";
		};
		0BBFD0780D444446F80BA21C /* aura_posix */ = {
			isa = PBXNativeTarget;
			buildConfigurationList = 9D2C1E45EED76F25A8CE72A6 /* Build configuration list for PBXNativeTarget "aura_posix" */;
			buildPhases = (
				9874C7BB04634BC1B041FF88 /* Headers */,
				FC9D1320399D264EDC1A0A26 /* Sources */,
				8C0DBD2C4BA6120D09D35EA2 /* Frameworks */,
				D8EB6452F197C81F839C0293 /* ShellScript */,
			);
			buildRules = (
			);
			dependencies = (
				A02F5C58EDCBE024FAAAA6C2 /* PBXTargetDependency */,
				4D17508E7427D4C863E09105 /* PBXTargetDependency */,
			);
			name = aura_posix;
			productName = os;
			productReference = D7E95DD7986DF59F61489478 /* libaura_posix.dylib */;
			productType = "com.apple.product-type.library.dynamic";
		};
/* End PBXNativeTarget section */

/* Begin PBXProject section */
		88A8CC5F28F6EF597BE11F75 /* Project object */ = {
			isa = PBXProject;
			attributes = {
				BuildIndependentTargetsInParallel = YES;
				LastUpgradeCheck = 1620;
				ORGANIZATIONNAME = "ca2 Desenvolvimento de Sofware Ltda.";
				TargetAttributes = {
					F1CD98F362A0154924107CF5 = {
						TestTargetID = 0BBFD0780D444446F80BA21C;
					};
				};
			};
			buildConfigurationList = 02CC9FE810651C016DE59B6A /* Build configuration list for PBXProject "aura_posix" */;
			compatibilityVersion = "Xcode 12.0";
			developmentRegion = en;
			hasScannedForEncodings = 0;
			knownRegions = (
				en,
				Base,
			);
			mainGroup = 5AC12854D543853662B418E1;
			productRefGroup = 1AF98FA481DF46635D38D107 /* Products */;
			projectDirPath = "";
			projectReferences = (
				{
					ProductGroup = B7B2B31D1798739EFB6B40D3 /* Products */;
					ProjectRef = DD6612ADB689DC29D040FC68 /* apex_posix.xcodeproj */;
				},
				{
					ProductGroup = 537FEC1C28FB65C57729C0CF /* Products */;
					ProjectRef = 3CF992588359BF03708D7968 /* aura.xcodeproj */;
				},
			);
			projectRoot = "";
			targets = (
				0BBFD0780D444446F80BA21C /* aura_posix */,
				DAF70A583D0BC8B5D3D1D8D5 /* ios_aura_posix */,
				F1CD98F362A0154924107CF5 /* aura_posix_iosTests */,
			);
		};
/* End PBXProject section */

/* Begin PBXReferenceProxy section */
		C0D68CF95B6BCF7FA23812BF /* libapex_posix.dylib */ = {
			isa = PBXReferenceProxy;
			fileType = "compiled.mach-o.dylib";
			path = libapex_posix.dylib;
			remoteRef = 49642EF8F3B10BF53DC1557E /* PBXContainerItemProxy */;
			sourceTree = BUILT_PRODUCTS_DIR;
		};
		DF15E0A1D870ED64138401F1 /* libios_apex_posix.a */ = {
			isa = PBXReferenceProxy;
			fileType = "compiled.mach-o.dylib";
			path = libios_apex_posix.a;
			remoteRef = 5EDB9B9993C718480D91569A /* PBXContainerItemProxy */;
			sourceTree = BUILT_PRODUCTS_DIR;
		};
		F4B6BCDEE0C1FA303DBD885C /* libstatic_apex_posix.a */ = {
			isa = PBXReferenceProxy;
			fileType = "compiled.mach-o.dylib";
			path = libstatic_apex_posix.a;
			remoteRef = 778E3E0E492D4A361AC1CFE5 /* PBXContainerItemProxy */;
			sourceTree = BUILT_PRODUCTS_DIR;
		};
		3035EF86A4FABBD5800726EA /* libaura.dylib */ = {
			isa = PBXReferenceProxy;
			fileType = "compiled.mach-o.dylib";
			path = libaura.dylib;
			remoteRef = D097DD4A13E530BCE859681C /* PBXContainerItemProxy */;
			sourceTree = BUILT_PRODUCTS_DIR;
		};
		426EDDF12D73BE672F50EE94 /* aura_iosTests.xctest */ = {
			isa = PBXReferenceProxy;
			fileType = wrapper.cfbundle;
			path = aura_iosTests.xctest;
			remoteRef = 52DC4496D68EB3403C1407F5 /* PBXContainerItemProxy */;
			sourceTree = BUILT_PRODUCTS_DIR;
		};
		6C3D88E1BC6CB577B2AE4580 /* libios_aura.a */ = {
			isa = PBXReferenceProxy;
			fileType = archive.ar;
			path = libios_aura.a;
			remoteRef = 187998A990236718EC042992 /* PBXContainerItemProxy */;
			sourceTree = BUILT_PRODUCTS_DIR;
		};
/* End PBXReferenceProxy section */

/* Begin PBXResourcesBuildPhase section */
		79888DECCF87FE9EE0A50B34 /* Resources */ = {
			isa = PBXResourcesBuildPhase;
			buildActionMask = 2147483647;
			files = (
			);
			runOnlyForDeploymentPostprocessing = 0;
		};
/* End PBXResourcesBuildPhase section */

/* Begin PBXShellScriptBuildPhase section */
		D8EB6452F197C81F839C0293 /* ShellScript */ = {
			isa = PBXShellScriptBuildPhase;
			buildActionMask = 2147483647;
			files = (
			);
			inputFileListPaths = (
			);
			inputPaths = (
				"$(BUILT_PRODUCTS_DIR)/$(EXECUTABLE_NAME)",
				"$(WorkspaceDir)/output_copy.txt",
			);
			outputFileListPaths = (
			);
			outputPaths = (
				"$(WorkspaceDir)/time-$(PLATFORM_MODIFIER)/output-$(CONFIIGURATION)/$(EXECUTABLE_NAME)",
			);
			runOnlyForDeploymentPostprocessing = 0;
			shellPath = /bin/sh;
			shellScript = ". $HOME/code/operating_system/tool/bin/_on_after_build_dylib\n";
		};
/* End PBXShellScriptBuildPhase section */

/* Begin PBXSourcesBuildPhase section */
		0AA800CAF2EAF927254BE0B8 /* Sources */ = {
			isa = PBXSourcesBuildPhase;
			buildActionMask = 2147483647;
			files = (
				656175EAE5122EB37AE6FA74 /* _factory.cpp in Sources */,
				60C8F7C81442B6B0FC3E4480 /* node.cpp in Sources */,
				7732D869BECC21AD241A49C7 /* _.cpp in Sources */,
				7040719555C1258CDF29CD8F /* framework.cpp in Sources */,
				1F82CF5F06D1C3E6916449C8 /* shell.cpp in Sources */,
				C2E74449F8C75671C569329A /* appindicator.cpp in Sources */,
			);
			runOnlyForDeploymentPostprocessing = 0;
		};
		A43648B9A7E19B341B866A64 /* Sources */ = {
			isa = PBXSourcesBuildPhase;
			buildActionMask = 2147483647;
			files = (
			);
			runOnlyForDeploymentPostprocessing = 0;
		};
		FC9D1320399D264EDC1A0A26 /* Sources */ = {
			isa = PBXSourcesBuildPhase;
			buildActionMask = 2147483647;
			files = (
				5B72E405A5B1CC795A5212CA /* _factory.cpp in Sources */,
				1B31AFDA46B088DC31419304 /* shell.cpp in Sources */,
				BCE49FBD0C7EA3AC2B8CCFA7 /* node.cpp in Sources */,
				7E0C81E87783564447497847 /* appindicator.cpp in Sources */,
				19DFF6FEE60136B577C760A2 /* _.cpp in Sources */,
				EC0CCB265E3F2BB28EC5F35C /* framework.cpp in Sources */,
			);
			runOnlyForDeploymentPostprocessing = 0;
		};
/* End PBXSourcesBuildPhase section */

/* Begin PBXTargetDependency section */
		18070FE2D1751AECEB114A40 /* PBXTargetDependency */ = {
			isa = PBXTargetDependency;
			target = DAF70A583D0BC8B5D3D1D8D5 /* ios_aura_posix */;
			targetProxy = F9C2C5EA9C90E939A4772298 /* PBXContainerItemProxy */;
		};
		4D17508E7427D4C863E09105 /* PBXTargetDependency */ = {
			isa = PBXTargetDependency;
			name = apex_posix;
			targetProxy = 4128081759D9E5C52278C7E3 /* PBXContainerItemProxy */;
		};
		A02F5C58EDCBE024FAAAA6C2 /* PBXTargetDependency */ = {
			isa = PBXTargetDependency;
			name = aura;
			targetProxy = D965DBA658017AB8B3235F31 /* PBXContainerItemProxy */;
		};
		13AC311E98E3CD411BB4E889 /* PBXTargetDependency */ = {
			isa = PBXTargetDependency;
			name = ios_apex_posix;
			targetProxy = B7C5F72281795168FDDA86BC /* PBXContainerItemProxy */;
		};
		BB1290DD3A4519A10BC33CD2 /* PBXTargetDependency */ = {
			isa = PBXTargetDependency;
			name = ios_aura;
			targetProxy = 10988DDB0F8F21C559C63C53 /* PBXContainerItemProxy */;
		};
/* End PBXTargetDependency section */

/* Begin XCBuildConfiguration section */
		4F5A928E8CC08EFBF1FC883F /* Debug */ = {
			isa = XCBuildConfiguration;
			buildSettings = {
				DEAD_CODE_STRIPPING = NO;
				EXECUTABLE_EXTENSION = "$(STATIC_LIBRARY_EXTENSION:default=a)";
				EXECUTABLE_PREFIX = lib;
				MACH_O_TYPE = staticlib;
				PLATFORM_MODIFIER = ios;
				SDKROOT = iphoneos;
			};
			name = Debug;
		};
		FB4DAFB7C467C4D4E2E2ADDA /* Release */ = {
			isa = XCBuildConfiguration;
			buildSettings = {
				DEAD_CODE_STRIPPING = NO;
				EXECUTABLE_EXTENSION = "$(STATIC_LIBRARY_EXTENSION:default=a)";
				EXECUTABLE_PREFIX = lib;
				MACH_O_TYPE = staticlib;
				PLATFORM_MODIFIER = ios;
				SDKROOT = iphoneos;
			};
			name = Release;
		};
		22B705FC42BB6E080BE2AAC3 /* Debug */ = {
			isa = XCBuildConfiguration;
			buildSettings = {
				BUNDLE_LOADER = "$(BUILT_PRODUCTS_DIR)/libmusic_midi_core_audio.dylib";
				CLANG_CXX_LANGUAGE_STANDARD = "gnu++0x";
				CLANG_WARN_DIRECT_OBJC_ISA_USAGE = YES_ERROR;
				CLANG_WARN_OBJC_ROOT_CLASS = YES_ERROR;
				FRAMEWORK_SEARCH_PATHS = (
					"$(inherited)",
					"$(DEVELOPER_FRAMEWORKS_DIR)",
					"$(WorkspaceDir)/../operating_system/storage-$(PLATFORM_MODIFIER)/$(CONFIGURATION)/framework",
				);
				GCC_C_LANGUAGE_STANDARD = gnu99;
				GCC_PRECOMPILE_PREFIX_HEADER = YES;
				GCC_PREFIX_HEADER = "music_midi_core_audio_ios/music_midi_core_audio_ios-Prefix.pch";
				GCC_PREPROCESSOR_DEFINITIONS = "$(inherited)";
				GCC_WARN_ABOUT_RETURN_TYPE = YES_ERROR;
				GCC_WARN_UNINITIALIZED_AUTOS = YES_AGGRESSIVE;
				INFOPLIST_FILE = "music_midi_core_audio_iosTests/music_midi_core_audio_iosTests-Info.plist";
				MACOSX_DEPLOYMENT_TARGET = "$(RECOMMENDED_MACOSX_DEPLOYMENT_TARGET)";
				PRODUCT_BUNDLE_IDENTIFIER = "ca2.${PRODUCT_NAME:rfc1034identifier}";
				PRODUCT_NAME = "$(TARGET_NAME)";
				SDKROOT = iphoneos;
				TEST_HOST = "$(BUNDLE_LOADER)";
				WRAPPER_EXTENSION = xctest;
			};
			name = Debug;
		};
		409EC12C28D72B096815D84F /* Release */ = {
			isa = XCBuildConfiguration;
			buildSettings = {
				BUNDLE_LOADER = "$(BUILT_PRODUCTS_DIR)/libmusic_midi_core_audio.dylib";
				CLANG_CXX_LANGUAGE_STANDARD = "gnu++0x";
				CLANG_WARN_DIRECT_OBJC_ISA_USAGE = YES_ERROR;
				CLANG_WARN_OBJC_ROOT_CLASS = YES_ERROR;
				ENABLE_NS_ASSERTIONS = NO;
				FRAMEWORK_SEARCH_PATHS = (
					"$(inherited)",
					"$(DEVELOPER_FRAMEWORKS_DIR)",
					"$(WorkspaceDir)/../operating_system/storage-$(PLATFORM_MODIFIER)/$(CONFIGURATION)/framework",
				);
				GCC_C_LANGUAGE_STANDARD = gnu99;
				GCC_PRECOMPILE_PREFIX_HEADER = YES;
				GCC_PREFIX_HEADER = "music_midi_core_audio_ios/music_midi_core_audio_ios-Prefix.pch";
				GCC_WARN_ABOUT_RETURN_TYPE = YES_ERROR;
				GCC_WARN_UNINITIALIZED_AUTOS = YES_AGGRESSIVE;
				INFOPLIST_FILE = "music_midi_core_audio_iosTests/music_midi_core_audio_iosTests-Info.plist";
				MACOSX_DEPLOYMENT_TARGET = "$(RECOMMENDED_MACOSX_DEPLOYMENT_TARGET)";
				PRODUCT_BUNDLE_IDENTIFIER = "ca2.${PRODUCT_NAME:rfc1034identifier}";
				PRODUCT_NAME = "$(TARGET_NAME)";
				SDKROOT = iphoneos;
				TEST_HOST = "$(BUNDLE_LOADER)";
				VALIDATE_PRODUCT = YES;
				WRAPPER_EXTENSION = xctest;
			};
			name = Release;
		};
		CBBD939FFBC007B6C22A2893 /* Debug */ = {
			isa = XCBuildConfiguration;
			baseConfigurationReference = 1B956DA684C4D0B50E743D86 /* _____debug.xcconfig */;
			buildSettings = {
				ALWAYS_SEARCH_USER_PATHS = NO;
				BUILD_LIBRARY_FOR_DISTRIBUTION = YES;
				CLANG_ANALYZER_DEADCODE_DEADSTORES = NO;
				CLANG_ANALYZER_GCD = YES;
				CLANG_ANALYZER_LOCALIZABILITY_NONLOCALIZED = YES;
				CLANG_ANALYZER_MEMORY_MANAGEMENT = YES;
				CLANG_ANALYZER_NONNULL = YES;
				CLANG_ANALYZER_NUMBER_OBJECT_CONVERSION = YES_AGGRESSIVE;
				CLANG_CXX_LANGUAGE_STANDARD = "c++20";
				CLANG_CXX_LIBRARY = "libc++";
				CLANG_ENABLE_CPP_STATIC_DESTRUCTORS = YES;
				CLANG_ENABLE_MODULES = NO;
				CLANG_ENABLE_OBJC_ARC = YES;
				CLANG_ENABLE_OBJC_WEAK = YES;
				CLANG_STATIC_ANALYZER_MODE = deep;
				CLANG_STATIC_ANALYZER_MODE_ON_ANALYZE_ACTION = deep;
				CLANG_WARN_BLOCK_CAPTURE_AUTORELEASING = YES;
				CLANG_WARN_BOOL_CONVERSION = NO;
				CLANG_WARN_COMMA = YES;
				CLANG_WARN_CONSTANT_CONVERSION = NO;
				CLANG_WARN_DEPRECATED_OBJC_IMPLEMENTATIONS = YES;
				CLANG_WARN_DIRECT_OBJC_ISA_USAGE = YES;
				CLANG_WARN_DOCUMENTATION_COMMENTS = YES;
				CLANG_WARN_EMPTY_BODY = NO;
				CLANG_WARN_ENUM_CONVERSION = NO;
				CLANG_WARN_INFINITE_RECURSION = YES;
				CLANG_WARN_INT_CONVERSION = NO;
				CLANG_WARN_NON_LITERAL_NULL_CONVERSION = YES;
				CLANG_WARN_OBJC_IMPLICIT_RETAIN_SELF = YES;
				CLANG_WARN_OBJC_LITERAL_CONVERSION = YES;
				CLANG_WARN_OBJC_ROOT_CLASS = YES_ERROR;
				CLANG_WARN_PRAGMA_PACK = NO;
				CLANG_WARN_QUOTED_INCLUDE_IN_FRAMEWORK_HEADER = YES;
				CLANG_WARN_RANGE_LOOP_ANALYSIS = YES;
				CLANG_WARN_STRICT_PROTOTYPES = YES;
				CLANG_WARN_SUSPICIOUS_MOVE = YES;
				CLANG_WARN_UNGUARDED_AVAILABILITY = YES_AGGRESSIVE;
				CLANG_WARN_UNREACHABLE_CODE = YES;
				CLANG_WARN__DUPLICATE_METHOD_MATCH = NO;
				FRAMEWORK_SEARCH_PATHS = (
					"$(inherited)",
					"$(DEVELOPER_FRAMEWORKS_DIR)",
					"$(WorkspaceDir)/../operating_system/storage-$(PLATFORM_MODIFIER)/$(CONFIGURATION)/framework",
				);
				COPY_PHASE_STRIP = NO;
				DEAD_CODE_STRIPPING = NO;
				DEBUG_INFORMATION_FORMAT = "dwarf-with-dsym";
				DEPLOYMENT_POSTPROCESSING = YES;
				ENABLE_STRICT_OBJC_MSGSEND = YES;
				ENABLE_TESTABILITY = YES;
				ENABLE_USER_SCRIPT_SANDBOXING = YES;
				EXCLUDED_ARCHS = "";
				EXECUTABLE_EXTENSION = dylib;
				EXECUTABLE_PREFIX = lib;
				GCC_C_LANGUAGE_STANDARD = c11;
				GCC_DYNAMIC_NO_PIC = NO;
				GCC_ENABLE_CPP_EXCEPTIONS = YES;
				GCC_ENABLE_CPP_RTTI = YES;
				GCC_ENABLE_OBJC_EXCEPTIONS = YES;
				GCC_GENERATE_DEBUGGING_SYMBOLS = YES;
				GCC_INCREASE_PRECOMPILED_HEADER_SHARING = NO;
				GCC_NO_COMMON_BLOCKS = YES;
				GCC_OPTIMIZATION_LEVEL = 0;
				GCC_PRECOMPILE_PREFIX_HEADER = YES;
				GCC_PREFIX_HEADER = framework.h;
				GCC_PREPROCESSOR_DEFINITIONS = "$(inherited)";
				GCC_REUSE_STRINGS = YES;
				GCC_SYMBOLS_PRIVATE_EXTERN = NO;
				GCC_VERSION = "";
				GCC_WARN_64_TO_32_BIT_CONVERSION = NO;
				"GCC_WARN_64_TO_32_BIT_CONVERSION[arch=*64]" = YES;
				GCC_WARN_ABOUT_DEPRECATED_FUNCTIONS = NO;
				GCC_WARN_ABOUT_POINTER_SIGNEDNESS = YES;
				GCC_WARN_ABOUT_RETURN_TYPE = NO;
				GCC_WARN_UNDECLARED_SELECTOR = NO;
				GCC_WARN_UNINITIALIZED_AUTOS = NO;
				GCC_WARN_UNUSED_FUNCTION = NO;
				GCC_WARN_UNUSED_VARIABLE = NO;
				HEADER_SEARCH_PATHS = "";
				LD_RUNPATH_SEARCH_PATHS = "@executable_path @loader_path";
				LIBRARY_SEARCH_PATHS = (
					"$(inherited)",
					"$(WorkspaceDir)/../operating_system/storage-$(PLATFORM_MODIFIER)/$(CONFIGURATION)/library",
				);
				ONLY_ACTIVE_ARCH = YES;
				OTHER_LDFLAGS = "-all_load";
				PRODUCT_NAME = "$(TARGET_NAME)";
				RUN_CLANG_STATIC_ANALYZER = NO;
				SDKROOT = macosx;
				SKIP_INSTALL = YES;
				STRINGS_FILE_OUTPUT_ENCODING = "UTF-8";
				SYSTEM_HEADER_SEARCH_PATHS = (
					"$(WorkspaceDir)/operating_system/operating_system-$(PLATFORM_MODIFIER)/include",
					"$(WorkspaceDir)/operating_system/operating_system-$(PLATFORM_MODIFIER)/configuration",
					"$(WorkspaceDir)/port/include",
					"$(WorkspaceDir)/source/app/include",
				);
				USER_HEADER_SEARCH_PATHS = (
					.,
					"$(WorkspaceDir)/source",
					"$(WorkspaceDir)/source/app",
					"$(WorkspaceDir)/source/app/_include",
					"$(WorkspaceDir)/operating_system",
					"$(WorkspaceDir)/operating_system/operating_system-$(PLATFORM_MODIFIER)",
					"$(WorkspaceDir)/operating_system/operating_system-$(PLATFORM_MODIFIER)/configuration_selection/$(CONFIGURATION)",
					"$(WorkspaceDir)/operating_system/operating_system-apple",
					"$(WorkspaceDir)/operating_system/operating_system-darwin",
					"$(WorkspaceDir)/operating_system/operating_system-posix",
					"$(WorkspaceDir)/port/_",
					"$(PROJECT_DIR)",
					"$(PROJECT_DIR)/..",
					"$(PROJECT_DIR)/../..",
					"$(HOME)/sensitive/sensitive/include",
				);
				USE_HEADERMAP = NO;
				WorkspaceDir = "$(SRCROOT)/../../..";
			};
			name = Debug;
		};
		86FDF141C98CF4C8BB45691B /* Release */ = {
			isa = XCBuildConfiguration;
			baseConfigurationReference = 2738B077469E9DFD2FC2B4AC /* _____release.xcconfig */;
			buildSettings = {
				ALWAYS_SEARCH_USER_PATHS = NO;
				BUILD_LIBRARY_FOR_DISTRIBUTION = YES;
				CLANG_ANALYZER_DEADCODE_DEADSTORES = NO;
				CLANG_ANALYZER_GCD = YES;
				CLANG_ANALYZER_LOCALIZABILITY_NONLOCALIZED = YES;
				CLANG_ANALYZER_MEMORY_MANAGEMENT = YES;
				CLANG_ANALYZER_NONNULL = YES;
				CLANG_ANALYZER_NUMBER_OBJECT_CONVERSION = YES_AGGRESSIVE;
				CLANG_CXX_LANGUAGE_STANDARD = "c++20";
				CLANG_CXX_LIBRARY = "libc++";
				CLANG_ENABLE_CPP_STATIC_DESTRUCTORS = YES;
				CLANG_ENABLE_MODULES = NO;
				CLANG_ENABLE_OBJC_ARC = YES;
				CLANG_ENABLE_OBJC_WEAK = YES;
				CLANG_STATIC_ANALYZER_MODE = deep;
				CLANG_STATIC_ANALYZER_MODE_ON_ANALYZE_ACTION = deep;
				CLANG_WARN_BLOCK_CAPTURE_AUTORELEASING = YES;
				CLANG_WARN_BOOL_CONVERSION = NO;
				CLANG_WARN_COMMA = YES;
				CLANG_WARN_CONSTANT_CONVERSION = NO;
				CLANG_WARN_DEPRECATED_OBJC_IMPLEMENTATIONS = YES;
				CLANG_WARN_DIRECT_OBJC_ISA_USAGE = YES;
				CLANG_WARN_DOCUMENTATION_COMMENTS = YES;
				CLANG_WARN_EMPTY_BODY = NO;
				CLANG_WARN_ENUM_CONVERSION = NO;
				CLANG_WARN_INFINITE_RECURSION = YES;
				CLANG_WARN_INT_CONVERSION = NO;
				CLANG_WARN_NON_LITERAL_NULL_CONVERSION = YES;
				CLANG_WARN_OBJC_IMPLICIT_RETAIN_SELF = YES;
				CLANG_WARN_OBJC_LITERAL_CONVERSION = YES;
				CLANG_WARN_OBJC_ROOT_CLASS = YES_ERROR;
				CLANG_WARN_PRAGMA_PACK = NO;
				CLANG_WARN_QUOTED_INCLUDE_IN_FRAMEWORK_HEADER = YES;
				CLANG_WARN_RANGE_LOOP_ANALYSIS = YES;
				CLANG_WARN_STRICT_PROTOTYPES = YES;
				CLANG_WARN_SUSPICIOUS_MOVE = YES;
				CLANG_WARN_UNGUARDED_AVAILABILITY = YES_AGGRESSIVE;
				CLANG_WARN_UNREACHABLE_CODE = YES;
				CLANG_WARN__DUPLICATE_METHOD_MATCH = NO;
				FRAMEWORK_SEARCH_PATHS = (
					"$(inherited)",
					"$(DEVELOPER_FRAMEWORKS_DIR)",
					"$(WorkspaceDir)/../operating_system/storage-$(PLATFORM_MODIFIER)/$(CONFIGURATION)/framework",
				);
				COPY_PHASE_STRIP = NO;
				DEAD_CODE_STRIPPING = NO;
				DEBUG_INFORMATION_FORMAT = "dwarf-with-dsym";
				DEPLOYMENT_POSTPROCESSING = YES;
				ENABLE_HARDENED_RUNTIME = YES;
				ENABLE_NS_ASSERTIONS = NO;
				ENABLE_STRICT_OBJC_MSGSEND = YES;
				ENABLE_USER_SCRIPT_SANDBOXING = YES;
				EXCLUDED_ARCHS = "";
				EXECUTABLE_EXTENSION = dylib;
				EXECUTABLE_PREFIX = lib;
				GCC_C_LANGUAGE_STANDARD = c11;
				GCC_ENABLE_CPP_EXCEPTIONS = YES;
				GCC_ENABLE_CPP_RTTI = YES;
				GCC_ENABLE_OBJC_EXCEPTIONS = YES;
				GCC_GENERATE_DEBUGGING_SYMBOLS = YES;
				GCC_INCREASE_PRECOMPILED_HEADER_SHARING = NO;
				GCC_NO_COMMON_BLOCKS = YES;
				GCC_OPTIMIZATION_LEVEL = 0;
				GCC_PRECOMPILE_PREFIX_HEADER = YES;
				GCC_PREFIX_HEADER = framework.h;
				GCC_PREPROCESSOR_DEFINITIONS = "";
				GCC_REUSE_STRINGS = YES;
				GCC_VERSION = "";
				GCC_WARN_64_TO_32_BIT_CONVERSION = NO;
				"GCC_WARN_64_TO_32_BIT_CONVERSION[arch=*64]" = YES;
				GCC_WARN_ABOUT_DEPRECATED_FUNCTIONS = NO;
				GCC_WARN_ABOUT_POINTER_SIGNEDNESS = YES;
				GCC_WARN_ABOUT_RETURN_TYPE = NO;
				GCC_WARN_UNDECLARED_SELECTOR = NO;
				GCC_WARN_UNINITIALIZED_AUTOS = NO;
				GCC_WARN_UNUSED_FUNCTION = NO;
				GCC_WARN_UNUSED_VARIABLE = NO;
				HEADER_SEARCH_PATHS = "";
				LD_RUNPATH_SEARCH_PATHS = "@executable_path @loader_path";
				LIBRARY_SEARCH_PATHS = (
					"$(inherited)",
					"$(WorkspaceDir)/../operating_system/storage-$(PLATFORM_MODIFIER)/$(CONFIGURATION)/library",
				);
				OTHER_LDFLAGS = "-all_load";
				PRODUCT_NAME = "$(TARGET_NAME)";
				RUN_CLANG_STATIC_ANALYZER = NO;
				SDKROOT = macosx;
				SKIP_INSTALL = YES;
				STRINGS_FILE_OUTPUT_ENCODING = "UTF-8";
				SYSTEM_HEADER_SEARCH_PATHS = (
					"$(WorkspaceDir)/operating_system/operating_system-$(PLATFORM_MODIFIER)/include",
					"$(WorkspaceDir)/operating_system/operating_system-$(PLATFORM_MODIFIER)/configuration",
					"$(WorkspaceDir)/port/include",
					"$(WorkspaceDir)/source/app/include",
				);
				USER_HEADER_SEARCH_PATHS = (
					.,
					"$(WorkspaceDir)/source",
					"$(WorkspaceDir)/source/app",
					"$(WorkspaceDir)/source/app/_include",
					"$(WorkspaceDir)/operating_system",
					"$(WorkspaceDir)/operating_system/operating_system-$(PLATFORM_MODIFIER)",
					"$(WorkspaceDir)/operating_system/operating_system-$(PLATFORM_MODIFIER)/configuration_selection/$(CONFIGURATION)",
					"$(WorkspaceDir)/operating_system/operating_system-apple",
					"$(WorkspaceDir)/operating_system/operating_system-darwin",
					"$(WorkspaceDir)/operating_system/operating_system-posix",
					"$(WorkspaceDir)/port/_",
					"$(PROJECT_DIR)",
					"$(PROJECT_DIR)/..",
					"$(PROJECT_DIR)/../..",
					"$(HOME)/sensitive/sensitive/include",
				);
				USE_HEADERMAP = NO;
				VALIDATE_PRODUCT = YES;
				WorkspaceDir = "$(SRCROOT)/../../..";
			};
			name = Release;
		};
		1CD5ADB7A41E042BAB296FC4 /* Debug */ = {
			isa = XCBuildConfiguration;
			buildSettings = {
				ENABLE_HARDENED_RUNTIME = YES;
				EXECUTABLE_EXTENSION = dylib;
				EXECUTABLE_PREFIX = lib;
				MACH_O_TYPE = mh_dylib;
				PLATFORM_MODIFIER = macos;
				SDKROOT = macosx;
			};
			name = Debug;
		};
		9869E22948B3A6F9A65BABB3 /* Release */ = {
			isa = XCBuildConfiguration;
			buildSettings = {
				ENABLE_HARDENED_RUNTIME = YES;
				EXECUTABLE_EXTENSION = dylib;
				EXECUTABLE_PREFIX = lib;
				MACH_O_TYPE = mh_dylib;
				PLATFORM_MODIFIER = macos;
				SDKROOT = macosx;
			};
			name = Release;
		};
/* End XCBuildConfiguration section */

/* Begin XCConfigurationList section */
		BA0254D566944CD7FA9FE868 /* Build configuration list for PBXNativeTarget "ios_aura_posix" */ = {
			isa = XCConfigurationList;
			buildConfigurations = (
				4F5A928E8CC08EFBF1FC883F /* Debug */,
				FB4DAFB7C467C4D4E2E2ADDA /* Release */,
			);
			defaultConfigurationIsVisible = 0;
			defaultConfigurationName = Release;
		};
		689979F54D19E1A9688EC43D /* Build configuration list for PBXNativeTarget "aura_posix_iosTests" */ = {
			isa = XCConfigurationList;
			buildConfigurations = (
				22B705FC42BB6E080BE2AAC3 /* Debug */,
				409EC12C28D72B096815D84F /* Release */,
			);
			defaultConfigurationIsVisible = 0;
			defaultConfigurationName = Release;
		};
		02CC9FE810651C016DE59B6A /* Build configuration list for PBXProject "aura_posix" */ = {
			isa = XCConfigurationList;
			buildConfigurations = (
				CBBD939FFBC007B6C22A2893 /* Debug */,
				86FDF141C98CF4C8BB45691B /* Release */,
			);
			defaultConfigurationIsVisible = 0;
			defaultConfigurationName = Release;
		};
		9D2C1E45EED76F25A8CE72A6 /* Build configuration list for PBXNativeTarget "aura_posix" */ = {
			isa = XCConfigurationList;
			buildConfigurations = (
				1CD5ADB7A41E042BAB296FC4 /* Debug */,
				9869E22948B3A6F9A65BABB3 /* Release */,
			);
			defaultConfigurationIsVisible = 0;
			defaultConfigurationName = Release;
		};
/* End XCConfigurationList section */
	};
	rootObject = 88A8CC5F28F6EF597BE11F75 /* Project object */;
}
